
Microsoft Visual Studio Solution File, Format Version 12.00
# Visual Studio 15
VisualStudioVersion = 15.0.26730.16
MinimumVisualStudioVersion = 10.0.40219.1
Project("{FAE04EC0-301F-11D3-BF4B-00C04F79EFBC}") = "GXM3.XM.Model", "GXM\GXM3.XM\GXM3.XM.Model\GXM3.XM.Model.csproj", "{229F2520-C7CA-4086-9DA9-CCCC9ABE0F75}"
EndProject
Project("{FAE04EC0-301F-11D3-BF4B-00C04F79EFBC}") = "GXM3.XM.Dac", "GXM\GXM3.XM\GXM3.XM.Dac\GXM3.XM.Dac.csproj", "{DEDF485F-FE76-462E-BE2A-1B2120990C96}"
EndProject
Project("{FAE04EC0-301F-11D3-BF4B-00C04F79EFBC}") = "GXM3.XM.Dac.Interface", "GXM\GXM3.XM\GXM3.XM.Dac.Interface\GXM3.XM.Dac.Interface.csproj", "{1E03F670-C31F-4032-938B-3E1BB2591B29}"
	ProjectSection(ProjectDependencies) = postProject
		{229F2520-C7CA-4086-9DA9-CCCC9ABE0F75} = {229F2520-C7CA-4086-9DA9-CCCC9ABE0F75}
	EndProjectSection
EndProject
Project("{FAE04EC0-301F-11D3-BF4B-00C04F79EFBC}") = "GXM3.XM.Rule", "GXM\GXM3.XM\GXM3.XM.Rule\GXM3.XM.Rule.csproj", "{42B0B7A5-BEE3-42EA-9D8F-A810B765974B}"
	ProjectSection(ProjectDependencies) = postProject
		{229F2520-C7CA-4086-9DA9-CCCC9ABE0F75} = {229F2520-C7CA-4086-9DA9-CCCC9ABE0F75}
		{3F587540-52C2-4D8B-BCB5-1EE2F639B37A} = {3F587540-52C2-4D8B-BCB5-1EE2F639B37A}
	EndProjectSection
EndProject
Project("{FAE04EC0-301F-11D3-BF4B-00C04F79EFBC}") = "GXM3.XM.Rule.Interface", "GXM\GXM3.XM\GXM3.XM.Rule.Interface\GXM3.XM.Rule.Interface.csproj", "{3F587540-52C2-4D8B-BCB5-1EE2F639B37A}"
	ProjectSection(ProjectDependencies) = postProject
		{1E03F670-C31F-4032-938B-3E1BB2591B29} = {1E03F670-C31F-4032-938B-3E1BB2591B29}
	EndProjectSection
EndProject
Project("{FAE04EC0-301F-11D3-BF4B-00C04F79EFBC}") = "GXM3.XM.Facade", "GXM\GXM3.XM\GXM3.XM.Facade\GXM3.XM.Facade.csproj", "{100EB00F-5982-43B0-A605-3375972CD541}"
	ProjectSection(ProjectDependencies) = postProject
		{76659E18-E8C8-4CAD-9829-57923FF05BF5} = {76659E18-E8C8-4CAD-9829-57923FF05BF5}
	EndProjectSection
EndProject
Project("{FAE04EC0-301F-11D3-BF4B-00C04F79EFBC}") = "GXM3.XM.Facade.Interface", "GXM\GXM3.XM\GXM3.XM.Facade.Interface\GXM3.XM.Facade.Interface.csproj", "{76659E18-E8C8-4CAD-9829-57923FF05BF5}"
	ProjectSection(ProjectDependencies) = postProject
		{3F587540-52C2-4D8B-BCB5-1EE2F639B37A} = {3F587540-52C2-4D8B-BCB5-1EE2F639B37A}
	EndProjectSection
EndProject
Project("{FAE04EC0-301F-11D3-BF4B-00C04F79EFBC}") = "GXM3.XM.Service", "GXM\GXM3.XM\GXM3.XM.Service\GXM3.XM.Service.csproj", "{A197A976-D7D8-4B9E-9A20-1FCAB5EF900B}"
	ProjectSection(ProjectDependencies) = postProject
		{1A34EDEF-EEC3-469F-A603-09EB6FF72363} = {1A34EDEF-EEC3-469F-A603-09EB6FF72363}
	EndProjectSection
EndProject
Project("{FAE04EC0-301F-11D3-BF4B-00C04F79EFBC}") = "GXM3.XM.Service.Interface", "GXM\GXM3.XM\GXM3.XM.Service.Interface\GXM3.XM.Service.Interface.csproj", "{1A34EDEF-EEC3-469F-A603-09EB6FF72363}"
	ProjectSection(ProjectDependencies) = postProject
		{5072505E-C383-492A-8108-F0EDF4882DB7} = {5072505E-C383-492A-8108-F0EDF4882DB7}
		{85D02B64-28CA-4D48-B1CD-028F3C90D311} = {85D02B64-28CA-4D48-B1CD-028F3C90D311}
	EndProjectSection
EndProject
Project("{FAE04EC0-301F-11D3-BF4B-00C04F79EFBC}") = "GXM3.XM.Controller", "GXM\GXM3.XM\GXM3.XM.Controller\GXM3.XM.Controller.csproj", "{0813F25B-3AFB-47AF-8EF9-566ADC1E9AB8}"
	ProjectSection(ProjectDependencies) = postProject
		{76659E18-E8C8-4CAD-9829-57923FF05BF5} = {76659E18-E8C8-4CAD-9829-57923FF05BF5}
		{229F2520-C7CA-4086-9DA9-CCCC9ABE0F75} = {229F2520-C7CA-4086-9DA9-CCCC9ABE0F75}
	EndProjectSection
EndProject
Project("{FAE04EC0-301F-11D3-BF4B-00C04F79EFBC}") = "Enterprise3.WebApi.GXM3.XM.Controller", "GXM\GXM3.XM\Enterprise3.WebApi.GXM3.XM.Controller\Enterprise3.WebApi.GXM3.XM.Controller.csproj", "{DB48DEDD-1A6A-4117-B061-AB468744AAFB}"
EndProject
Project("{FAE04EC0-301F-11D3-BF4B-00C04F79EFBC}") = "Enterprise3.WebApi.GXM3.XM.Model", "GXM\GXM3.XM\Enterprise3.WebApi.GXM3.XM.Model\Enterprise3.WebApi.GXM3.XM.Model.csproj", "{422DA3AE-3E7C-427C-ADBE-518A9C9023ED}"
EndProject
Project("{FAE04EC0-301F-11D3-BF4B-00C04F79EFBC}") = "GXM3.XM.UnitTest", "GXM\GXM3.XM\GXM3.XM.UnitTest\GXM3.XM.UnitTest.csproj", "{DE5A67EF-993A-4809-BF8F-D0F30F195F29}"
EndProject
Project("{2150E333-8FDC-42A3-9474-1A3956D46DE8}") = "GXM", "GXM", "{33B69919-C850-4501-8803-B1BBCA9EEC1C}"
EndProject
Project("{2150E333-8FDC-42A3-9474-1A3956D46DE8}") = "XM", "XM", "{D4BE9A7C-AEFB-40C6-A644-DDCF50E8CA5A}"
EndProject
Project("{2150E333-8FDC-42A3-9474-1A3956D46DE8}") = "GYS", "GYS", "{A73F2C13-FB21-4554-A203-C5E6884BD782}"
EndProject
Project("{2150E333-8FDC-42A3-9474-1A3956D46DE8}") = "YS", "YS", "{BF66313A-5AFF-4C6F-B4F0-50DD76C9483A}"
EndProject
Project("{2150E333-8FDC-42A3-9474-1A3956D46DE8}") = "GQT", "GQT", "{3426E6D7-DFCD-459D-AEF0-3E64199D06CE}"
EndProject
Project("{2150E333-8FDC-42A3-9474-1A3956D46DE8}") = "QT", "QT", "{78E6841F-72F8-4747-B410-BF22A9540E48}"
EndProject
Project("{FAE04EC0-301F-11D3-BF4B-00C04F79EFBC}") = "GYS3.YS.Model", "GYS\GYS3.YS\GYS3.YS.Model\GYS3.YS.Model.csproj", "{DD639BB1-92FC-4DA9-A0A0-C5F1AC91B7F5}"
EndProject
Project("{FAE04EC0-301F-11D3-BF4B-00C04F79EFBC}") = "GYS3.YS.Dac", "GYS\GYS3.YS\GYS3.YS.Dac\GYS3.YS.Dac.csproj", "{DEA0F5AC-3587-42B5-86A5-DE8E6BC065F8}"
	ProjectSection(ProjectDependencies) = postProject
		{DD639BB1-92FC-4DA9-A0A0-C5F1AC91B7F5} = {DD639BB1-92FC-4DA9-A0A0-C5F1AC91B7F5}
	EndProjectSection
EndProject
Project("{FAE04EC0-301F-11D3-BF4B-00C04F79EFBC}") = "GYS3.YS.Dac.Interface", "GYS\GYS3.YS\GYS3.YS.Dac.Interface\GYS3.YS.Dac.Interface.csproj", "{2E01BED0-B55E-4864-9E17-A47B4154D06C}"
	ProjectSection(ProjectDependencies) = postProject
		{DD639BB1-92FC-4DA9-A0A0-C5F1AC91B7F5} = {DD639BB1-92FC-4DA9-A0A0-C5F1AC91B7F5}
	EndProjectSection
EndProject
Project("{FAE04EC0-301F-11D3-BF4B-00C04F79EFBC}") = "GYS3.YS.Rule", "GYS\GYS3.YS\GYS3.YS.Rule\GYS3.YS.Rule.csproj", "{76A8935C-53DC-4D40-A3E8-2E61989024AD}"
	ProjectSection(ProjectDependencies) = postProject
		{20C3C546-6A8C-4BFE-83C2-241C99A926E2} = {20C3C546-6A8C-4BFE-83C2-241C99A926E2}
		{DD639BB1-92FC-4DA9-A0A0-C5F1AC91B7F5} = {DD639BB1-92FC-4DA9-A0A0-C5F1AC91B7F5}
	EndProjectSection
EndProject
Project("{FAE04EC0-301F-11D3-BF4B-00C04F79EFBC}") = "GYS3.YS.Rule.Interface", "GYS\GYS3.YS\GYS3.YS.Rule.Interface\GYS3.YS.Rule.Interface.csproj", "{20C3C546-6A8C-4BFE-83C2-241C99A926E2}"
	ProjectSection(ProjectDependencies) = postProject
		{DD639BB1-92FC-4DA9-A0A0-C5F1AC91B7F5} = {DD639BB1-92FC-4DA9-A0A0-C5F1AC91B7F5}
		{2E01BED0-B55E-4864-9E17-A47B4154D06C} = {2E01BED0-B55E-4864-9E17-A47B4154D06C}
	EndProjectSection
EndProject
Project("{FAE04EC0-301F-11D3-BF4B-00C04F79EFBC}") = "GYS3.YS.Facade", "GYS\GYS3.YS\GYS3.YS.Facade\GYS3.YS.Facade.csproj", "{85D02B64-28CA-4D48-B1CD-028F3C90D311}"
EndProject
Project("{FAE04EC0-301F-11D3-BF4B-00C04F79EFBC}") = "GYS3.YS.Facade.Interface", "GYS\GYS3.YS\GYS3.YS.Facade.Interface\GYS3.YS.Facade.Interface.csproj", "{5072505E-C383-492A-8108-F0EDF4882DB7}"
	ProjectSection(ProjectDependencies) = postProject
		{20C3C546-6A8C-4BFE-83C2-241C99A926E2} = {20C3C546-6A8C-4BFE-83C2-241C99A926E2}
		{76A8935C-53DC-4D40-A3E8-2E61989024AD} = {76A8935C-53DC-4D40-A3E8-2E61989024AD}
		{DD639BB1-92FC-4DA9-A0A0-C5F1AC91B7F5} = {DD639BB1-92FC-4DA9-A0A0-C5F1AC91B7F5}
	EndProjectSection
EndProject
Project("{FAE04EC0-301F-11D3-BF4B-00C04F79EFBC}") = "GYS3.YS.Service", "GYS\GYS3.YS\GYS3.YS.Service\GYS3.YS.Service.csproj", "{A6D144EC-ADE1-4922-BC9C-D1B43D45DF12}"
EndProject
Project("{FAE04EC0-301F-11D3-BF4B-00C04F79EFBC}") = "GYS3.YS.Service.Interface", "GYS\GYS3.YS\GYS3.YS.Service.Interface\GYS3.YS.Service.Interface.csproj", "{3A283FB2-32B7-4114-B5D9-9DB4B265583E}"
	ProjectSection(ProjectDependencies) = postProject
		{5072505E-C383-492A-8108-F0EDF4882DB7} = {5072505E-C383-492A-8108-F0EDF4882DB7}
		{85D02B64-28CA-4D48-B1CD-028F3C90D311} = {85D02B64-28CA-4D48-B1CD-028F3C90D311}
		{DD639BB1-92FC-4DA9-A0A0-C5F1AC91B7F5} = {DD639BB1-92FC-4DA9-A0A0-C5F1AC91B7F5}
	EndProjectSection
EndProject
Project("{FAE04EC0-301F-11D3-BF4B-00C04F79EFBC}") = "GYS3.YS.Controller", "GYS\GYS3.YS\GYS3.YS.Controller\GYS3.YS.Controller.csproj", "{5E7376EC-3376-41DF-A570-14292633F8DF}"
	ProjectSection(ProjectDependencies) = postProject
		{20C3C546-6A8C-4BFE-83C2-241C99A926E2} = {20C3C546-6A8C-4BFE-83C2-241C99A926E2}
		{5072505E-C383-492A-8108-F0EDF4882DB7} = {5072505E-C383-492A-8108-F0EDF4882DB7}
		{DD639BB1-92FC-4DA9-A0A0-C5F1AC91B7F5} = {DD639BB1-92FC-4DA9-A0A0-C5F1AC91B7F5}
		{3A283FB2-32B7-4114-B5D9-9DB4B265583E} = {3A283FB2-32B7-4114-B5D9-9DB4B265583E}
		{2E01BED0-B55E-4864-9E17-A47B4154D06C} = {2E01BED0-B55E-4864-9E17-A47B4154D06C}
	EndProjectSection
EndProject
Project("{FAE04EC0-301F-11D3-BF4B-00C04F79EFBC}") = "Enterprise3.WebApi.GYS3.YS.Controller", "GYS\GYS3.YS\Enterprise3.WebApi.GYS3.YS.Controller\Enterprise3.WebApi.GYS3.YS.Controller.csproj", "{A63EDE1E-F9BD-40A9-920A-436931FB6319}"
EndProject
Project("{FAE04EC0-301F-11D3-BF4B-00C04F79EFBC}") = "Enterprise3.WebApi.GYS3.YS.Model", "GYS\GYS3.YS\Enterprise3.WebApi.GYS3.YS.Model\Enterprise3.WebApi.GYS3.YS.Model.csproj", "{05EF7A66-99AC-498B-84E3-23223A8E2406}"
	ProjectSection(ProjectDependencies) = postProject
		{DD639BB1-92FC-4DA9-A0A0-C5F1AC91B7F5} = {DD639BB1-92FC-4DA9-A0A0-C5F1AC91B7F5}
	EndProjectSection
EndProject
Project("{FAE04EC0-301F-11D3-BF4B-00C04F79EFBC}") = "GYS3.YS.UnitTest", "GYS\GYS3.YS\GYS3.YS.UnitTest\GYS3.YS.UnitTest.csproj", "{90557AD7-5FB8-4793-B049-05B479E64177}"
	ProjectSection(ProjectDependencies) = postProject
		{20C3C546-6A8C-4BFE-83C2-241C99A926E2} = {20C3C546-6A8C-4BFE-83C2-241C99A926E2}
		{5072505E-C383-492A-8108-F0EDF4882DB7} = {5072505E-C383-492A-8108-F0EDF4882DB7}
		{DD639BB1-92FC-4DA9-A0A0-C5F1AC91B7F5} = {DD639BB1-92FC-4DA9-A0A0-C5F1AC91B7F5}
		{3A283FB2-32B7-4114-B5D9-9DB4B265583E} = {3A283FB2-32B7-4114-B5D9-9DB4B265583E}
		{2E01BED0-B55E-4864-9E17-A47B4154D06C} = {2E01BED0-B55E-4864-9E17-A47B4154D06C}
	EndProjectSection
EndProject
Project("{FAE04EC0-301F-11D3-BF4B-00C04F79EFBC}") = "Enterprise3.WebApi.GQT3.QT.Controller", "GQT\Enterprise3.WebApi.GQT3.QT.Controller\Enterprise3.WebApi.GQT3.QT.Controller.csproj", "{54056ADB-BD2F-47C5-AC28-E463E9AEECD3}"
EndProject
Project("{FAE04EC0-301F-11D3-BF4B-00C04F79EFBC}") = "Enterprise3.WebApi.GQT3.QT.Model", "GQT\Enterprise3.WebApi.GQT3.QT.Model\Enterprise3.WebApi.GQT3.QT.Model.csproj", "{24DA844C-BDA1-4C64-BC52-4ADF71487B1B}"
EndProject
Project("{FAE04EC0-301F-11D3-BF4B-00C04F79EFBC}") = "GQT3.QT.Controller", "GQT\GQT3.QT.Controller\GQT3.QT.Controller.csproj", "{9D1266F7-00D2-4342-9EC0-F7E73832A2B2}"
EndProject
Project("{FAE04EC0-301F-11D3-BF4B-00C04F79EFBC}") = "GQT3.QT.Dac", "GQT\GQT3.QT.Dac\GQT3.QT.Dac.csproj", "{9EB7552A-6485-4454-AE57-0892B6A08BA6}"
EndProject
Project("{FAE04EC0-301F-11D3-BF4B-00C04F79EFBC}") = "GQT3.QT.Dac.Interface", "GQT\GQT3.QT.Dac.Interface\GQT3.QT.Dac.Interface.csproj", "{1AB1CEA9-A5AB-451B-9B6B-AE635CF7DAC5}"
EndProject
Project("{FAE04EC0-301F-11D3-BF4B-00C04F79EFBC}") = "GQT3.QT.Facade", "GQT\GQT3.QT.Facade\GQT3.QT.Facade.csproj", "{B5455AE1-B422-4B16-91E1-175075FBDEE6}"
EndProject
Project("{FAE04EC0-301F-11D3-BF4B-00C04F79EFBC}") = "GQT3.QT.Facade.Interface", "GQT\GQT3.QT.Facade.Interface\GQT3.QT.Facade.Interface.csproj", "{C2328D95-250F-4968-8B7A-62CA2ECFB146}"
EndProject
Project("{FAE04EC0-301F-11D3-BF4B-00C04F79EFBC}") = "GQT3.QT.Model", "GQT\GQT3.QT.Model\GQT3.QT.Model.csproj", "{47EE9856-F415-4171-8609-B0531DB86167}"
EndProject
Project("{FAE04EC0-301F-11D3-BF4B-00C04F79EFBC}") = "GQT3.QT.Rule", "GQT\GQT3.QT.Rule\GQT3.QT.Rule.csproj", "{DF79A03B-F754-4532-98E5-D9786EFC37B9}"
EndProject
Project("{FAE04EC0-301F-11D3-BF4B-00C04F79EFBC}") = "GQT3.QT.Rule.Interface", "GQT\GQT3.QT.Rule.Interface\GQT3.QT.Rule.Interface.csproj", "{52AEFFED-EF6E-4104-B7EF-953C47A96666}"
EndProject
Project("{FAE04EC0-301F-11D3-BF4B-00C04F79EFBC}") = "GQT3.QT.Service", "GQT\GQT3.QT.Service\GQT3.QT.Service.csproj", "{3D439830-7810-4DEE-A0DF-5786F298E819}"
EndProject
Project("{FAE04EC0-301F-11D3-BF4B-00C04F79EFBC}") = "GQT3.QT.Service.Interface", "GQT\GQT3.QT.Service.Interface\GQT3.QT.Service.Interface.csproj", "{B481911F-AF15-4453-BBE8-D0E72B33A4CC}"
EndProject
Project("{FAE04EC0-301F-11D3-BF4B-00C04F79EFBC}") = "GQT3.QT.UnitTest", "GQT\GQT3.QT.UnitTest\GQT3.QT.UnitTest.csproj", "{F4539822-A215-4521-B453-38F0E9573AB1}"
EndProject
Project("{FAE04EC0-301F-11D3-BF4B-00C04F79EFBC}") = "NGWebSite", "i8WebSite\NGWebSite\NGWebSite.csproj", "{05372F1A-C01A-44DC-A1DD-E72FBA5D1B29}"
EndProject
Project("{2150E333-8FDC-42A3-9474-1A3956D46DE8}") = "GJX3", "GJX3", "{B7B7ED08-AFC2-4FA9-80D7-E1657CA449C8}"
EndProject
Project("{2150E333-8FDC-42A3-9474-1A3956D46DE8}") = "JX", "JX", "{98FB21C0-9ED4-40AD-BFA4-9B146851B0AE}"
EndProject
Project("{FAE04EC0-301F-11D3-BF4B-00C04F79EFBC}") = "Enterprise3.WebApi.GJX3.JX.Controller", "GJX\GJX3.JX\Enterprise3.WebApi.GJX3.JX.Controller\Enterprise3.WebApi.GJX3.JX.Controller.csproj", "{B6B175AE-7292-43D1-9C5F-4869EF0CD537}"
EndProject
Project("{FAE04EC0-301F-11D3-BF4B-00C04F79EFBC}") = "Enterprise3.WebApi.GJX3.JX.Model", "GJX\GJX3.JX\Enterprise3.WebApi.GJX3.JX.Model\Enterprise3.WebApi.GJX3.JX.Model.csproj", "{3AEBC9D0-E2C9-4BFD-A791-4070E4F42299}"
EndProject
Project("{FAE04EC0-301F-11D3-BF4B-00C04F79EFBC}") = "GJX3.JX.Controller", "GJX\GJX3.JX\GJX3.JX.Controller\GJX3.JX.Controller.csproj", "{2E882362-D884-4E2E-BE20-473F2ABCCEC2}"
EndProject
Project("{FAE04EC0-301F-11D3-BF4B-00C04F79EFBC}") = "GJX3.JX.Dac", "GJX\GJX3.JX\GJX3.JX.Dac\GJX3.JX.Dac.csproj", "{3F655A3F-4805-4AA0-828E-AAC5F2BC43DB}"
EndProject
Project("{FAE04EC0-301F-11D3-BF4B-00C04F79EFBC}") = "GJX3.JX.Dac.Interface", "GJX\GJX3.JX\GJX3.JX.Dac.Interface\GJX3.JX.Dac.Interface.csproj", "{B08092F3-3505-4D1D-B33B-CF2DFDCFC519}"
EndProject
Project("{FAE04EC0-301F-11D3-BF4B-00C04F79EFBC}") = "GJX3.JX.Facade", "GJX\GJX3.JX\GJX3.JX.Facade\GJX3.JX.Facade.csproj", "{3B482E08-62EF-4607-924D-E189D7B90234}"
EndProject
Project("{FAE04EC0-301F-11D3-BF4B-00C04F79EFBC}") = "GJX3.JX.Facade.Interface", "GJX\GJX3.JX\GJX3.JX.Facade.Interface\GJX3.JX.Facade.Interface.csproj", "{E7398B51-642B-462F-B182-E3957B455D52}"
EndProject
Project("{FAE04EC0-301F-11D3-BF4B-00C04F79EFBC}") = "GJX3.JX.Model", "GJX\GJX3.JX\GJX3.JX.Model\GJX3.JX.Model.csproj", "{B39F5A26-7C4D-4BAF-AB96-4CF43B4BE734}"
EndProject
Project("{FAE04EC0-301F-11D3-BF4B-00C04F79EFBC}") = "GJX3.JX.Rule", "GJX\GJX3.JX\GJX3.JX.Rule\GJX3.JX.Rule.csproj", "{6E1CB3AD-C3F1-4F17-B4C9-1938D151CECA}"
EndProject
Project("{FAE04EC0-301F-11D3-BF4B-00C04F79EFBC}") = "GJX3.JX.Rule.Interface", "GJX\GJX3.JX\GJX3.JX.Rule.Interface\GJX3.JX.Rule.Interface.csproj", "{868B8C48-DFEC-4759-BE47-7E2B3F4D73CD}"
EndProject
Project("{FAE04EC0-301F-11D3-BF4B-00C04F79EFBC}") = "GJX3.JX.Service", "GJX\GJX3.JX\GJX3.JX.Service\GJX3.JX.Service.csproj", "{D2352213-B176-483B-86CA-2962E5E4918D}"
EndProject
Project("{FAE04EC0-301F-11D3-BF4B-00C04F79EFBC}") = "GJX3.JX.Service.Interface", "GJX\GJX3.JX\GJX3.JX.Service.Interface\GJX3.JX.Service.Interface.csproj", "{ABF5A1BF-FD77-4332-AD35-1838C0B3CA53}"
EndProject
Project("{FAE04EC0-301F-11D3-BF4B-00C04F79EFBC}") = "GJX3.JX.UnitTest", "GJX\GJX3.JX\GJX3.JX.UnitTest\GJX3.JX.UnitTest.csproj", "{F5E10934-F8F4-44C9-AA2B-ED0168516D4C}"
EndProject
Project("{2150E333-8FDC-42A3-9474-1A3956D46DE8}") = "GBK", "GBK", "{C55ECFD1-8B7F-4CBA-A728-D1CDD8EF6083}"
EndProject
Project("{2150E333-8FDC-42A3-9474-1A3956D46DE8}") = "BK", "BK", "{046E3422-25F8-4A8A-811D-369D3E5D5B63}"
EndProject
Project("{FAE04EC0-301F-11D3-BF4B-00C04F79EFBC}") = "Enterprise3.WebApi.GBK3.BK.Controller", "GBK\BK\Enterprise3.WebApi.GBK3.BK.Controller\Enterprise3.WebApi.GBK3.BK.Controller.csproj", "{E4C208D8-46C3-44CA-872E-31C0B9661AEA}"
EndProject
Project("{FAE04EC0-301F-11D3-BF4B-00C04F79EFBC}") = "Enterprise3.WebApi.GBK3.BK.Model", "GBK\BK\Enterprise3.WebApi.GBK3.BK.Model\Enterprise3.WebApi.GBK3.BK.Model.csproj", "{3F4256B6-5D01-427D-901A-E15A2F8FBADC}"
EndProject
Project("{FAE04EC0-301F-11D3-BF4B-00C04F79EFBC}") = "GBK3.BK.Controller", "GBK\BK\GBK3.BK.Controller\GBK3.BK.Controller.csproj", "{85E28B1E-1ACC-4323-B4B0-BAD287337C47}"
EndProject
Project("{FAE04EC0-301F-11D3-BF4B-00C04F79EFBC}") = "GBK3.BK.Dac", "GBK\BK\GBK3.BK.Dac\GBK3.BK.Dac.csproj", "{601AD2E4-0C3B-4E03-B2F7-09FCEC78CD19}"
EndProject
Project("{FAE04EC0-301F-11D3-BF4B-00C04F79EFBC}") = "GBK3.BK.Dac.Interface", "GBK\BK\GBK3.BK.Dac.Interface\GBK3.BK.Dac.Interface.csproj", "{541E8122-32D7-4CAD-BE89-4CDD1A57C206}"
EndProject
Project("{FAE04EC0-301F-11D3-BF4B-00C04F79EFBC}") = "GBK3.BK.Facade", "GBK\BK\GBK3.BK.Facade\GBK3.BK.Facade.csproj", "{F1540F76-BA90-495F-9E02-6C7A3A3F1CF3}"
EndProject
Project("{FAE04EC0-301F-11D3-BF4B-00C04F79EFBC}") = "GBK3.BK.Facade.Interface", "GBK\BK\GBK3.BK.Facade.Interface\GBK3.BK.Facade.Interface.csproj", "{1E26ACE3-D2B2-44C3-9A55-543D4DD2366F}"
EndProject
Project("{FAE04EC0-301F-11D3-BF4B-00C04F79EFBC}") = "GBK3.BK.Model", "GBK\BK\GBK3.BK.Model\GBK3.BK.Model.csproj", "{A81C14E6-893F-42FF-8EBA-9B31FFBA73BD}"
EndProject
Project("{FAE04EC0-301F-11D3-BF4B-00C04F79EFBC}") = "GBK3.BK.Rule", "GBK\BK\GBK3.BK.Rule\GBK3.BK.Rule.csproj", "{73FF2F69-BAC7-4DC9-8559-E274295462DD}"
EndProject
Project("{FAE04EC0-301F-11D3-BF4B-00C04F79EFBC}") = "GBK3.BK.Rule.Interface", "GBK\BK\GBK3.BK.Rule.Interface\GBK3.BK.Rule.Interface.csproj", "{65C7EEC9-27A2-4B68-8431-A7EF134DCD4F}"
EndProject
Project("{FAE04EC0-301F-11D3-BF4B-00C04F79EFBC}") = "GBK3.BK.Service", "GBK\BK\GBK3.BK.Service\GBK3.BK.Service.csproj", "{478952AC-A4A9-45FD-9083-B566CFBACE9F}"
EndProject
Project("{FAE04EC0-301F-11D3-BF4B-00C04F79EFBC}") = "GBK3.BK.Service.Interface", "GBK\BK\GBK3.BK.Service.Interface\GBK3.BK.Service.Interface.csproj", "{8F3A5F68-5834-4DA2-9F26-80575BB65793}"
EndProject
Project("{FAE04EC0-301F-11D3-BF4B-00C04F79EFBC}") = "GBK3.BK.UnitTest", "GBK\BK\GBK3.BK.UnitTest\GBK3.BK.UnitTest.csproj", "{0016830C-FD67-4AC1-8001-44460380B80F}"
EndProject
Project("{2150E333-8FDC-42A3-9474-1A3956D46DE8}") = "GData", "GData", "{CC7C56DE-5750-4A0F-9191-1FD2975B4000}"
EndProject
Project("{2150E333-8FDC-42A3-9474-1A3956D46DE8}") = "Common", "Common", "{C447802C-B5D1-4A8A-AE92-487A5C198B99}"
EndProject
Project("{FAE04EC0-301F-11D3-BF4B-00C04F79EFBC}") = "GData3.Common.Model", "GData\Common\GData3.Common.Model\GData3.Common.Model.csproj", "{38F33231-5A70-4374-BEB3-5D77138E8D46}"
EndProject
Project("{FAE04EC0-301F-11D3-BF4B-00C04F79EFBC}") = "GData3.Common.Utils", "GData\Common\GData3.Common.Utils\GData3.Common.Utils.csproj", "{A4DA9236-7F50-4C27-B4C7-2B3F051E0FC1}"
EndProject
Project("{2150E333-8FDC-42A3-9474-1A3956D46DE8}") = "GGK", "GGK", "{7D24B3B2-A3EF-463D-90A5-BC406723ABBE}"
EndProject
Project("{2150E333-8FDC-42A3-9474-1A3956D46DE8}") = "GK", "GK", "{A8EC6032-D652-4010-ADA8-9273C216023C}"
EndProject
Project("{FAE04EC0-301F-11D3-BF4B-00C04F79EFBC}") = "Enterprise3.WebApi.GGK3.GK.Controller", "GGK\GK\Enterprise3.WebApi.GGK3.GK.Controller\Enterprise3.WebApi.GGK3.GK.Controller.csproj", "{1C9FDD6C-F657-4200-83E2-70B439AB1DE4}"
EndProject
Project("{FAE04EC0-301F-11D3-BF4B-00C04F79EFBC}") = "Enterprise3.WebApi.GGK3.GK.Model", "GGK\GK\Enterprise3.WebApi.GGK3.GK.Model\Enterprise3.WebApi.GGK3.GK.Model.csproj", "{A94F9FD4-2426-4F67-8195-8812F4AFCCA6}"
EndProject
Project("{FAE04EC0-301F-11D3-BF4B-00C04F79EFBC}") = "GGK3.GK.Controller", "GGK\GK\GGK3.GK.Controller\GGK3.GK.Controller.csproj", "{083593CC-AE10-4B5A-ADBD-7F8B13A7DD9B}"
EndProject
Project("{FAE04EC0-301F-11D3-BF4B-00C04F79EFBC}") = "GGK3.GK.Dac", "GGK\GK\GGK3.GK.Dac\GGK3.GK.Dac.csproj", "{3FE1CE58-55C7-474E-B56E-3B10209EFE8A}"
EndProject
Project("{FAE04EC0-301F-11D3-BF4B-00C04F79EFBC}") = "GGK3.GK.Dac.Interface", "GGK\GK\GGK3.GK.Dac.Interface\GGK3.GK.Dac.Interface.csproj", "{81BBE08F-15D7-4775-8153-91040FCBCC7C}"
EndProject
Project("{FAE04EC0-301F-11D3-BF4B-00C04F79EFBC}") = "GGK3.GK.Facade", "GGK\GK\GGK3.GK.Facade\GGK3.GK.Facade.csproj", "{5E19A536-9791-447E-AE16-3AC271C00496}"
EndProject
Project("{FAE04EC0-301F-11D3-BF4B-00C04F79EFBC}") = "GGK3.GK.Facade.Interface", "GGK\GK\GGK3.GK.Facade.Interface\GGK3.GK.Facade.Interface.csproj", "{0947CD35-EA38-499F-B7DF-7BC72F0E0885}"
EndProject
Project("{FAE04EC0-301F-11D3-BF4B-00C04F79EFBC}") = "GGK3.GK.Model", "GGK\GK\GGK3.GK.Model\GGK3.GK.Model.csproj", "{8C7038CE-B766-414F-B5E1-D15710157E85}"
EndProject
Project("{FAE04EC0-301F-11D3-BF4B-00C04F79EFBC}") = "GGK3.GK.Rule", "GGK\GK\GGK3.GK.Rule\GGK3.GK.Rule.csproj", "{2E05649A-1EE3-47DD-82A3-A0967DEC4655}"
EndProject
Project("{FAE04EC0-301F-11D3-BF4B-00C04F79EFBC}") = "GGK3.GK.Rule.Interface", "GGK\GK\GGK3.GK.Rule.Interface\GGK3.GK.Rule.Interface.csproj", "{EAD7FE2C-B638-41CB-B25A-4A7998241DC4}"
EndProject
Project("{FAE04EC0-301F-11D3-BF4B-00C04F79EFBC}") = "GGK3.GK.Service", "GGK\GK\GGK3.GK.Service\GGK3.GK.Service.csproj", "{6EC01BA7-B6FD-4D30-AEF5-8FB15F475BB9}"
EndProject
Project("{FAE04EC0-301F-11D3-BF4B-00C04F79EFBC}") = "GGK3.GK.Service.Interface", "GGK\GK\GGK3.GK.Service.Interface\GGK3.GK.Service.Interface.csproj", "{4789CCD3-F280-4550-BC95-139E72CA17EF}"
EndProject
Project("{FAE04EC0-301F-11D3-BF4B-00C04F79EFBC}") = "GGK3.GK.UnitTest", "GGK\GK\GGK3.GK.UnitTest\GGK3.GK.UnitTest.csproj", "{3EEF29DB-2DA7-4C66-8BCE-9BD25955AD63}"
EndProject
Project("{2150E333-8FDC-42A3-9474-1A3956D46DE8}") = "GSP", "GSP", "{51559D88-6AA2-4F6D-8B95-A6A27ECD438F}"
EndProject
Project("{2150E333-8FDC-42A3-9474-1A3956D46DE8}") = "SP", "SP", "{C2CBA0FE-212F-4E02-9636-BE3BBD93CB6D}"
EndProject
Project("{FAE04EC0-301F-11D3-BF4B-00C04F79EFBC}") = "Enterprise3.WebApi.GSP3.SP.Controller", "GSP\SP\Enterprise3.WebApi.GSP3.SP.Controller\Enterprise3.WebApi.GSP3.SP.Controller.csproj", "{31938651-51F9-4EE9-AF35-C9BA6B5D67DF}"
EndProject
Project("{FAE04EC0-301F-11D3-BF4B-00C04F79EFBC}") = "Enterprise3.WebApi.GSP3.SP.Model", "GSP\SP\Enterprise3.WebApi.GSP3.SP.Model\Enterprise3.WebApi.GSP3.SP.Model.csproj", "{8E7FDDB9-8FED-40ED-8742-8B5CB47E479E}"
EndProject
Project("{FAE04EC0-301F-11D3-BF4B-00C04F79EFBC}") = "GSP3.SP.Controller", "GSP\SP\GSP3.SP.Controller\GSP3.SP.Controller.csproj", "{55120822-FCDE-41E2-801D-C98471959273}"
EndProject
Project("{FAE04EC0-301F-11D3-BF4B-00C04F79EFBC}") = "GSP3.SP.Dac", "GSP\SP\GSP3.SP.Dac\GSP3.SP.Dac.csproj", "{54AA97D2-D9F1-4A94-9D1F-D241CE446C04}"
EndProject
Project("{FAE04EC0-301F-11D3-BF4B-00C04F79EFBC}") = "GSP3.SP.Dac.Interface", "GSP\SP\GSP3.SP.Dac.Interface\GSP3.SP.Dac.Interface.csproj", "{648BA63D-4FA4-400D-A3B2-36C4777CDC09}"
EndProject
Project("{FAE04EC0-301F-11D3-BF4B-00C04F79EFBC}") = "GSP3.SP.Facade", "GSP\SP\GSP3.SP.Facade\GSP3.SP.Facade.csproj", "{9B3177E5-9234-4024-A7A2-E19AF19D82D1}"
EndProject
Project("{FAE04EC0-301F-11D3-BF4B-00C04F79EFBC}") = "GSP3.SP.Facade.Interface", "GSP\SP\GSP3.SP.Facade.Interface\GSP3.SP.Facade.Interface.csproj", "{00EB0419-6A34-4215-895B-EB12AE4D971E}"
EndProject
Project("{FAE04EC0-301F-11D3-BF4B-00C04F79EFBC}") = "GSP3.SP.Model", "GSP\SP\GSP3.SP.Model\GSP3.SP.Model.csproj", "{259AD850-29EA-46A1-80C7-DCD20149220A}"
EndProject
Project("{FAE04EC0-301F-11D3-BF4B-00C04F79EFBC}") = "GSP3.SP.Rule", "GSP\SP\GSP3.SP.Rule\GSP3.SP.Rule.csproj", "{4BA5BD94-FD3F-4FA1-9B05-F368F8A4C57B}"
EndProject
Project("{FAE04EC0-301F-11D3-BF4B-00C04F79EFBC}") = "GSP3.SP.Service", "GSP\SP\GSP3.SP.Service\GSP3.SP.Service.csproj", "{178FC023-C94F-4F40-A6ED-3E84754BBC8C}"
EndProject
Project("{FAE04EC0-301F-11D3-BF4B-00C04F79EFBC}") = "GSP3.SP.Service.Interface", "GSP\SP\GSP3.SP.Service.Interface\GSP3.SP.Service.Interface.csproj", "{BF6674C1-A5DE-476C-A9FB-E24F6DB0B7A1}"
EndProject
Project("{FAE04EC0-301F-11D3-BF4B-00C04F79EFBC}") = "GSP3.SP.UnitTest", "GSP\SP\GSP3.SP.UnitTest\GSP3.SP.UnitTest.csproj", "{E7249B37-2DB3-4BBD-8BCE-1F02141F4E78}"
EndProject
Project("{FAE04EC0-301F-11D3-BF4B-00C04F79EFBC}") = "WebApiSite", "i8WebSite\WebApiSite\WebApiSite.csproj", "{A813B452-FFDC-4A98-A87E-062BDA619553}"
EndProject
Project("{FAE04EC0-301F-11D3-BF4B-00C04F79EFBC}") = "GSP3.SP.Rule.Interface", "GSP\SP\GSP3.SP.Rule.Interface\GSP3.SP.Rule.Interface.csproj", "{B65BF29A-90CB-4A02-A0C9-E7AE3622A889}"
EndProject
Project("{2150E333-8FDC-42A3-9474-1A3956D46DE8}") = "YQHL", "YQHL", "{EF84E888-74B7-49FE-AEA5-14FBCB2239DA}"
EndProject
Project("{FAE04EC0-301F-11D3-BF4B-00C04F79EFBC}") = "GData.YQHL.Model", "GData\YQHL\GData.YQHL.Model\GData.YQHL.Model.csproj", "{7341EA5F-B9AC-4E0E-A9C7-949454F0E6FF}"
EndProject
Project("{FAE04EC0-301F-11D3-BF4B-00C04F79EFBC}") = "GData.YQHL.Common", "GData\YQHL\GData.YQHL.Common\GData.YQHL.Common.csproj", "{56DF4425-7C61-4833-8AB3-6BC92A5935AD}"
EndProject
Project("{FAE04EC0-301F-11D3-BF4B-00C04F79EFBC}") = "GData.YQHL.Service.Interface", "GData\YQHL\GData.YQHL.Service.Interface\GData.YQHL.Service.Interface.csproj", "{4A696072-CBE9-4ECE-9BB1-140C883FA92A}"
EndProject
Project("{FAE04EC0-301F-11D3-BF4B-00C04F79EFBC}") = "GData.YQHL.Service", "GData\YQHL\GData.YQHL.Service\GData.YQHL.Service.csproj", "{04943589-A032-4B16-991D-ECACC8E36618}"
EndProject
Project("{FAE04EC0-301F-11D3-BF4B-00C04F79EFBC}") = "GData.YQHL.WebApi.Controller", "GData\YQHL\GData.YQHL.WebApi.Controller\GData.YQHL.WebApi.Controller.csproj", "{6101E76D-C984-4BB7-A9D3-E48D71E3FAB6}"
EndProject
Project("{FAE04EC0-301F-11D3-BF4B-00C04F79EFBC}") = "RefreshJobSchedule", "RefreshJobSchedule\RefreshJobSchedule.csproj", "{61828E34-B4A5-43D1-8037-E2BE226A7B5F}"
EndProject
Project("{2150E333-8FDC-42A3-9474-1A3956D46DE8}") = "GWF", "GWF", "{64496BED-9257-403D-ADA0-FB447C127CE3}"
EndProject
Project("{2150E333-8FDC-42A3-9474-1A3956D46DE8}") = "WorkFlow", "WorkFlow", "{4A27BF1D-6C64-4404-872F-4EA9EC9ECCB9}"
EndProject
Project("{FAE04EC0-301F-11D3-BF4B-00C04F79EFBC}") = "Enterprise3.WebApi.GWF3.WF.Controller", "GWF\WorkFlow\Enterprise3.WebApi.GWF3.WF.Controller\Enterprise3.WebApi.GWF3.WF.Controller.csproj", "{2BE63611-39B5-4E6A-8EAB-948E71082099}"
EndProject
Project("{FAE04EC0-301F-11D3-BF4B-00C04F79EFBC}") = "Enterprise3.WebApi.GWF3.WF.Model", "GWF\WorkFlow\Enterprise3.WebApi.GWF3.WF.Model\Enterprise3.WebApi.GWF3.WF.Model.csproj", "{B98F46FB-517B-4CA1-9468-26F09537956B}"
EndProject
Global
	GlobalSection(SolutionConfigurationPlatforms) = preSolution
		Debug|Any CPU = Debug|Any CPU
		Release|Any CPU = Release|Any CPU
	EndGlobalSection
	GlobalSection(ProjectConfigurationPlatforms) = postSolution
		{229F2520-C7CA-4086-9DA9-CCCC9ABE0F75}.Debug|Any CPU.ActiveCfg = Debug|Any CPU
		{229F2520-C7CA-4086-9DA9-CCCC9ABE0F75}.Debug|Any CPU.Build.0 = Debug|Any CPU
		{229F2520-C7CA-4086-9DA9-CCCC9ABE0F75}.Release|Any CPU.ActiveCfg = Release|Any CPU
		{229F2520-C7CA-4086-9DA9-CCCC9ABE0F75}.Release|Any CPU.Build.0 = Release|Any CPU
		{DEDF485F-FE76-462E-BE2A-1B2120990C96}.Debug|Any CPU.ActiveCfg = Debug|Any CPU
		{DEDF485F-FE76-462E-BE2A-1B2120990C96}.Debug|Any CPU.Build.0 = Debug|Any CPU
		{DEDF485F-FE76-462E-BE2A-1B2120990C96}.Release|Any CPU.ActiveCfg = Release|Any CPU
		{DEDF485F-FE76-462E-BE2A-1B2120990C96}.Release|Any CPU.Build.0 = Release|Any CPU
		{1E03F670-C31F-4032-938B-3E1BB2591B29}.Debug|Any CPU.ActiveCfg = Debug|Any CPU
		{1E03F670-C31F-4032-938B-3E1BB2591B29}.Debug|Any CPU.Build.0 = Debug|Any CPU
		{1E03F670-C31F-4032-938B-3E1BB2591B29}.Release|Any CPU.ActiveCfg = Release|Any CPU
		{1E03F670-C31F-4032-938B-3E1BB2591B29}.Release|Any CPU.Build.0 = Release|Any CPU
		{42B0B7A5-BEE3-42EA-9D8F-A810B765974B}.Debug|Any CPU.ActiveCfg = Debug|Any CPU
		{42B0B7A5-BEE3-42EA-9D8F-A810B765974B}.Debug|Any CPU.Build.0 = Debug|Any CPU
		{42B0B7A5-BEE3-42EA-9D8F-A810B765974B}.Release|Any CPU.ActiveCfg = Release|Any CPU
		{42B0B7A5-BEE3-42EA-9D8F-A810B765974B}.Release|Any CPU.Build.0 = Release|Any CPU
		{3F587540-52C2-4D8B-BCB5-1EE2F639B37A}.Debug|Any CPU.ActiveCfg = Debug|Any CPU
		{3F587540-52C2-4D8B-BCB5-1EE2F639B37A}.Debug|Any CPU.Build.0 = Debug|Any CPU
		{3F587540-52C2-4D8B-BCB5-1EE2F639B37A}.Release|Any CPU.ActiveCfg = Release|Any CPU
		{3F587540-52C2-4D8B-BCB5-1EE2F639B37A}.Release|Any CPU.Build.0 = Release|Any CPU
		{100EB00F-5982-43B0-A605-3375972CD541}.Debug|Any CPU.ActiveCfg = Debug|Any CPU
		{100EB00F-5982-43B0-A605-3375972CD541}.Debug|Any CPU.Build.0 = Debug|Any CPU
		{100EB00F-5982-43B0-A605-3375972CD541}.Release|Any CPU.ActiveCfg = Release|Any CPU
		{100EB00F-5982-43B0-A605-3375972CD541}.Release|Any CPU.Build.0 = Release|Any CPU
		{76659E18-E8C8-4CAD-9829-57923FF05BF5}.Debug|Any CPU.ActiveCfg = Debug|Any CPU
		{76659E18-E8C8-4CAD-9829-57923FF05BF5}.Debug|Any CPU.Build.0 = Debug|Any CPU
		{76659E18-E8C8-4CAD-9829-57923FF05BF5}.Release|Any CPU.ActiveCfg = Release|Any CPU
		{76659E18-E8C8-4CAD-9829-57923FF05BF5}.Release|Any CPU.Build.0 = Release|Any CPU
		{A197A976-D7D8-4B9E-9A20-1FCAB5EF900B}.Debug|Any CPU.ActiveCfg = Debug|Any CPU
		{A197A976-D7D8-4B9E-9A20-1FCAB5EF900B}.Debug|Any CPU.Build.0 = Debug|Any CPU
		{A197A976-D7D8-4B9E-9A20-1FCAB5EF900B}.Release|Any CPU.ActiveCfg = Release|Any CPU
		{A197A976-D7D8-4B9E-9A20-1FCAB5EF900B}.Release|Any CPU.Build.0 = Release|Any CPU
		{1A34EDEF-EEC3-469F-A603-09EB6FF72363}.Debug|Any CPU.ActiveCfg = Debug|Any CPU
		{1A34EDEF-EEC3-469F-A603-09EB6FF72363}.Debug|Any CPU.Build.0 = Debug|Any CPU
		{1A34EDEF-EEC3-469F-A603-09EB6FF72363}.Release|Any CPU.ActiveCfg = Release|Any CPU
		{1A34EDEF-EEC3-469F-A603-09EB6FF72363}.Release|Any CPU.Build.0 = Release|Any CPU
		{0813F25B-3AFB-47AF-8EF9-566ADC1E9AB8}.Debug|Any CPU.ActiveCfg = Debug|Any CPU
		{0813F25B-3AFB-47AF-8EF9-566ADC1E9AB8}.Debug|Any CPU.Build.0 = Debug|Any CPU
		{0813F25B-3AFB-47AF-8EF9-566ADC1E9AB8}.Release|Any CPU.ActiveCfg = Release|Any CPU
		{0813F25B-3AFB-47AF-8EF9-566ADC1E9AB8}.Release|Any CPU.Build.0 = Release|Any CPU
		{DB48DEDD-1A6A-4117-B061-AB468744AAFB}.Debug|Any CPU.ActiveCfg = Debug|Any CPU
		{DB48DEDD-1A6A-4117-B061-AB468744AAFB}.Debug|Any CPU.Build.0 = Debug|Any CPU
		{DB48DEDD-1A6A-4117-B061-AB468744AAFB}.Release|Any CPU.ActiveCfg = Release|Any CPU
		{DB48DEDD-1A6A-4117-B061-AB468744AAFB}.Release|Any CPU.Build.0 = Release|Any CPU
		{422DA3AE-3E7C-427C-ADBE-518A9C9023ED}.Debug|Any CPU.ActiveCfg = Debug|Any CPU
		{422DA3AE-3E7C-427C-ADBE-518A9C9023ED}.Debug|Any CPU.Build.0 = Debug|Any CPU
		{422DA3AE-3E7C-427C-ADBE-518A9C9023ED}.Release|Any CPU.ActiveCfg = Release|Any CPU
		{422DA3AE-3E7C-427C-ADBE-518A9C9023ED}.Release|Any CPU.Build.0 = Release|Any CPU
		{DE5A67EF-993A-4809-BF8F-D0F30F195F29}.Debug|Any CPU.ActiveCfg = Debug|Any CPU
		{DE5A67EF-993A-4809-BF8F-D0F30F195F29}.Debug|Any CPU.Build.0 = Debug|Any CPU
		{DE5A67EF-993A-4809-BF8F-D0F30F195F29}.Release|Any CPU.ActiveCfg = Release|Any CPU
		{DE5A67EF-993A-4809-BF8F-D0F30F195F29}.Release|Any CPU.Build.0 = Release|Any CPU
		{DD639BB1-92FC-4DA9-A0A0-C5F1AC91B7F5}.Debug|Any CPU.ActiveCfg = Debug|Any CPU
		{DD639BB1-92FC-4DA9-A0A0-C5F1AC91B7F5}.Debug|Any CPU.Build.0 = Debug|Any CPU
		{DD639BB1-92FC-4DA9-A0A0-C5F1AC91B7F5}.Release|Any CPU.ActiveCfg = Release|Any CPU
		{DD639BB1-92FC-4DA9-A0A0-C5F1AC91B7F5}.Release|Any CPU.Build.0 = Release|Any CPU
		{DEA0F5AC-3587-42B5-86A5-DE8E6BC065F8}.Debug|Any CPU.ActiveCfg = Debug|Any CPU
		{DEA0F5AC-3587-42B5-86A5-DE8E6BC065F8}.Debug|Any CPU.Build.0 = Debug|Any CPU
		{DEA0F5AC-3587-42B5-86A5-DE8E6BC065F8}.Release|Any CPU.ActiveCfg = Release|Any CPU
		{DEA0F5AC-3587-42B5-86A5-DE8E6BC065F8}.Release|Any CPU.Build.0 = Release|Any CPU
		{2E01BED0-B55E-4864-9E17-A47B4154D06C}.Debug|Any CPU.ActiveCfg = Debug|Any CPU
		{2E01BED0-B55E-4864-9E17-A47B4154D06C}.Debug|Any CPU.Build.0 = Debug|Any CPU
		{2E01BED0-B55E-4864-9E17-A47B4154D06C}.Release|Any CPU.ActiveCfg = Release|Any CPU
		{2E01BED0-B55E-4864-9E17-A47B4154D06C}.Release|Any CPU.Build.0 = Release|Any CPU
		{76A8935C-53DC-4D40-A3E8-2E61989024AD}.Debug|Any CPU.ActiveCfg = Debug|Any CPU
		{76A8935C-53DC-4D40-A3E8-2E61989024AD}.Debug|Any CPU.Build.0 = Debug|Any CPU
		{76A8935C-53DC-4D40-A3E8-2E61989024AD}.Release|Any CPU.ActiveCfg = Release|Any CPU
		{76A8935C-53DC-4D40-A3E8-2E61989024AD}.Release|Any CPU.Build.0 = Release|Any CPU
		{20C3C546-6A8C-4BFE-83C2-241C99A926E2}.Debug|Any CPU.ActiveCfg = Debug|Any CPU
		{20C3C546-6A8C-4BFE-83C2-241C99A926E2}.Debug|Any CPU.Build.0 = Debug|Any CPU
		{20C3C546-6A8C-4BFE-83C2-241C99A926E2}.Release|Any CPU.ActiveCfg = Release|Any CPU
		{20C3C546-6A8C-4BFE-83C2-241C99A926E2}.Release|Any CPU.Build.0 = Release|Any CPU
		{85D02B64-28CA-4D48-B1CD-028F3C90D311}.Debug|Any CPU.ActiveCfg = Debug|Any CPU
		{85D02B64-28CA-4D48-B1CD-028F3C90D311}.Debug|Any CPU.Build.0 = Debug|Any CPU
		{85D02B64-28CA-4D48-B1CD-028F3C90D311}.Release|Any CPU.ActiveCfg = Release|Any CPU
		{85D02B64-28CA-4D48-B1CD-028F3C90D311}.Release|Any CPU.Build.0 = Release|Any CPU
		{5072505E-C383-492A-8108-F0EDF4882DB7}.Debug|Any CPU.ActiveCfg = Debug|Any CPU
		{5072505E-C383-492A-8108-F0EDF4882DB7}.Debug|Any CPU.Build.0 = Debug|Any CPU
		{5072505E-C383-492A-8108-F0EDF4882DB7}.Release|Any CPU.ActiveCfg = Release|Any CPU
		{5072505E-C383-492A-8108-F0EDF4882DB7}.Release|Any CPU.Build.0 = Release|Any CPU
		{A6D144EC-ADE1-4922-BC9C-D1B43D45DF12}.Debug|Any CPU.ActiveCfg = Debug|Any CPU
		{A6D144EC-ADE1-4922-BC9C-D1B43D45DF12}.Debug|Any CPU.Build.0 = Debug|Any CPU
		{A6D144EC-ADE1-4922-BC9C-D1B43D45DF12}.Release|Any CPU.ActiveCfg = Release|Any CPU
		{A6D144EC-ADE1-4922-BC9C-D1B43D45DF12}.Release|Any CPU.Build.0 = Release|Any CPU
		{3A283FB2-32B7-4114-B5D9-9DB4B265583E}.Debug|Any CPU.ActiveCfg = Debug|Any CPU
		{3A283FB2-32B7-4114-B5D9-9DB4B265583E}.Debug|Any CPU.Build.0 = Debug|Any CPU
		{3A283FB2-32B7-4114-B5D9-9DB4B265583E}.Release|Any CPU.ActiveCfg = Release|Any CPU
		{3A283FB2-32B7-4114-B5D9-9DB4B265583E}.Release|Any CPU.Build.0 = Release|Any CPU
		{5E7376EC-3376-41DF-A570-14292633F8DF}.Debug|Any CPU.ActiveCfg = Debug|Any CPU
		{5E7376EC-3376-41DF-A570-14292633F8DF}.Debug|Any CPU.Build.0 = Debug|Any CPU
		{5E7376EC-3376-41DF-A570-14292633F8DF}.Release|Any CPU.ActiveCfg = Release|Any CPU
		{5E7376EC-3376-41DF-A570-14292633F8DF}.Release|Any CPU.Build.0 = Release|Any CPU
		{A63EDE1E-F9BD-40A9-920A-436931FB6319}.Debug|Any CPU.ActiveCfg = Debug|Any CPU
		{A63EDE1E-F9BD-40A9-920A-436931FB6319}.Debug|Any CPU.Build.0 = Debug|Any CPU
		{A63EDE1E-F9BD-40A9-920A-436931FB6319}.Release|Any CPU.ActiveCfg = Release|Any CPU
		{A63EDE1E-F9BD-40A9-920A-436931FB6319}.Release|Any CPU.Build.0 = Release|Any CPU
		{05EF7A66-99AC-498B-84E3-23223A8E2406}.Debug|Any CPU.ActiveCfg = Debug|Any CPU
		{05EF7A66-99AC-498B-84E3-23223A8E2406}.Debug|Any CPU.Build.0 = Debug|Any CPU
		{05EF7A66-99AC-498B-84E3-23223A8E2406}.Release|Any CPU.ActiveCfg = Release|Any CPU
		{05EF7A66-99AC-498B-84E3-23223A8E2406}.Release|Any CPU.Build.0 = Release|Any CPU
		{90557AD7-5FB8-4793-B049-05B479E64177}.Debug|Any CPU.ActiveCfg = Debug|Any CPU
		{90557AD7-5FB8-4793-B049-05B479E64177}.Debug|Any CPU.Build.0 = Debug|Any CPU
		{90557AD7-5FB8-4793-B049-05B479E64177}.Release|Any CPU.ActiveCfg = Release|Any CPU
		{90557AD7-5FB8-4793-B049-05B479E64177}.Release|Any CPU.Build.0 = Release|Any CPU
		{54056ADB-BD2F-47C5-AC28-E463E9AEECD3}.Debug|Any CPU.ActiveCfg = Debug|Any CPU
		{54056ADB-BD2F-47C5-AC28-E463E9AEECD3}.Debug|Any CPU.Build.0 = Debug|Any CPU
		{54056ADB-BD2F-47C5-AC28-E463E9AEECD3}.Release|Any CPU.ActiveCfg = Release|Any CPU
		{54056ADB-BD2F-47C5-AC28-E463E9AEECD3}.Release|Any CPU.Build.0 = Release|Any CPU
		{24DA844C-BDA1-4C64-BC52-4ADF71487B1B}.Debug|Any CPU.ActiveCfg = Debug|Any CPU
		{24DA844C-BDA1-4C64-BC52-4ADF71487B1B}.Debug|Any CPU.Build.0 = Debug|Any CPU
		{24DA844C-BDA1-4C64-BC52-4ADF71487B1B}.Release|Any CPU.ActiveCfg = Release|Any CPU
		{24DA844C-BDA1-4C64-BC52-4ADF71487B1B}.Release|Any CPU.Build.0 = Release|Any CPU
		{9D1266F7-00D2-4342-9EC0-F7E73832A2B2}.Debug|Any CPU.ActiveCfg = Debug|Any CPU
		{9D1266F7-00D2-4342-9EC0-F7E73832A2B2}.Debug|Any CPU.Build.0 = Debug|Any CPU
		{9D1266F7-00D2-4342-9EC0-F7E73832A2B2}.Release|Any CPU.ActiveCfg = Release|Any CPU
		{9D1266F7-00D2-4342-9EC0-F7E73832A2B2}.Release|Any CPU.Build.0 = Release|Any CPU
		{9EB7552A-6485-4454-AE57-0892B6A08BA6}.Debug|Any CPU.ActiveCfg = Debug|Any CPU
		{9EB7552A-6485-4454-AE57-0892B6A08BA6}.Debug|Any CPU.Build.0 = Debug|Any CPU
		{9EB7552A-6485-4454-AE57-0892B6A08BA6}.Release|Any CPU.ActiveCfg = Release|Any CPU
		{9EB7552A-6485-4454-AE57-0892B6A08BA6}.Release|Any CPU.Build.0 = Release|Any CPU
		{1AB1CEA9-A5AB-451B-9B6B-AE635CF7DAC5}.Debug|Any CPU.ActiveCfg = Debug|Any CPU
		{1AB1CEA9-A5AB-451B-9B6B-AE635CF7DAC5}.Debug|Any CPU.Build.0 = Debug|Any CPU
		{1AB1CEA9-A5AB-451B-9B6B-AE635CF7DAC5}.Release|Any CPU.ActiveCfg = Release|Any CPU
		{1AB1CEA9-A5AB-451B-9B6B-AE635CF7DAC5}.Release|Any CPU.Build.0 = Release|Any CPU
		{B5455AE1-B422-4B16-91E1-175075FBDEE6}.Debug|Any CPU.ActiveCfg = Debug|Any CPU
		{B5455AE1-B422-4B16-91E1-175075FBDEE6}.Debug|Any CPU.Build.0 = Debug|Any CPU
		{B5455AE1-B422-4B16-91E1-175075FBDEE6}.Release|Any CPU.ActiveCfg = Release|Any CPU
		{B5455AE1-B422-4B16-91E1-175075FBDEE6}.Release|Any CPU.Build.0 = Release|Any CPU
		{C2328D95-250F-4968-8B7A-62CA2ECFB146}.Debug|Any CPU.ActiveCfg = Debug|Any CPU
		{C2328D95-250F-4968-8B7A-62CA2ECFB146}.Debug|Any CPU.Build.0 = Debug|Any CPU
		{C2328D95-250F-4968-8B7A-62CA2ECFB146}.Release|Any CPU.ActiveCfg = Release|Any CPU
		{C2328D95-250F-4968-8B7A-62CA2ECFB146}.Release|Any CPU.Build.0 = Release|Any CPU
		{47EE9856-F415-4171-8609-B0531DB86167}.Debug|Any CPU.ActiveCfg = Debug|Any CPU
		{47EE9856-F415-4171-8609-B0531DB86167}.Debug|Any CPU.Build.0 = Debug|Any CPU
		{47EE9856-F415-4171-8609-B0531DB86167}.Release|Any CPU.ActiveCfg = Release|Any CPU
		{47EE9856-F415-4171-8609-B0531DB86167}.Release|Any CPU.Build.0 = Release|Any CPU
		{DF79A03B-F754-4532-98E5-D9786EFC37B9}.Debug|Any CPU.ActiveCfg = Debug|Any CPU
		{DF79A03B-F754-4532-98E5-D9786EFC37B9}.Debug|Any CPU.Build.0 = Debug|Any CPU
		{DF79A03B-F754-4532-98E5-D9786EFC37B9}.Release|Any CPU.ActiveCfg = Release|Any CPU
		{DF79A03B-F754-4532-98E5-D9786EFC37B9}.Release|Any CPU.Build.0 = Release|Any CPU
		{52AEFFED-EF6E-4104-B7EF-953C47A96666}.Debug|Any CPU.ActiveCfg = Debug|Any CPU
		{52AEFFED-EF6E-4104-B7EF-953C47A96666}.Debug|Any CPU.Build.0 = Debug|Any CPU
		{52AEFFED-EF6E-4104-B7EF-953C47A96666}.Release|Any CPU.ActiveCfg = Release|Any CPU
		{52AEFFED-EF6E-4104-B7EF-953C47A96666}.Release|Any CPU.Build.0 = Release|Any CPU
		{3D439830-7810-4DEE-A0DF-5786F298E819}.Debug|Any CPU.ActiveCfg = Debug|Any CPU
		{3D439830-7810-4DEE-A0DF-5786F298E819}.Debug|Any CPU.Build.0 = Debug|Any CPU
		{3D439830-7810-4DEE-A0DF-5786F298E819}.Release|Any CPU.ActiveCfg = Release|Any CPU
		{3D439830-7810-4DEE-A0DF-5786F298E819}.Release|Any CPU.Build.0 = Release|Any CPU
		{B481911F-AF15-4453-BBE8-D0E72B33A4CC}.Debug|Any CPU.ActiveCfg = Debug|Any CPU
		{B481911F-AF15-4453-BBE8-D0E72B33A4CC}.Debug|Any CPU.Build.0 = Debug|Any CPU
		{B481911F-AF15-4453-BBE8-D0E72B33A4CC}.Release|Any CPU.ActiveCfg = Release|Any CPU
		{B481911F-AF15-4453-BBE8-D0E72B33A4CC}.Release|Any CPU.Build.0 = Release|Any CPU
		{F4539822-A215-4521-B453-38F0E9573AB1}.Debug|Any CPU.ActiveCfg = Debug|Any CPU
		{F4539822-A215-4521-B453-38F0E9573AB1}.Debug|Any CPU.Build.0 = Debug|Any CPU
		{F4539822-A215-4521-B453-38F0E9573AB1}.Release|Any CPU.ActiveCfg = Release|Any CPU
		{F4539822-A215-4521-B453-38F0E9573AB1}.Release|Any CPU.Build.0 = Release|Any CPU
		{05372F1A-C01A-44DC-A1DD-E72FBA5D1B29}.Debug|Any CPU.ActiveCfg = Debug|Any CPU
		{05372F1A-C01A-44DC-A1DD-E72FBA5D1B29}.Debug|Any CPU.Build.0 = Debug|Any CPU
		{05372F1A-C01A-44DC-A1DD-E72FBA5D1B29}.Release|Any CPU.ActiveCfg = Release|Any CPU
		{05372F1A-C01A-44DC-A1DD-E72FBA5D1B29}.Release|Any CPU.Build.0 = Release|Any CPU
		{B6B175AE-7292-43D1-9C5F-4869EF0CD537}.Debug|Any CPU.ActiveCfg = Debug|Any CPU
		{B6B175AE-7292-43D1-9C5F-4869EF0CD537}.Debug|Any CPU.Build.0 = Debug|Any CPU
		{B6B175AE-7292-43D1-9C5F-4869EF0CD537}.Release|Any CPU.ActiveCfg = Release|Any CPU
		{B6B175AE-7292-43D1-9C5F-4869EF0CD537}.Release|Any CPU.Build.0 = Release|Any CPU
		{3AEBC9D0-E2C9-4BFD-A791-4070E4F42299}.Debug|Any CPU.ActiveCfg = Debug|Any CPU
		{3AEBC9D0-E2C9-4BFD-A791-4070E4F42299}.Debug|Any CPU.Build.0 = Debug|Any CPU
		{3AEBC9D0-E2C9-4BFD-A791-4070E4F42299}.Release|Any CPU.ActiveCfg = Release|Any CPU
		{3AEBC9D0-E2C9-4BFD-A791-4070E4F42299}.Release|Any CPU.Build.0 = Release|Any CPU
		{2E882362-D884-4E2E-BE20-473F2ABCCEC2}.Debug|Any CPU.ActiveCfg = Debug|Any CPU
		{2E882362-D884-4E2E-BE20-473F2ABCCEC2}.Debug|Any CPU.Build.0 = Debug|Any CPU
		{2E882362-D884-4E2E-BE20-473F2ABCCEC2}.Release|Any CPU.ActiveCfg = Release|Any CPU
		{2E882362-D884-4E2E-BE20-473F2ABCCEC2}.Release|Any CPU.Build.0 = Release|Any CPU
		{3F655A3F-4805-4AA0-828E-AAC5F2BC43DB}.Debug|Any CPU.ActiveCfg = Debug|Any CPU
		{3F655A3F-4805-4AA0-828E-AAC5F2BC43DB}.Debug|Any CPU.Build.0 = Debug|Any CPU
		{3F655A3F-4805-4AA0-828E-AAC5F2BC43DB}.Release|Any CPU.ActiveCfg = Release|Any CPU
		{3F655A3F-4805-4AA0-828E-AAC5F2BC43DB}.Release|Any CPU.Build.0 = Release|Any CPU
		{B08092F3-3505-4D1D-B33B-CF2DFDCFC519}.Debug|Any CPU.ActiveCfg = Debug|Any CPU
		{B08092F3-3505-4D1D-B33B-CF2DFDCFC519}.Debug|Any CPU.Build.0 = Debug|Any CPU
		{B08092F3-3505-4D1D-B33B-CF2DFDCFC519}.Release|Any CPU.ActiveCfg = Release|Any CPU
		{B08092F3-3505-4D1D-B33B-CF2DFDCFC519}.Release|Any CPU.Build.0 = Release|Any CPU
		{3B482E08-62EF-4607-924D-E189D7B90234}.Debug|Any CPU.ActiveCfg = Debug|Any CPU
		{3B482E08-62EF-4607-924D-E189D7B90234}.Debug|Any CPU.Build.0 = Debug|Any CPU
		{3B482E08-62EF-4607-924D-E189D7B90234}.Release|Any CPU.ActiveCfg = Release|Any CPU
		{3B482E08-62EF-4607-924D-E189D7B90234}.Release|Any CPU.Build.0 = Release|Any CPU
		{E7398B51-642B-462F-B182-E3957B455D52}.Debug|Any CPU.ActiveCfg = Debug|Any CPU
		{E7398B51-642B-462F-B182-E3957B455D52}.Debug|Any CPU.Build.0 = Debug|Any CPU
		{E7398B51-642B-462F-B182-E3957B455D52}.Release|Any CPU.ActiveCfg = Release|Any CPU
		{E7398B51-642B-462F-B182-E3957B455D52}.Release|Any CPU.Build.0 = Release|Any CPU
		{B39F5A26-7C4D-4BAF-AB96-4CF43B4BE734}.Debug|Any CPU.ActiveCfg = Debug|Any CPU
		{B39F5A26-7C4D-4BAF-AB96-4CF43B4BE734}.Debug|Any CPU.Build.0 = Debug|Any CPU
		{B39F5A26-7C4D-4BAF-AB96-4CF43B4BE734}.Release|Any CPU.ActiveCfg = Release|Any CPU
		{B39F5A26-7C4D-4BAF-AB96-4CF43B4BE734}.Release|Any CPU.Build.0 = Release|Any CPU
		{6E1CB3AD-C3F1-4F17-B4C9-1938D151CECA}.Debug|Any CPU.ActiveCfg = Debug|Any CPU
		{6E1CB3AD-C3F1-4F17-B4C9-1938D151CECA}.Debug|Any CPU.Build.0 = Debug|Any CPU
		{6E1CB3AD-C3F1-4F17-B4C9-1938D151CECA}.Release|Any CPU.ActiveCfg = Release|Any CPU
		{6E1CB3AD-C3F1-4F17-B4C9-1938D151CECA}.Release|Any CPU.Build.0 = Release|Any CPU
		{868B8C48-DFEC-4759-BE47-7E2B3F4D73CD}.Debug|Any CPU.ActiveCfg = Debug|Any CPU
		{868B8C48-DFEC-4759-BE47-7E2B3F4D73CD}.Debug|Any CPU.Build.0 = Debug|Any CPU
		{868B8C48-DFEC-4759-BE47-7E2B3F4D73CD}.Release|Any CPU.ActiveCfg = Release|Any CPU
		{868B8C48-DFEC-4759-BE47-7E2B3F4D73CD}.Release|Any CPU.Build.0 = Release|Any CPU
		{D2352213-B176-483B-86CA-2962E5E4918D}.Debug|Any CPU.ActiveCfg = Debug|Any CPU
		{D2352213-B176-483B-86CA-2962E5E4918D}.Debug|Any CPU.Build.0 = Debug|Any CPU
		{D2352213-B176-483B-86CA-2962E5E4918D}.Release|Any CPU.ActiveCfg = Release|Any CPU
		{D2352213-B176-483B-86CA-2962E5E4918D}.Release|Any CPU.Build.0 = Release|Any CPU
		{ABF5A1BF-FD77-4332-AD35-1838C0B3CA53}.Debug|Any CPU.ActiveCfg = Debug|Any CPU
		{ABF5A1BF-FD77-4332-AD35-1838C0B3CA53}.Debug|Any CPU.Build.0 = Debug|Any CPU
		{ABF5A1BF-FD77-4332-AD35-1838C0B3CA53}.Release|Any CPU.ActiveCfg = Release|Any CPU
		{ABF5A1BF-FD77-4332-AD35-1838C0B3CA53}.Release|Any CPU.Build.0 = Release|Any CPU
		{F5E10934-F8F4-44C9-AA2B-ED0168516D4C}.Debug|Any CPU.ActiveCfg = Debug|Any CPU
		{F5E10934-F8F4-44C9-AA2B-ED0168516D4C}.Debug|Any CPU.Build.0 = Debug|Any CPU
		{F5E10934-F8F4-44C9-AA2B-ED0168516D4C}.Release|Any CPU.ActiveCfg = Release|Any CPU
		{F5E10934-F8F4-44C9-AA2B-ED0168516D4C}.Release|Any CPU.Build.0 = Release|Any CPU
		{E4C208D8-46C3-44CA-872E-31C0B9661AEA}.Debug|Any CPU.ActiveCfg = Debug|Any CPU
		{E4C208D8-46C3-44CA-872E-31C0B9661AEA}.Debug|Any CPU.Build.0 = Debug|Any CPU
		{E4C208D8-46C3-44CA-872E-31C0B9661AEA}.Release|Any CPU.ActiveCfg = Release|Any CPU
		{E4C208D8-46C3-44CA-872E-31C0B9661AEA}.Release|Any CPU.Build.0 = Release|Any CPU
		{3F4256B6-5D01-427D-901A-E15A2F8FBADC}.Debug|Any CPU.ActiveCfg = Debug|Any CPU
		{3F4256B6-5D01-427D-901A-E15A2F8FBADC}.Debug|Any CPU.Build.0 = Debug|Any CPU
		{3F4256B6-5D01-427D-901A-E15A2F8FBADC}.Release|Any CPU.ActiveCfg = Release|Any CPU
		{3F4256B6-5D01-427D-901A-E15A2F8FBADC}.Release|Any CPU.Build.0 = Release|Any CPU
		{85E28B1E-1ACC-4323-B4B0-BAD287337C47}.Debug|Any CPU.ActiveCfg = Debug|Any CPU
		{85E28B1E-1ACC-4323-B4B0-BAD287337C47}.Debug|Any CPU.Build.0 = Debug|Any CPU
		{85E28B1E-1ACC-4323-B4B0-BAD287337C47}.Release|Any CPU.ActiveCfg = Release|Any CPU
		{85E28B1E-1ACC-4323-B4B0-BAD287337C47}.Release|Any CPU.Build.0 = Release|Any CPU
		{601AD2E4-0C3B-4E03-B2F7-09FCEC78CD19}.Debug|Any CPU.ActiveCfg = Debug|Any CPU
		{601AD2E4-0C3B-4E03-B2F7-09FCEC78CD19}.Debug|Any CPU.Build.0 = Debug|Any CPU
		{601AD2E4-0C3B-4E03-B2F7-09FCEC78CD19}.Release|Any CPU.ActiveCfg = Release|Any CPU
		{601AD2E4-0C3B-4E03-B2F7-09FCEC78CD19}.Release|Any CPU.Build.0 = Release|Any CPU
		{541E8122-32D7-4CAD-BE89-4CDD1A57C206}.Debug|Any CPU.ActiveCfg = Debug|Any CPU
		{541E8122-32D7-4CAD-BE89-4CDD1A57C206}.Debug|Any CPU.Build.0 = Debug|Any CPU
		{541E8122-32D7-4CAD-BE89-4CDD1A57C206}.Release|Any CPU.ActiveCfg = Release|Any CPU
		{541E8122-32D7-4CAD-BE89-4CDD1A57C206}.Release|Any CPU.Build.0 = Release|Any CPU
		{F1540F76-BA90-495F-9E02-6C7A3A3F1CF3}.Debug|Any CPU.ActiveCfg = Debug|Any CPU
		{F1540F76-BA90-495F-9E02-6C7A3A3F1CF3}.Debug|Any CPU.Build.0 = Debug|Any CPU
		{F1540F76-BA90-495F-9E02-6C7A3A3F1CF3}.Release|Any CPU.ActiveCfg = Release|Any CPU
		{F1540F76-BA90-495F-9E02-6C7A3A3F1CF3}.Release|Any CPU.Build.0 = Release|Any CPU
		{1E26ACE3-D2B2-44C3-9A55-543D4DD2366F}.Debug|Any CPU.ActiveCfg = Debug|Any CPU
		{1E26ACE3-D2B2-44C3-9A55-543D4DD2366F}.Debug|Any CPU.Build.0 = Debug|Any CPU
		{1E26ACE3-D2B2-44C3-9A55-543D4DD2366F}.Release|Any CPU.ActiveCfg = Release|Any CPU
		{1E26ACE3-D2B2-44C3-9A55-543D4DD2366F}.Release|Any CPU.Build.0 = Release|Any CPU
		{A81C14E6-893F-42FF-8EBA-9B31FFBA73BD}.Debug|Any CPU.ActiveCfg = Debug|Any CPU
		{A81C14E6-893F-42FF-8EBA-9B31FFBA73BD}.Debug|Any CPU.Build.0 = Debug|Any CPU
		{A81C14E6-893F-42FF-8EBA-9B31FFBA73BD}.Release|Any CPU.ActiveCfg = Release|Any CPU
		{A81C14E6-893F-42FF-8EBA-9B31FFBA73BD}.Release|Any CPU.Build.0 = Release|Any CPU
		{73FF2F69-BAC7-4DC9-8559-E274295462DD}.Debug|Any CPU.ActiveCfg = Debug|Any CPU
		{73FF2F69-BAC7-4DC9-8559-E274295462DD}.Debug|Any CPU.Build.0 = Debug|Any CPU
		{73FF2F69-BAC7-4DC9-8559-E274295462DD}.Release|Any CPU.ActiveCfg = Release|Any CPU
		{73FF2F69-BAC7-4DC9-8559-E274295462DD}.Release|Any CPU.Build.0 = Release|Any CPU
		{65C7EEC9-27A2-4B68-8431-A7EF134DCD4F}.Debug|Any CPU.ActiveCfg = Debug|Any CPU
		{65C7EEC9-27A2-4B68-8431-A7EF134DCD4F}.Debug|Any CPU.Build.0 = Debug|Any CPU
		{65C7EEC9-27A2-4B68-8431-A7EF134DCD4F}.Release|Any CPU.ActiveCfg = Release|Any CPU
		{65C7EEC9-27A2-4B68-8431-A7EF134DCD4F}.Release|Any CPU.Build.0 = Release|Any CPU
		{478952AC-A4A9-45FD-9083-B566CFBACE9F}.Debug|Any CPU.ActiveCfg = Debug|Any CPU
		{478952AC-A4A9-45FD-9083-B566CFBACE9F}.Debug|Any CPU.Build.0 = Debug|Any CPU
		{478952AC-A4A9-45FD-9083-B566CFBACE9F}.Release|Any CPU.ActiveCfg = Release|Any CPU
		{478952AC-A4A9-45FD-9083-B566CFBACE9F}.Release|Any CPU.Build.0 = Release|Any CPU
		{8F3A5F68-5834-4DA2-9F26-80575BB65793}.Debug|Any CPU.ActiveCfg = Debug|Any CPU
		{8F3A5F68-5834-4DA2-9F26-80575BB65793}.Debug|Any CPU.Build.0 = Debug|Any CPU
		{8F3A5F68-5834-4DA2-9F26-80575BB65793}.Release|Any CPU.ActiveCfg = Release|Any CPU
		{8F3A5F68-5834-4DA2-9F26-80575BB65793}.Release|Any CPU.Build.0 = Release|Any CPU
		{0016830C-FD67-4AC1-8001-44460380B80F}.Debug|Any CPU.ActiveCfg = Debug|Any CPU
		{0016830C-FD67-4AC1-8001-44460380B80F}.Debug|Any CPU.Build.0 = Debug|Any CPU
		{0016830C-FD67-4AC1-8001-44460380B80F}.Release|Any CPU.ActiveCfg = Release|Any CPU
		{0016830C-FD67-4AC1-8001-44460380B80F}.Release|Any CPU.Build.0 = Release|Any CPU
		{38F33231-5A70-4374-BEB3-5D77138E8D46}.Debug|Any CPU.ActiveCfg = Debug|Any CPU
		{38F33231-5A70-4374-BEB3-5D77138E8D46}.Debug|Any CPU.Build.0 = Debug|Any CPU
		{38F33231-5A70-4374-BEB3-5D77138E8D46}.Release|Any CPU.ActiveCfg = Release|Any CPU
		{38F33231-5A70-4374-BEB3-5D77138E8D46}.Release|Any CPU.Build.0 = Release|Any CPU
		{A4DA9236-7F50-4C27-B4C7-2B3F051E0FC1}.Debug|Any CPU.ActiveCfg = Debug|Any CPU
		{A4DA9236-7F50-4C27-B4C7-2B3F051E0FC1}.Debug|Any CPU.Build.0 = Debug|Any CPU
		{A4DA9236-7F50-4C27-B4C7-2B3F051E0FC1}.Release|Any CPU.ActiveCfg = Release|Any CPU
		{A4DA9236-7F50-4C27-B4C7-2B3F051E0FC1}.Release|Any CPU.Build.0 = Release|Any CPU
		{1C9FDD6C-F657-4200-83E2-70B439AB1DE4}.Debug|Any CPU.ActiveCfg = Debug|Any CPU
		{1C9FDD6C-F657-4200-83E2-70B439AB1DE4}.Debug|Any CPU.Build.0 = Debug|Any CPU
		{1C9FDD6C-F657-4200-83E2-70B439AB1DE4}.Release|Any CPU.ActiveCfg = Release|Any CPU
		{1C9FDD6C-F657-4200-83E2-70B439AB1DE4}.Release|Any CPU.Build.0 = Release|Any CPU
		{A94F9FD4-2426-4F67-8195-8812F4AFCCA6}.Debug|Any CPU.ActiveCfg = Debug|Any CPU
		{A94F9FD4-2426-4F67-8195-8812F4AFCCA6}.Debug|Any CPU.Build.0 = Debug|Any CPU
		{A94F9FD4-2426-4F67-8195-8812F4AFCCA6}.Release|Any CPU.ActiveCfg = Release|Any CPU
		{A94F9FD4-2426-4F67-8195-8812F4AFCCA6}.Release|Any CPU.Build.0 = Release|Any CPU
		{083593CC-AE10-4B5A-ADBD-7F8B13A7DD9B}.Debug|Any CPU.ActiveCfg = Debug|Any CPU
		{083593CC-AE10-4B5A-ADBD-7F8B13A7DD9B}.Debug|Any CPU.Build.0 = Debug|Any CPU
		{083593CC-AE10-4B5A-ADBD-7F8B13A7DD9B}.Release|Any CPU.ActiveCfg = Release|Any CPU
		{083593CC-AE10-4B5A-ADBD-7F8B13A7DD9B}.Release|Any CPU.Build.0 = Release|Any CPU
		{3FE1CE58-55C7-474E-B56E-3B10209EFE8A}.Debug|Any CPU.ActiveCfg = Debug|Any CPU
		{3FE1CE58-55C7-474E-B56E-3B10209EFE8A}.Debug|Any CPU.Build.0 = Debug|Any CPU
		{3FE1CE58-55C7-474E-B56E-3B10209EFE8A}.Release|Any CPU.ActiveCfg = Release|Any CPU
		{3FE1CE58-55C7-474E-B56E-3B10209EFE8A}.Release|Any CPU.Build.0 = Release|Any CPU
		{81BBE08F-15D7-4775-8153-91040FCBCC7C}.Debug|Any CPU.ActiveCfg = Debug|Any CPU
		{81BBE08F-15D7-4775-8153-91040FCBCC7C}.Debug|Any CPU.Build.0 = Debug|Any CPU
		{81BBE08F-15D7-4775-8153-91040FCBCC7C}.Release|Any CPU.ActiveCfg = Release|Any CPU
		{81BBE08F-15D7-4775-8153-91040FCBCC7C}.Release|Any CPU.Build.0 = Release|Any CPU
		{5E19A536-9791-447E-AE16-3AC271C00496}.Debug|Any CPU.ActiveCfg = Debug|Any CPU
		{5E19A536-9791-447E-AE16-3AC271C00496}.Debug|Any CPU.Build.0 = Debug|Any CPU
		{5E19A536-9791-447E-AE16-3AC271C00496}.Release|Any CPU.ActiveCfg = Release|Any CPU
		{5E19A536-9791-447E-AE16-3AC271C00496}.Release|Any CPU.Build.0 = Release|Any CPU
		{0947CD35-EA38-499F-B7DF-7BC72F0E0885}.Debug|Any CPU.ActiveCfg = Debug|Any CPU
		{0947CD35-EA38-499F-B7DF-7BC72F0E0885}.Debug|Any CPU.Build.0 = Debug|Any CPU
		{0947CD35-EA38-499F-B7DF-7BC72F0E0885}.Release|Any CPU.ActiveCfg = Release|Any CPU
		{0947CD35-EA38-499F-B7DF-7BC72F0E0885}.Release|Any CPU.Build.0 = Release|Any CPU
		{8C7038CE-B766-414F-B5E1-D15710157E85}.Debug|Any CPU.ActiveCfg = Debug|Any CPU
		{8C7038CE-B766-414F-B5E1-D15710157E85}.Debug|Any CPU.Build.0 = Debug|Any CPU
		{8C7038CE-B766-414F-B5E1-D15710157E85}.Release|Any CPU.ActiveCfg = Release|Any CPU
		{8C7038CE-B766-414F-B5E1-D15710157E85}.Release|Any CPU.Build.0 = Release|Any CPU
		{2E05649A-1EE3-47DD-82A3-A0967DEC4655}.Debug|Any CPU.ActiveCfg = Debug|Any CPU
		{2E05649A-1EE3-47DD-82A3-A0967DEC4655}.Debug|Any CPU.Build.0 = Debug|Any CPU
		{2E05649A-1EE3-47DD-82A3-A0967DEC4655}.Release|Any CPU.ActiveCfg = Release|Any CPU
		{2E05649A-1EE3-47DD-82A3-A0967DEC4655}.Release|Any CPU.Build.0 = Release|Any CPU
		{EAD7FE2C-B638-41CB-B25A-4A7998241DC4}.Debug|Any CPU.ActiveCfg = Debug|Any CPU
		{EAD7FE2C-B638-41CB-B25A-4A7998241DC4}.Debug|Any CPU.Build.0 = Debug|Any CPU
		{EAD7FE2C-B638-41CB-B25A-4A7998241DC4}.Release|Any CPU.ActiveCfg = Release|Any CPU
		{EAD7FE2C-B638-41CB-B25A-4A7998241DC4}.Release|Any CPU.Build.0 = Release|Any CPU
		{6EC01BA7-B6FD-4D30-AEF5-8FB15F475BB9}.Debug|Any CPU.ActiveCfg = Debug|Any CPU
		{6EC01BA7-B6FD-4D30-AEF5-8FB15F475BB9}.Debug|Any CPU.Build.0 = Debug|Any CPU
		{6EC01BA7-B6FD-4D30-AEF5-8FB15F475BB9}.Release|Any CPU.ActiveCfg = Release|Any CPU
		{6EC01BA7-B6FD-4D30-AEF5-8FB15F475BB9}.Release|Any CPU.Build.0 = Release|Any CPU
		{4789CCD3-F280-4550-BC95-139E72CA17EF}.Debug|Any CPU.ActiveCfg = Debug|Any CPU
		{4789CCD3-F280-4550-BC95-139E72CA17EF}.Debug|Any CPU.Build.0 = Debug|Any CPU
		{4789CCD3-F280-4550-BC95-139E72CA17EF}.Release|Any CPU.ActiveCfg = Release|Any CPU
		{4789CCD3-F280-4550-BC95-139E72CA17EF}.Release|Any CPU.Build.0 = Release|Any CPU
		{3EEF29DB-2DA7-4C66-8BCE-9BD25955AD63}.Debug|Any CPU.ActiveCfg = Debug|Any CPU
		{3EEF29DB-2DA7-4C66-8BCE-9BD25955AD63}.Debug|Any CPU.Build.0 = Debug|Any CPU
		{3EEF29DB-2DA7-4C66-8BCE-9BD25955AD63}.Release|Any CPU.ActiveCfg = Release|Any CPU
		{3EEF29DB-2DA7-4C66-8BCE-9BD25955AD63}.Release|Any CPU.Build.0 = Release|Any CPU
		{31938651-51F9-4EE9-AF35-C9BA6B5D67DF}.Debug|Any CPU.ActiveCfg = Debug|Any CPU
		{31938651-51F9-4EE9-AF35-C9BA6B5D67DF}.Debug|Any CPU.Build.0 = Debug|Any CPU
		{31938651-51F9-4EE9-AF35-C9BA6B5D67DF}.Release|Any CPU.ActiveCfg = Release|Any CPU
		{31938651-51F9-4EE9-AF35-C9BA6B5D67DF}.Release|Any CPU.Build.0 = Release|Any CPU
		{8E7FDDB9-8FED-40ED-8742-8B5CB47E479E}.Debug|Any CPU.ActiveCfg = Debug|Any CPU
		{8E7FDDB9-8FED-40ED-8742-8B5CB47E479E}.Debug|Any CPU.Build.0 = Debug|Any CPU
		{8E7FDDB9-8FED-40ED-8742-8B5CB47E479E}.Release|Any CPU.ActiveCfg = Release|Any CPU
		{8E7FDDB9-8FED-40ED-8742-8B5CB47E479E}.Release|Any CPU.Build.0 = Release|Any CPU
		{55120822-FCDE-41E2-801D-C98471959273}.Debug|Any CPU.ActiveCfg = Debug|Any CPU
		{55120822-FCDE-41E2-801D-C98471959273}.Debug|Any CPU.Build.0 = Debug|Any CPU
		{55120822-FCDE-41E2-801D-C98471959273}.Release|Any CPU.ActiveCfg = Release|Any CPU
		{55120822-FCDE-41E2-801D-C98471959273}.Release|Any CPU.Build.0 = Release|Any CPU
		{54AA97D2-D9F1-4A94-9D1F-D241CE446C04}.Debug|Any CPU.ActiveCfg = Debug|Any CPU
		{54AA97D2-D9F1-4A94-9D1F-D241CE446C04}.Debug|Any CPU.Build.0 = Debug|Any CPU
		{54AA97D2-D9F1-4A94-9D1F-D241CE446C04}.Release|Any CPU.ActiveCfg = Release|Any CPU
		{54AA97D2-D9F1-4A94-9D1F-D241CE446C04}.Release|Any CPU.Build.0 = Release|Any CPU
		{648BA63D-4FA4-400D-A3B2-36C4777CDC09}.Debug|Any CPU.ActiveCfg = Debug|Any CPU
		{648BA63D-4FA4-400D-A3B2-36C4777CDC09}.Debug|Any CPU.Build.0 = Debug|Any CPU
		{648BA63D-4FA4-400D-A3B2-36C4777CDC09}.Release|Any CPU.ActiveCfg = Release|Any CPU
		{648BA63D-4FA4-400D-A3B2-36C4777CDC09}.Release|Any CPU.Build.0 = Release|Any CPU
		{9B3177E5-9234-4024-A7A2-E19AF19D82D1}.Debug|Any CPU.ActiveCfg = Debug|Any CPU
		{9B3177E5-9234-4024-A7A2-E19AF19D82D1}.Debug|Any CPU.Build.0 = Debug|Any CPU
		{9B3177E5-9234-4024-A7A2-E19AF19D82D1}.Release|Any CPU.ActiveCfg = Release|Any CPU
		{9B3177E5-9234-4024-A7A2-E19AF19D82D1}.Release|Any CPU.Build.0 = Release|Any CPU
		{00EB0419-6A34-4215-895B-EB12AE4D971E}.Debug|Any CPU.ActiveCfg = Debug|Any CPU
		{00EB0419-6A34-4215-895B-EB12AE4D971E}.Debug|Any CPU.Build.0 = Debug|Any CPU
		{00EB0419-6A34-4215-895B-EB12AE4D971E}.Release|Any CPU.ActiveCfg = Release|Any CPU
		{00EB0419-6A34-4215-895B-EB12AE4D971E}.Release|Any CPU.Build.0 = Release|Any CPU
		{259AD850-29EA-46A1-80C7-DCD20149220A}.Debug|Any CPU.ActiveCfg = Debug|Any CPU
		{259AD850-29EA-46A1-80C7-DCD20149220A}.Debug|Any CPU.Build.0 = Debug|Any CPU
		{259AD850-29EA-46A1-80C7-DCD20149220A}.Release|Any CPU.ActiveCfg = Release|Any CPU
		{259AD850-29EA-46A1-80C7-DCD20149220A}.Release|Any CPU.Build.0 = Release|Any CPU
		{4BA5BD94-FD3F-4FA1-9B05-F368F8A4C57B}.Debug|Any CPU.ActiveCfg = Debug|Any CPU
		{4BA5BD94-FD3F-4FA1-9B05-F368F8A4C57B}.Debug|Any CPU.Build.0 = Debug|Any CPU
		{4BA5BD94-FD3F-4FA1-9B05-F368F8A4C57B}.Release|Any CPU.ActiveCfg = Release|Any CPU
		{4BA5BD94-FD3F-4FA1-9B05-F368F8A4C57B}.Release|Any CPU.Build.0 = Release|Any CPU
		{178FC023-C94F-4F40-A6ED-3E84754BBC8C}.Debug|Any CPU.ActiveCfg = Debug|Any CPU
		{178FC023-C94F-4F40-A6ED-3E84754BBC8C}.Debug|Any CPU.Build.0 = Debug|Any CPU
		{178FC023-C94F-4F40-A6ED-3E84754BBC8C}.Release|Any CPU.ActiveCfg = Release|Any CPU
		{178FC023-C94F-4F40-A6ED-3E84754BBC8C}.Release|Any CPU.Build.0 = Release|Any CPU
		{BF6674C1-A5DE-476C-A9FB-E24F6DB0B7A1}.Debug|Any CPU.ActiveCfg = Debug|Any CPU
		{BF6674C1-A5DE-476C-A9FB-E24F6DB0B7A1}.Debug|Any CPU.Build.0 = Debug|Any CPU
		{BF6674C1-A5DE-476C-A9FB-E24F6DB0B7A1}.Release|Any CPU.ActiveCfg = Release|Any CPU
		{BF6674C1-A5DE-476C-A9FB-E24F6DB0B7A1}.Release|Any CPU.Build.0 = Release|Any CPU
		{E7249B37-2DB3-4BBD-8BCE-1F02141F4E78}.Debug|Any CPU.ActiveCfg = Debug|Any CPU
		{E7249B37-2DB3-4BBD-8BCE-1F02141F4E78}.Debug|Any CPU.Build.0 = Debug|Any CPU
		{E7249B37-2DB3-4BBD-8BCE-1F02141F4E78}.Release|Any CPU.ActiveCfg = Release|Any CPU
		{E7249B37-2DB3-4BBD-8BCE-1F02141F4E78}.Release|Any CPU.Build.0 = Release|Any CPU
		{A813B452-FFDC-4A98-A87E-062BDA619553}.Debug|Any CPU.ActiveCfg = Debug|Any CPU
		{A813B452-FFDC-4A98-A87E-062BDA619553}.Debug|Any CPU.Build.0 = Debug|Any CPU
		{A813B452-FFDC-4A98-A87E-062BDA619553}.Release|Any CPU.ActiveCfg = Release|Any CPU
		{A813B452-FFDC-4A98-A87E-062BDA619553}.Release|Any CPU.Build.0 = Release|Any CPU
		{B65BF29A-90CB-4A02-A0C9-E7AE3622A889}.Debug|Any CPU.ActiveCfg = Debug|Any CPU
		{B65BF29A-90CB-4A02-A0C9-E7AE3622A889}.Debug|Any CPU.Build.0 = Debug|Any CPU
		{B65BF29A-90CB-4A02-A0C9-E7AE3622A889}.Release|Any CPU.ActiveCfg = Release|Any CPU
		{B65BF29A-90CB-4A02-A0C9-E7AE3622A889}.Release|Any CPU.Build.0 = Release|Any CPU
		{7341EA5F-B9AC-4E0E-A9C7-949454F0E6FF}.Debug|Any CPU.ActiveCfg = Debug|Any CPU
		{7341EA5F-B9AC-4E0E-A9C7-949454F0E6FF}.Debug|Any CPU.Build.0 = Debug|Any CPU
		{7341EA5F-B9AC-4E0E-A9C7-949454F0E6FF}.Release|Any CPU.ActiveCfg = Release|Any CPU
		{7341EA5F-B9AC-4E0E-A9C7-949454F0E6FF}.Release|Any CPU.Build.0 = Release|Any CPU
		{56DF4425-7C61-4833-8AB3-6BC92A5935AD}.Debug|Any CPU.ActiveCfg = Debug|Any CPU
		{56DF4425-7C61-4833-8AB3-6BC92A5935AD}.Debug|Any CPU.Build.0 = Debug|Any CPU
		{56DF4425-7C61-4833-8AB3-6BC92A5935AD}.Release|Any CPU.ActiveCfg = Release|Any CPU
		{56DF4425-7C61-4833-8AB3-6BC92A5935AD}.Release|Any CPU.Build.0 = Release|Any CPU
		{4A696072-CBE9-4ECE-9BB1-140C883FA92A}.Debug|Any CPU.ActiveCfg = Debug|Any CPU
		{4A696072-CBE9-4ECE-9BB1-140C883FA92A}.Debug|Any CPU.Build.0 = Debug|Any CPU
		{4A696072-CBE9-4ECE-9BB1-140C883FA92A}.Release|Any CPU.ActiveCfg = Release|Any CPU
		{4A696072-CBE9-4ECE-9BB1-140C883FA92A}.Release|Any CPU.Build.0 = Release|Any CPU
		{04943589-A032-4B16-991D-ECACC8E36618}.Debug|Any CPU.ActiveCfg = Debug|Any CPU
		{04943589-A032-4B16-991D-ECACC8E36618}.Debug|Any CPU.Build.0 = Debug|Any CPU
		{04943589-A032-4B16-991D-ECACC8E36618}.Release|Any CPU.ActiveCfg = Release|Any CPU
		{04943589-A032-4B16-991D-ECACC8E36618}.Release|Any CPU.Build.0 = Release|Any CPU
		{6101E76D-C984-4BB7-A9D3-E48D71E3FAB6}.Debug|Any CPU.ActiveCfg = Debug|Any CPU
		{6101E76D-C984-4BB7-A9D3-E48D71E3FAB6}.Debug|Any CPU.Build.0 = Debug|Any CPU
		{6101E76D-C984-4BB7-A9D3-E48D71E3FAB6}.Release|Any CPU.ActiveCfg = Release|Any CPU
		{6101E76D-C984-4BB7-A9D3-E48D71E3FAB6}.Release|Any CPU.Build.0 = Release|Any CPU
		{61828E34-B4A5-43D1-8037-E2BE226A7B5F}.Debug|Any CPU.ActiveCfg = Debug|Any CPU
		{61828E34-B4A5-43D1-8037-E2BE226A7B5F}.Debug|Any CPU.Build.0 = Debug|Any CPU
		{61828E34-B4A5-43D1-8037-E2BE226A7B5F}.Release|Any CPU.ActiveCfg = Release|Any CPU
		{61828E34-B4A5-43D1-8037-E2BE226A7B5F}.Release|Any CPU.Build.0 = Release|Any CPU
		{2BE63611-39B5-4E6A-8EAB-948E71082099}.Debug|Any CPU.ActiveCfg = Debug|Any CPU
		{2BE63611-39B5-4E6A-8EAB-948E71082099}.Debug|Any CPU.Build.0 = Debug|Any CPU
		{2BE63611-39B5-4E6A-8EAB-948E71082099}.Release|Any CPU.ActiveCfg = Release|Any CPU
		{2BE63611-39B5-4E6A-8EAB-948E71082099}.Release|Any CPU.Build.0 = Release|Any CPU
		{B98F46FB-517B-4CA1-9468-26F09537956B}.Debug|Any CPU.ActiveCfg = Debug|Any CPU
		{B98F46FB-517B-4CA1-9468-26F09537956B}.Debug|Any CPU.Build.0 = Debug|Any CPU
		{B98F46FB-517B-4CA1-9468-26F09537956B}.Release|Any CPU.ActiveCfg = Release|Any CPU
		{B98F46FB-517B-4CA1-9468-26F09537956B}.Release|Any CPU.Build.0 = Release|Any CPU
	EndGlobalSection
	GlobalSection(SolutionProperties) = preSolution
		HideSolutionNode = FALSE
	EndGlobalSection
	GlobalSection(NestedProjects) = preSolution
		{229F2520-C7CA-4086-9DA9-CCCC9ABE0F75} = {D4BE9A7C-AEFB-40C6-A644-DDCF50E8CA5A}
		{DEDF485F-FE76-462E-BE2A-1B2120990C96} = {D4BE9A7C-AEFB-40C6-A644-DDCF50E8CA5A}
		{1E03F670-C31F-4032-938B-3E1BB2591B29} = {D4BE9A7C-AEFB-40C6-A644-DDCF50E8CA5A}
		{42B0B7A5-BEE3-42EA-9D8F-A810B765974B} = {D4BE9A7C-AEFB-40C6-A644-DDCF50E8CA5A}
		{3F587540-52C2-4D8B-BCB5-1EE2F639B37A} = {D4BE9A7C-AEFB-40C6-A644-DDCF50E8CA5A}
		{100EB00F-5982-43B0-A605-3375972CD541} = {D4BE9A7C-AEFB-40C6-A644-DDCF50E8CA5A}
		{76659E18-E8C8-4CAD-9829-57923FF05BF5} = {D4BE9A7C-AEFB-40C6-A644-DDCF50E8CA5A}
		{A197A976-D7D8-4B9E-9A20-1FCAB5EF900B} = {D4BE9A7C-AEFB-40C6-A644-DDCF50E8CA5A}
		{1A34EDEF-EEC3-469F-A603-09EB6FF72363} = {D4BE9A7C-AEFB-40C6-A644-DDCF50E8CA5A}
		{0813F25B-3AFB-47AF-8EF9-566ADC1E9AB8} = {D4BE9A7C-AEFB-40C6-A644-DDCF50E8CA5A}
		{DB48DEDD-1A6A-4117-B061-AB468744AAFB} = {D4BE9A7C-AEFB-40C6-A644-DDCF50E8CA5A}
		{422DA3AE-3E7C-427C-ADBE-518A9C9023ED} = {D4BE9A7C-AEFB-40C6-A644-DDCF50E8CA5A}
		{DE5A67EF-993A-4809-BF8F-D0F30F195F29} = {D4BE9A7C-AEFB-40C6-A644-DDCF50E8CA5A}
		{D4BE9A7C-AEFB-40C6-A644-DDCF50E8CA5A} = {33B69919-C850-4501-8803-B1BBCA9EEC1C}
		{BF66313A-5AFF-4C6F-B4F0-50DD76C9483A} = {A73F2C13-FB21-4554-A203-C5E6884BD782}
		{78E6841F-72F8-4747-B410-BF22A9540E48} = {3426E6D7-DFCD-459D-AEF0-3E64199D06CE}
		{DD639BB1-92FC-4DA9-A0A0-C5F1AC91B7F5} = {BF66313A-5AFF-4C6F-B4F0-50DD76C9483A}
		{DEA0F5AC-3587-42B5-86A5-DE8E6BC065F8} = {BF66313A-5AFF-4C6F-B4F0-50DD76C9483A}
		{2E01BED0-B55E-4864-9E17-A47B4154D06C} = {BF66313A-5AFF-4C6F-B4F0-50DD76C9483A}
		{76A8935C-53DC-4D40-A3E8-2E61989024AD} = {BF66313A-5AFF-4C6F-B4F0-50DD76C9483A}
		{20C3C546-6A8C-4BFE-83C2-241C99A926E2} = {BF66313A-5AFF-4C6F-B4F0-50DD76C9483A}
		{85D02B64-28CA-4D48-B1CD-028F3C90D311} = {BF66313A-5AFF-4C6F-B4F0-50DD76C9483A}
		{5072505E-C383-492A-8108-F0EDF4882DB7} = {BF66313A-5AFF-4C6F-B4F0-50DD76C9483A}
		{A6D144EC-ADE1-4922-BC9C-D1B43D45DF12} = {BF66313A-5AFF-4C6F-B4F0-50DD76C9483A}
		{3A283FB2-32B7-4114-B5D9-9DB4B265583E} = {BF66313A-5AFF-4C6F-B4F0-50DD76C9483A}
		{5E7376EC-3376-41DF-A570-14292633F8DF} = {BF66313A-5AFF-4C6F-B4F0-50DD76C9483A}
		{A63EDE1E-F9BD-40A9-920A-436931FB6319} = {BF66313A-5AFF-4C6F-B4F0-50DD76C9483A}
		{05EF7A66-99AC-498B-84E3-23223A8E2406} = {BF66313A-5AFF-4C6F-B4F0-50DD76C9483A}
		{90557AD7-5FB8-4793-B049-05B479E64177} = {BF66313A-5AFF-4C6F-B4F0-50DD76C9483A}
		{54056ADB-BD2F-47C5-AC28-E463E9AEECD3} = {78E6841F-72F8-4747-B410-BF22A9540E48}
		{24DA844C-BDA1-4C64-BC52-4ADF71487B1B} = {78E6841F-72F8-4747-B410-BF22A9540E48}
		{9D1266F7-00D2-4342-9EC0-F7E73832A2B2} = {78E6841F-72F8-4747-B410-BF22A9540E48}
		{9EB7552A-6485-4454-AE57-0892B6A08BA6} = {78E6841F-72F8-4747-B410-BF22A9540E48}
		{1AB1CEA9-A5AB-451B-9B6B-AE635CF7DAC5} = {78E6841F-72F8-4747-B410-BF22A9540E48}
		{B5455AE1-B422-4B16-91E1-175075FBDEE6} = {78E6841F-72F8-4747-B410-BF22A9540E48}
		{C2328D95-250F-4968-8B7A-62CA2ECFB146} = {78E6841F-72F8-4747-B410-BF22A9540E48}
		{47EE9856-F415-4171-8609-B0531DB86167} = {78E6841F-72F8-4747-B410-BF22A9540E48}
		{DF79A03B-F754-4532-98E5-D9786EFC37B9} = {78E6841F-72F8-4747-B410-BF22A9540E48}
		{52AEFFED-EF6E-4104-B7EF-953C47A96666} = {78E6841F-72F8-4747-B410-BF22A9540E48}
		{3D439830-7810-4DEE-A0DF-5786F298E819} = {78E6841F-72F8-4747-B410-BF22A9540E48}
		{B481911F-AF15-4453-BBE8-D0E72B33A4CC} = {78E6841F-72F8-4747-B410-BF22A9540E48}
		{F4539822-A215-4521-B453-38F0E9573AB1} = {78E6841F-72F8-4747-B410-BF22A9540E48}
		{98FB21C0-9ED4-40AD-BFA4-9B146851B0AE} = {B7B7ED08-AFC2-4FA9-80D7-E1657CA449C8}
		{B6B175AE-7292-43D1-9C5F-4869EF0CD537} = {98FB21C0-9ED4-40AD-BFA4-9B146851B0AE}
		{3AEBC9D0-E2C9-4BFD-A791-4070E4F42299} = {98FB21C0-9ED4-40AD-BFA4-9B146851B0AE}
		{2E882362-D884-4E2E-BE20-473F2ABCCEC2} = {98FB21C0-9ED4-40AD-BFA4-9B146851B0AE}
		{3F655A3F-4805-4AA0-828E-AAC5F2BC43DB} = {98FB21C0-9ED4-40AD-BFA4-9B146851B0AE}
		{B08092F3-3505-4D1D-B33B-CF2DFDCFC519} = {98FB21C0-9ED4-40AD-BFA4-9B146851B0AE}
		{3B482E08-62EF-4607-924D-E189D7B90234} = {98FB21C0-9ED4-40AD-BFA4-9B146851B0AE}
		{E7398B51-642B-462F-B182-E3957B455D52} = {98FB21C0-9ED4-40AD-BFA4-9B146851B0AE}
		{B39F5A26-7C4D-4BAF-AB96-4CF43B4BE734} = {98FB21C0-9ED4-40AD-BFA4-9B146851B0AE}
		{6E1CB3AD-C3F1-4F17-B4C9-1938D151CECA} = {98FB21C0-9ED4-40AD-BFA4-9B146851B0AE}
		{868B8C48-DFEC-4759-BE47-7E2B3F4D73CD} = {98FB21C0-9ED4-40AD-BFA4-9B146851B0AE}
		{D2352213-B176-483B-86CA-2962E5E4918D} = {98FB21C0-9ED4-40AD-BFA4-9B146851B0AE}
		{ABF5A1BF-FD77-4332-AD35-1838C0B3CA53} = {98FB21C0-9ED4-40AD-BFA4-9B146851B0AE}
		{F5E10934-F8F4-44C9-AA2B-ED0168516D4C} = {98FB21C0-9ED4-40AD-BFA4-9B146851B0AE}
		{046E3422-25F8-4A8A-811D-369D3E5D5B63} = {C55ECFD1-8B7F-4CBA-A728-D1CDD8EF6083}
		{E4C208D8-46C3-44CA-872E-31C0B9661AEA} = {046E3422-25F8-4A8A-811D-369D3E5D5B63}
		{3F4256B6-5D01-427D-901A-E15A2F8FBADC} = {046E3422-25F8-4A8A-811D-369D3E5D5B63}
		{85E28B1E-1ACC-4323-B4B0-BAD287337C47} = {046E3422-25F8-4A8A-811D-369D3E5D5B63}
		{601AD2E4-0C3B-4E03-B2F7-09FCEC78CD19} = {046E3422-25F8-4A8A-811D-369D3E5D5B63}
		{541E8122-32D7-4CAD-BE89-4CDD1A57C206} = {046E3422-25F8-4A8A-811D-369D3E5D5B63}
		{F1540F76-BA90-495F-9E02-6C7A3A3F1CF3} = {046E3422-25F8-4A8A-811D-369D3E5D5B63}
		{1E26ACE3-D2B2-44C3-9A55-543D4DD2366F} = {046E3422-25F8-4A8A-811D-369D3E5D5B63}
		{A81C14E6-893F-42FF-8EBA-9B31FFBA73BD} = {046E3422-25F8-4A8A-811D-369D3E5D5B63}
		{73FF2F69-BAC7-4DC9-8559-E274295462DD} = {046E3422-25F8-4A8A-811D-369D3E5D5B63}
		{65C7EEC9-27A2-4B68-8431-A7EF134DCD4F} = {046E3422-25F8-4A8A-811D-369D3E5D5B63}
		{478952AC-A4A9-45FD-9083-B566CFBACE9F} = {046E3422-25F8-4A8A-811D-369D3E5D5B63}
		{8F3A5F68-5834-4DA2-9F26-80575BB65793} = {046E3422-25F8-4A8A-811D-369D3E5D5B63}
		{0016830C-FD67-4AC1-8001-44460380B80F} = {046E3422-25F8-4A8A-811D-369D3E5D5B63}
		{C447802C-B5D1-4A8A-AE92-487A5C198B99} = {CC7C56DE-5750-4A0F-9191-1FD2975B4000}
		{38F33231-5A70-4374-BEB3-5D77138E8D46} = {C447802C-B5D1-4A8A-AE92-487A5C198B99}
		{A4DA9236-7F50-4C27-B4C7-2B3F051E0FC1} = {C447802C-B5D1-4A8A-AE92-487A5C198B99}
		{A8EC6032-D652-4010-ADA8-9273C216023C} = {7D24B3B2-A3EF-463D-90A5-BC406723ABBE}
		{1C9FDD6C-F657-4200-83E2-70B439AB1DE4} = {A8EC6032-D652-4010-ADA8-9273C216023C}
		{A94F9FD4-2426-4F67-8195-8812F4AFCCA6} = {A8EC6032-D652-4010-ADA8-9273C216023C}
		{083593CC-AE10-4B5A-ADBD-7F8B13A7DD9B} = {A8EC6032-D652-4010-ADA8-9273C216023C}
		{3FE1CE58-55C7-474E-B56E-3B10209EFE8A} = {A8EC6032-D652-4010-ADA8-9273C216023C}
		{81BBE08F-15D7-4775-8153-91040FCBCC7C} = {A8EC6032-D652-4010-ADA8-9273C216023C}
		{5E19A536-9791-447E-AE16-3AC271C00496} = {A8EC6032-D652-4010-ADA8-9273C216023C}
		{0947CD35-EA38-499F-B7DF-7BC72F0E0885} = {A8EC6032-D652-4010-ADA8-9273C216023C}
		{8C7038CE-B766-414F-B5E1-D15710157E85} = {A8EC6032-D652-4010-ADA8-9273C216023C}
		{2E05649A-1EE3-47DD-82A3-A0967DEC4655} = {A8EC6032-D652-4010-ADA8-9273C216023C}
		{EAD7FE2C-B638-41CB-B25A-4A7998241DC4} = {A8EC6032-D652-4010-ADA8-9273C216023C}
		{6EC01BA7-B6FD-4D30-AEF5-8FB15F475BB9} = {A8EC6032-D652-4010-ADA8-9273C216023C}
		{4789CCD3-F280-4550-BC95-139E72CA17EF} = {A8EC6032-D652-4010-ADA8-9273C216023C}
		{3EEF29DB-2DA7-4C66-8BCE-9BD25955AD63} = {A8EC6032-D652-4010-ADA8-9273C216023C}
		{C2CBA0FE-212F-4E02-9636-BE3BBD93CB6D} = {51559D88-6AA2-4F6D-8B95-A6A27ECD438F}
		{31938651-51F9-4EE9-AF35-C9BA6B5D67DF} = {C2CBA0FE-212F-4E02-9636-BE3BBD93CB6D}
		{8E7FDDB9-8FED-40ED-8742-8B5CB47E479E} = {C2CBA0FE-212F-4E02-9636-BE3BBD93CB6D}
		{55120822-FCDE-41E2-801D-C98471959273} = {C2CBA0FE-212F-4E02-9636-BE3BBD93CB6D}
		{54AA97D2-D9F1-4A94-9D1F-D241CE446C04} = {C2CBA0FE-212F-4E02-9636-BE3BBD93CB6D}
		{648BA63D-4FA4-400D-A3B2-36C4777CDC09} = {C2CBA0FE-212F-4E02-9636-BE3BBD93CB6D}
		{9B3177E5-9234-4024-A7A2-E19AF19D82D1} = {C2CBA0FE-212F-4E02-9636-BE3BBD93CB6D}
		{00EB0419-6A34-4215-895B-EB12AE4D971E} = {C2CBA0FE-212F-4E02-9636-BE3BBD93CB6D}
		{259AD850-29EA-46A1-80C7-DCD20149220A} = {C2CBA0FE-212F-4E02-9636-BE3BBD93CB6D}
		{4BA5BD94-FD3F-4FA1-9B05-F368F8A4C57B} = {C2CBA0FE-212F-4E02-9636-BE3BBD93CB6D}
		{178FC023-C94F-4F40-A6ED-3E84754BBC8C} = {C2CBA0FE-212F-4E02-9636-BE3BBD93CB6D}
		{BF6674C1-A5DE-476C-A9FB-E24F6DB0B7A1} = {C2CBA0FE-212F-4E02-9636-BE3BBD93CB6D}
		{E7249B37-2DB3-4BBD-8BCE-1F02141F4E78} = {C2CBA0FE-212F-4E02-9636-BE3BBD93CB6D}
		{B65BF29A-90CB-4A02-A0C9-E7AE3622A889} = {C2CBA0FE-212F-4E02-9636-BE3BBD93CB6D}
		{EF84E888-74B7-49FE-AEA5-14FBCB2239DA} = {CC7C56DE-5750-4A0F-9191-1FD2975B4000}
		{7341EA5F-B9AC-4E0E-A9C7-949454F0E6FF} = {EF84E888-74B7-49FE-AEA5-14FBCB2239DA}
		{56DF4425-7C61-4833-8AB3-6BC92A5935AD} = {EF84E888-74B7-49FE-AEA5-14FBCB2239DA}
		{4A696072-CBE9-4ECE-9BB1-140C883FA92A} = {EF84E888-74B7-49FE-AEA5-14FBCB2239DA}
		{04943589-A032-4B16-991D-ECACC8E36618} = {EF84E888-74B7-49FE-AEA5-14FBCB2239DA}
		{6101E76D-C984-4BB7-A9D3-E48D71E3FAB6} = {EF84E888-74B7-49FE-AEA5-14FBCB2239DA}
		{4A27BF1D-6C64-4404-872F-4EA9EC9ECCB9} = {64496BED-9257-403D-ADA0-FB447C127CE3}
		{2BE63611-39B5-4E6A-8EAB-948E71082099} = {4A27BF1D-6C64-4404-872F-4EA9EC9ECCB9}
		{B98F46FB-517B-4CA1-9468-26F09537956B} = {4A27BF1D-6C64-4404-872F-4EA9EC9ECCB9}
	EndGlobalSection
	GlobalSection(ExtensibilityGlobals) = postSolution
		SolutionGuid = {B2E4AAEE-BA77-4C95-B121-D7E4C51618B5}
	EndGlobalSection
	GlobalSection(TeamFoundationVersionControl) = preSolution
		SccNumberOfProjects = 104
		SccEnterpriseProvider = {4CA58AB2-18FA-4F8D-95D4-32DDF27D184C}
		SccTeamFoundationServer = http://ngtfs:8080/tfs/rdc
		SccProjectUniqueName0 = i8WebSite\\NGWebSite\\NGWebSite.csproj
		SccProjectName0 = i8WebSite/NGWebSite
		SccLocalPath0 = i8WebSite\\NGWebSite
		SccProjectUniqueName1 = i8WebSite\\WebApiSite\\WebApiSite.csproj
		SccProjectName1 = i8WebSite/WebApiSite
		SccLocalPath1 = i8WebSite\\WebApiSite
		SccProjectUniqueName2 = RefreshJobSchedule\\RefreshJobSchedule.csproj
		SccProjectName2 = RefreshJobSchedule
		SccLocalPath2 = RefreshJobSchedule
		SccLocalPath3 = .
		SccProjectUniqueName4 = GBK\\BK\\Enterprise3.WebApi.GBK3.BK.Controller\\Enterprise3.WebApi.GBK3.BK.Controller.csproj
		SccProjectTopLevelParentUniqueName4 = G6H.sln
		SccProjectName4 = GBK/BK/Enterprise3.WebApi.GBK3.BK.Controller
		SccLocalPath4 = GBK\\BK\\Enterprise3.WebApi.GBK3.BK.Controller
		SccProjectUniqueName5 = GBK\\BK\\Enterprise3.WebApi.GBK3.BK.Model\\Enterprise3.WebApi.GBK3.BK.Model.csproj
		SccProjectTopLevelParentUniqueName5 = G6H.sln
		SccProjectName5 = GBK/BK/Enterprise3.WebApi.GBK3.BK.Model
		SccLocalPath5 = GBK\\BK\\Enterprise3.WebApi.GBK3.BK.Model
		SccProjectUniqueName6 = GBK\\BK\\GBK3.BK.Controller\\GBK3.BK.Controller.csproj
		SccProjectTopLevelParentUniqueName6 = G6H.sln
		SccProjectName6 = GBK/BK/GBK3.BK.Controller
		SccLocalPath6 = GBK\\BK\\GBK3.BK.Controller
		SccProjectUniqueName7 = GBK\\BK\\GBK3.BK.Dac.Interface\\GBK3.BK.Dac.Interface.csproj
		SccProjectTopLevelParentUniqueName7 = G6H.sln
		SccProjectName7 = GBK/BK/GBK3.BK.Dac.Interface
		SccLocalPath7 = GBK\\BK\\GBK3.BK.Dac.Interface
		SccProjectUniqueName8 = GBK\\BK\\GBK3.BK.Dac\\GBK3.BK.Dac.csproj
		SccProjectTopLevelParentUniqueName8 = G6H.sln
		SccProjectName8 = GBK/BK/GBK3.BK.Dac
		SccLocalPath8 = GBK\\BK\\GBK3.BK.Dac
		SccProjectUniqueName9 = GBK\\BK\\GBK3.BK.Facade.Interface\\GBK3.BK.Facade.Interface.csproj
		SccProjectTopLevelParentUniqueName9 = G6H.sln
		SccProjectName9 = GBK/BK/GBK3.BK.Facade.Interface
		SccLocalPath9 = GBK\\BK\\GBK3.BK.Facade.Interface
		SccProjectUniqueName10 = GBK\\BK\\GBK3.BK.Facade\\GBK3.BK.Facade.csproj
		SccProjectTopLevelParentUniqueName10 = G6H.sln
		SccProjectName10 = GBK/BK/GBK3.BK.Facade
		SccLocalPath10 = GBK\\BK\\GBK3.BK.Facade
		SccProjectUniqueName11 = GBK\\BK\\GBK3.BK.Model\\GBK3.BK.Model.csproj
		SccProjectTopLevelParentUniqueName11 = G6H.sln
		SccProjectName11 = GBK/BK/GBK3.BK.Model
		SccLocalPath11 = GBK\\BK\\GBK3.BK.Model
		SccProjectUniqueName12 = GBK\\BK\\GBK3.BK.Rule.Interface\\GBK3.BK.Rule.Interface.csproj
		SccProjectTopLevelParentUniqueName12 = G6H.sln
		SccProjectName12 = GBK/BK/GBK3.BK.Rule.Interface
		SccLocalPath12 = GBK\\BK\\GBK3.BK.Rule.Interface
		SccProjectUniqueName13 = GBK\\BK\\GBK3.BK.Rule\\GBK3.BK.Rule.csproj
		SccProjectTopLevelParentUniqueName13 = G6H.sln
		SccProjectName13 = GBK/BK/GBK3.BK.Rule
		SccLocalPath13 = GBK\\BK\\GBK3.BK.Rule
		SccProjectUniqueName14 = GBK\\BK\\GBK3.BK.Service.Interface\\GBK3.BK.Service.Interface.csproj
		SccProjectTopLevelParentUniqueName14 = G6H.sln
		SccProjectName14 = GBK/BK/GBK3.BK.Service.Interface
		SccLocalPath14 = GBK\\BK\\GBK3.BK.Service.Interface
		SccProjectUniqueName15 = GBK\\BK\\GBK3.BK.Service\\GBK3.BK.Service.csproj
		SccProjectTopLevelParentUniqueName15 = G6H.sln
		SccProjectName15 = GBK/BK/GBK3.BK.Service
		SccLocalPath15 = GBK\\BK\\GBK3.BK.Service
		SccProjectUniqueName16 = GBK\\BK\\GBK3.BK.UnitTest\\GBK3.BK.UnitTest.csproj
		SccProjectTopLevelParentUniqueName16 = G6H.sln
		SccProjectName16 = GBK/BK/GBK3.BK.UnitTest
		SccLocalPath16 = GBK\\BK\\GBK3.BK.UnitTest
		SccProjectUniqueName17 = GData\\Common\\GData3.Common.Model\\GData3.Common.Model.csproj
		SccProjectTopLevelParentUniqueName17 = G6H.sln
		SccProjectName17 = GData/Common/GData3.Common.Model
		SccLocalPath17 = GData\\Common\\GData3.Common.Model
		SccProjectUniqueName18 = GData\\Common\\GData3.Common.Utils\\GData3.Common.Utils.csproj
		SccProjectTopLevelParentUniqueName18 = G6H.sln
		SccProjectName18 = GData/Common/GData3.Common.Utils
		SccLocalPath18 = GData\\Common\\GData3.Common.Utils
		SccProjectUniqueName19 = GData\\YQHL\\GData.YQHL.Common\\GData.YQHL.Common.csproj
		SccProjectTopLevelParentUniqueName19 = G6H.sln
		SccProjectName19 = GData/YQHL/GData.YQHL.Common
		SccLocalPath19 = GData\\YQHL\\GData.YQHL.Common
		SccProjectUniqueName20 = GData\\YQHL\\GData.YQHL.Model\\GData.YQHL.Model.csproj
		SccProjectTopLevelParentUniqueName20 = G6H.sln
		SccProjectName20 = GData/YQHL/GData.YQHL.Model
		SccLocalPath20 = GData\\YQHL\\GData.YQHL.Model
		SccProjectUniqueName21 = GData\\YQHL\\GData.YQHL.Service.Interface\\GData.YQHL.Service.Interface.csproj
		SccProjectTopLevelParentUniqueName21 = G6H.sln
		SccProjectName21 = GData/YQHL/GData.YQHL.Service.Interface
		SccLocalPath21 = GData\\YQHL\\GData.YQHL.Service.Interface
		SccProjectUniqueName22 = GData\\YQHL\\GData.YQHL.Service\\GData.YQHL.Service.csproj
		SccProjectTopLevelParentUniqueName22 = G6H.sln
		SccProjectName22 = GData/YQHL/GData.YQHL.Service
		SccLocalPath22 = GData\\YQHL\\GData.YQHL.Service
		SccProjectUniqueName23 = GData\\YQHL\\GData.YQHL.WebApi.Controller\\GData.YQHL.WebApi.Controller.csproj
		SccProjectTopLevelParentUniqueName23 = G6H.sln
		SccProjectName23 = GData/YQHL/GData.YQHL.WebApi.Controller
		SccLocalPath23 = GData\\YQHL\\GData.YQHL.WebApi.Controller
		SccProjectUniqueName24 = GGK\\GK\\Enterprise3.WebApi.GGK3.GK.Controller\\Enterprise3.WebApi.GGK3.GK.Controller.csproj
		SccProjectTopLevelParentUniqueName24 = G6H.sln
		SccProjectName24 = GGK/GK/Enterprise3.WebApi.GGK3.GK.Controller
		SccLocalPath24 = GGK\\GK\\Enterprise3.WebApi.GGK3.GK.Controller
		SccProjectUniqueName25 = GGK\\GK\\Enterprise3.WebApi.GGK3.GK.Model\\Enterprise3.WebApi.GGK3.GK.Model.csproj
		SccProjectTopLevelParentUniqueName25 = G6H.sln
		SccProjectName25 = GGK/GK/Enterprise3.WebApi.GGK3.GK.Model
		SccLocalPath25 = GGK\\GK\\Enterprise3.WebApi.GGK3.GK.Model
		SccProjectUniqueName26 = GGK\\GK\\GGK3.GK.Controller\\GGK3.GK.Controller.csproj
		SccProjectTopLevelParentUniqueName26 = G6H.sln
		SccProjectName26 = GGK/GK/GGK3.GK.Controller
		SccLocalPath26 = GGK\\GK\\GGK3.GK.Controller
		SccProjectUniqueName27 = GGK\\GK\\GGK3.GK.Dac.Interface\\GGK3.GK.Dac.Interface.csproj
		SccProjectTopLevelParentUniqueName27 = G6H.sln
		SccProjectName27 = GGK/GK/GGK3.GK.Dac.Interface
		SccLocalPath27 = GGK\\GK\\GGK3.GK.Dac.Interface
		SccProjectUniqueName28 = GGK\\GK\\GGK3.GK.Dac\\GGK3.GK.Dac.csproj
		SccProjectTopLevelParentUniqueName28 = G6H.sln
		SccProjectName28 = GGK/GK/GGK3.GK.Dac
		SccLocalPath28 = GGK\\GK\\GGK3.GK.Dac
		SccProjectUniqueName29 = GGK\\GK\\GGK3.GK.Facade.Interface\\GGK3.GK.Facade.Interface.csproj
		SccProjectTopLevelParentUniqueName29 = G6H.sln
		SccProjectName29 = GGK/GK/GGK3.GK.Facade.Interface
		SccLocalPath29 = GGK\\GK\\GGK3.GK.Facade.Interface
		SccProjectUniqueName30 = GGK\\GK\\GGK3.GK.Facade\\GGK3.GK.Facade.csproj
		SccProjectTopLevelParentUniqueName30 = G6H.sln
		SccProjectName30 = GGK/GK/GGK3.GK.Facade
		SccLocalPath30 = GGK\\GK\\GGK3.GK.Facade
		SccProjectUniqueName31 = GGK\\GK\\GGK3.GK.Model\\GGK3.GK.Model.csproj
		SccProjectTopLevelParentUniqueName31 = G6H.sln
		SccProjectName31 = GGK/GK/GGK3.GK.Model
		SccLocalPath31 = GGK\\GK\\GGK3.GK.Model
		SccProjectUniqueName32 = GGK\\GK\\GGK3.GK.Rule.Interface\\GGK3.GK.Rule.Interface.csproj
		SccProjectTopLevelParentUniqueName32 = G6H.sln
		SccProjectName32 = GGK/GK/GGK3.GK.Rule.Interface
		SccLocalPath32 = GGK\\GK\\GGK3.GK.Rule.Interface
		SccProjectUniqueName33 = GGK\\GK\\GGK3.GK.Rule\\GGK3.GK.Rule.csproj
		SccProjectTopLevelParentUniqueName33 = G6H.sln
		SccProjectName33 = GGK/GK/GGK3.GK.Rule
		SccLocalPath33 = GGK\\GK\\GGK3.GK.Rule
		SccProjectUniqueName34 = GGK\\GK\\GGK3.GK.Service.Interface\\GGK3.GK.Service.Interface.csproj
		SccProjectTopLevelParentUniqueName34 = G6H.sln
		SccProjectName34 = GGK/GK/GGK3.GK.Service.Interface
		SccLocalPath34 = GGK\\GK\\GGK3.GK.Service.Interface
		SccProjectUniqueName35 = GGK\\GK\\GGK3.GK.Service\\GGK3.GK.Service.csproj
		SccProjectTopLevelParentUniqueName35 = G6H.sln
		SccProjectName35 = GGK/GK/GGK3.GK.Service
		SccLocalPath35 = GGK\\GK\\GGK3.GK.Service
		SccProjectUniqueName36 = GGK\\GK\\GGK3.GK.UnitTest\\GGK3.GK.UnitTest.csproj
		SccProjectTopLevelParentUniqueName36 = G6H.sln
		SccProjectName36 = GGK/GK/GGK3.GK.UnitTest
		SccLocalPath36 = GGK\\GK\\GGK3.GK.UnitTest
		SccProjectUniqueName37 = GJX\\GJX3.JX\\Enterprise3.WebApi.GJX3.JX.Controller\\Enterprise3.WebApi.GJX3.JX.Controller.csproj
		SccProjectTopLevelParentUniqueName37 = G6H.sln
		SccProjectName37 = GJX/GJX3.JX/Enterprise3.WebApi.GJX3.JX.Controller
		SccLocalPath37 = GJX\\GJX3.JX\\Enterprise3.WebApi.GJX3.JX.Controller
		SccProjectUniqueName38 = GJX\\GJX3.JX\\Enterprise3.WebApi.GJX3.JX.Model\\Enterprise3.WebApi.GJX3.JX.Model.csproj
		SccProjectTopLevelParentUniqueName38 = G6H.sln
		SccProjectName38 = GJX/GJX3.JX/Enterprise3.WebApi.GJX3.JX.Model
		SccLocalPath38 = GJX\\GJX3.JX\\Enterprise3.WebApi.GJX3.JX.Model
		SccProjectUniqueName39 = GJX\\GJX3.JX\\GJX3.JX.Controller\\GJX3.JX.Controller.csproj
		SccProjectTopLevelParentUniqueName39 = G6H.sln
		SccProjectName39 = GJX/GJX3.JX/GJX3.JX.Controller
		SccLocalPath39 = GJX\\GJX3.JX\\GJX3.JX.Controller
		SccProjectUniqueName40 = GJX\\GJX3.JX\\GJX3.JX.Dac.Interface\\GJX3.JX.Dac.Interface.csproj
		SccProjectTopLevelParentUniqueName40 = G6H.sln
		SccProjectName40 = GJX/GJX3.JX/GJX3.JX.Dac.Interface
		SccLocalPath40 = GJX\\GJX3.JX\\GJX3.JX.Dac.Interface
		SccProjectUniqueName41 = GJX\\GJX3.JX\\GJX3.JX.Dac\\GJX3.JX.Dac.csproj
		SccProjectTopLevelParentUniqueName41 = G6H.sln
		SccProjectName41 = GJX/GJX3.JX/GJX3.JX.Dac
		SccLocalPath41 = GJX\\GJX3.JX\\GJX3.JX.Dac
		SccProjectUniqueName42 = GJX\\GJX3.JX\\GJX3.JX.Facade.Interface\\GJX3.JX.Facade.Interface.csproj
		SccProjectTopLevelParentUniqueName42 = G6H.sln
		SccProjectName42 = GJX/GJX3.JX/GJX3.JX.Facade.Interface
		SccLocalPath42 = GJX\\GJX3.JX\\GJX3.JX.Facade.Interface
		SccProjectUniqueName43 = GJX\\GJX3.JX\\GJX3.JX.Facade\\GJX3.JX.Facade.csproj
		SccProjectTopLevelParentUniqueName43 = G6H.sln
		SccProjectName43 = GJX/GJX3.JX/GJX3.JX.Facade
		SccLocalPath43 = GJX\\GJX3.JX\\GJX3.JX.Facade
		SccProjectUniqueName44 = GJX\\GJX3.JX\\GJX3.JX.Model\\GJX3.JX.Model.csproj
		SccProjectTopLevelParentUniqueName44 = G6H.sln
		SccProjectName44 = GJX/GJX3.JX/GJX3.JX.Model
		SccLocalPath44 = GJX\\GJX3.JX\\GJX3.JX.Model
		SccProjectUniqueName45 = GJX\\GJX3.JX\\GJX3.JX.Rule.Interface\\GJX3.JX.Rule.Interface.csproj
		SccProjectTopLevelParentUniqueName45 = G6H.sln
		SccProjectName45 = GJX/GJX3.JX/GJX3.JX.Rule.Interface
		SccLocalPath45 = GJX\\GJX3.JX\\GJX3.JX.Rule.Interface
		SccProjectUniqueName46 = GJX\\GJX3.JX\\GJX3.JX.Rule\\GJX3.JX.Rule.csproj
		SccProjectTopLevelParentUniqueName46 = G6H.sln
		SccProjectName46 = GJX/GJX3.JX/GJX3.JX.Rule
		SccLocalPath46 = GJX\\GJX3.JX\\GJX3.JX.Rule
		SccProjectUniqueName47 = GJX\\GJX3.JX\\GJX3.JX.Service.Interface\\GJX3.JX.Service.Interface.csproj
		SccProjectTopLevelParentUniqueName47 = G6H.sln
		SccProjectName47 = GJX/GJX3.JX/GJX3.JX.Service.Interface
		SccLocalPath47 = GJX\\GJX3.JX\\GJX3.JX.Service.Interface
		SccProjectUniqueName48 = GJX\\GJX3.JX\\GJX3.JX.Service\\GJX3.JX.Service.csproj
		SccProjectTopLevelParentUniqueName48 = G6H.sln
		SccProjectName48 = GJX/GJX3.JX/GJX3.JX.Service
		SccLocalPath48 = GJX\\GJX3.JX\\GJX3.JX.Service
		SccProjectUniqueName49 = GJX\\GJX3.JX\\GJX3.JX.UnitTest\\GJX3.JX.UnitTest.csproj
		SccProjectTopLevelParentUniqueName49 = G6H.sln
		SccProjectName49 = GJX/GJX3.JX/GJX3.JX.UnitTest
		SccLocalPath49 = GJX\\GJX3.JX\\GJX3.JX.UnitTest
		SccProjectUniqueName50 = GQT\\Enterprise3.WebApi.GQT3.QT.Controller\\Enterprise3.WebApi.GQT3.QT.Controller.csproj
		SccProjectTopLevelParentUniqueName50 = G6H.sln
		SccProjectName50 = GQT/Enterprise3.WebApi.GQT3.QT.Controller
		SccLocalPath50 = GQT\\Enterprise3.WebApi.GQT3.QT.Controller
		SccProjectUniqueName51 = GQT\\Enterprise3.WebApi.GQT3.QT.Model\\Enterprise3.WebApi.GQT3.QT.Model.csproj
		SccProjectTopLevelParentUniqueName51 = G6H.sln
		SccProjectName51 = GQT/Enterprise3.WebApi.GQT3.QT.Model
		SccLocalPath51 = GQT\\Enterprise3.WebApi.GQT3.QT.Model
		SccProjectUniqueName52 = GQT\\GQT3.QT.Controller\\GQT3.QT.Controller.csproj
		SccProjectTopLevelParentUniqueName52 = G6H.sln
		SccProjectName52 = GQT/GQT3.QT.Controller
		SccLocalPath52 = GQT\\GQT3.QT.Controller
		SccProjectUniqueName53 = GQT\\GQT3.QT.Dac.Interface\\GQT3.QT.Dac.Interface.csproj
		SccProjectTopLevelParentUniqueName53 = G6H.sln
		SccProjectName53 = GQT/GQT3.QT.Dac.Interface
		SccLocalPath53 = GQT\\GQT3.QT.Dac.Interface
		SccProjectUniqueName54 = GQT\\GQT3.QT.Dac\\GQT3.QT.Dac.csproj
		SccProjectTopLevelParentUniqueName54 = G6H.sln
		SccProjectName54 = GQT/GQT3.QT.Dac
		SccLocalPath54 = GQT\\GQT3.QT.Dac
		SccProjectUniqueName55 = GQT\\GQT3.QT.Facade.Interface\\GQT3.QT.Facade.Interface.csproj
		SccProjectTopLevelParentUniqueName55 = G6H.sln
		SccProjectName55 = GQT/GQT3.QT.Facade.Interface
		SccLocalPath55 = GQT\\GQT3.QT.Facade.Interface
		SccProjectUniqueName56 = GQT\\GQT3.QT.Facade\\GQT3.QT.Facade.csproj
		SccProjectTopLevelParentUniqueName56 = G6H.sln
		SccProjectName56 = GQT/GQT3.QT.Facade
		SccLocalPath56 = GQT\\GQT3.QT.Facade
		SccProjectUniqueName57 = GQT\\GQT3.QT.Model\\GQT3.QT.Model.csproj
		SccProjectTopLevelParentUniqueName57 = G6H.sln
		SccProjectName57 = GQT/GQT3.QT.Model
		SccLocalPath57 = GQT\\GQT3.QT.Model
		SccProjectUniqueName58 = GQT\\GQT3.QT.Rule.Interface\\GQT3.QT.Rule.Interface.csproj
		SccProjectTopLevelParentUniqueName58 = G6H.sln
		SccProjectName58 = GQT/GQT3.QT.Rule.Interface
		SccLocalPath58 = GQT\\GQT3.QT.Rule.Interface
		SccProjectUniqueName59 = GQT\\GQT3.QT.Rule\\GQT3.QT.Rule.csproj
		SccProjectTopLevelParentUniqueName59 = G6H.sln
		SccProjectName59 = GQT/GQT3.QT.Rule
		SccLocalPath59 = GQT\\GQT3.QT.Rule
		SccProjectUniqueName60 = GQT\\GQT3.QT.Service.Interface\\GQT3.QT.Service.Interface.csproj
		SccProjectTopLevelParentUniqueName60 = G6H.sln
		SccProjectName60 = GQT/GQT3.QT.Service.Interface
		SccLocalPath60 = GQT\\GQT3.QT.Service.Interface
		SccProjectUniqueName61 = GQT\\GQT3.QT.Service\\GQT3.QT.Service.csproj
		SccProjectTopLevelParentUniqueName61 = G6H.sln
		SccProjectName61 = GQT/GQT3.QT.Service
		SccLocalPath61 = GQT\\GQT3.QT.Service
		SccProjectUniqueName62 = GQT\\GQT3.QT.UnitTest\\GQT3.QT.UnitTest.csproj
		SccProjectTopLevelParentUniqueName62 = G6H.sln
		SccProjectName62 = GQT/GQT3.QT.UnitTest
		SccLocalPath62 = GQT\\GQT3.QT.UnitTest
		SccProjectUniqueName63 = GSP\\SP\\Enterprise3.WebApi.GSP3.SP.Controller\\Enterprise3.WebApi.GSP3.SP.Controller.csproj
		SccProjectTopLevelParentUniqueName63 = G6H.sln
		SccProjectName63 = GSP/SP/Enterprise3.WebApi.GSP3.SP.Controller
		SccLocalPath63 = GSP\\SP\\Enterprise3.WebApi.GSP3.SP.Controller
		SccProjectUniqueName64 = GSP\\SP\\Enterprise3.WebApi.GSP3.SP.Model\\Enterprise3.WebApi.GSP3.SP.Model.csproj
		SccProjectTopLevelParentUniqueName64 = G6H.sln
		SccProjectName64 = GSP/SP/Enterprise3.WebApi.GSP3.SP.Model
		SccLocalPath64 = GSP\\SP\\Enterprise3.WebApi.GSP3.SP.Model
		SccProjectUniqueName65 = GSP\\SP\\GSP3.SP.Controller\\GSP3.SP.Controller.csproj
		SccProjectTopLevelParentUniqueName65 = G6H.sln
		SccProjectName65 = GSP/SP/GSP3.SP.Controller
		SccLocalPath65 = GSP\\SP\\GSP3.SP.Controller
		SccProjectUniqueName66 = GSP\\SP\\GSP3.SP.Dac.Interface\\GSP3.SP.Dac.Interface.csproj
		SccProjectTopLevelParentUniqueName66 = G6H.sln
		SccProjectName66 = GSP/SP/GSP3.SP.Dac.Interface
		SccLocalPath66 = GSP\\SP\\GSP3.SP.Dac.Interface
		SccProjectUniqueName67 = GSP\\SP\\GSP3.SP.Dac\\GSP3.SP.Dac.csproj
		SccProjectTopLevelParentUniqueName67 = G6H.sln
		SccProjectName67 = GSP/SP/GSP3.SP.Dac
		SccLocalPath67 = GSP\\SP\\GSP3.SP.Dac
		SccProjectUniqueName68 = GSP\\SP\\GSP3.SP.Facade.Interface\\GSP3.SP.Facade.Interface.csproj
		SccProjectTopLevelParentUniqueName68 = G6H.sln
		SccProjectName68 = GSP/SP/GSP3.SP.Facade.Interface
		SccLocalPath68 = GSP\\SP\\GSP3.SP.Facade.Interface
		SccProjectUniqueName69 = GSP\\SP\\GSP3.SP.Facade\\GSP3.SP.Facade.csproj
		SccProjectTopLevelParentUniqueName69 = G6H.sln
		SccProjectName69 = GSP/SP/GSP3.SP.Facade
		SccLocalPath69 = GSP\\SP\\GSP3.SP.Facade
		SccProjectUniqueName70 = GSP\\SP\\GSP3.SP.Model\\GSP3.SP.Model.csproj
		SccProjectTopLevelParentUniqueName70 = G6H.sln
		SccProjectName70 = GSP/SP/GSP3.SP.Model
		SccLocalPath70 = GSP\\SP\\GSP3.SP.Model
		SccProjectUniqueName71 = GSP\\SP\\GSP3.SP.Rule.Interface\\GSP3.SP.Rule.Interface.csproj
		SccProjectTopLevelParentUniqueName71 = G6H.sln
		SccProjectName71 = GSP/SP/GSP3.SP.Rule.Interface
		SccLocalPath71 = GSP\\SP\\GSP3.SP.Rule.Interface
		SccProjectUniqueName72 = GSP\\SP\\GSP3.SP.Rule\\GSP3.SP.Rule.csproj
		SccProjectTopLevelParentUniqueName72 = G6H.sln
		SccProjectName72 = GSP/SP/GSP3.SP.Rule
		SccLocalPath72 = GSP\\SP\\GSP3.SP.Rule
		SccProjectUniqueName73 = GSP\\SP\\GSP3.SP.Service.Interface\\GSP3.SP.Service.Interface.csproj
		SccProjectTopLevelParentUniqueName73 = G6H.sln
		SccProjectName73 = GSP/SP/GSP3.SP.Service.Interface
		SccLocalPath73 = GSP\\SP\\GSP3.SP.Service.Interface
		SccProjectUniqueName74 = GSP\\SP\\GSP3.SP.Service\\GSP3.SP.Service.csproj
		SccProjectTopLevelParentUniqueName74 = G6H.sln
		SccProjectName74 = GSP/SP/GSP3.SP.Service
		SccLocalPath74 = GSP\\SP\\GSP3.SP.Service
		SccProjectUniqueName75 = GSP\\SP\\GSP3.SP.UnitTest\\GSP3.SP.UnitTest.csproj
		SccProjectTopLevelParentUniqueName75 = G6H.sln
		SccProjectName75 = GSP/SP/GSP3.SP.UnitTest
		SccLocalPath75 = GSP\\SP\\GSP3.SP.UnitTest
		SccProjectUniqueName76 = GWF\\WorkFlow\\Enterprise3.WebApi.GWF3.WF.Controller\\Enterprise3.WebApi.GWF3.WF.Controller.csproj
		SccProjectTopLevelParentUniqueName76 = G6H.sln
		SccProjectName76 = GWF/WorkFlow/Enterprise3.WebApi.GWF3.WF.Controller
		SccLocalPath76 = GWF\\WorkFlow\\Enterprise3.WebApi.GWF3.WF.Controller
		SccProjectUniqueName77 = GWF\\WorkFlow\\Enterprise3.WebApi.GWF3.WF.Model\\Enterprise3.WebApi.GWF3.WF.Model.csproj
		SccProjectTopLevelParentUniqueName77 = G6H.sln
		SccProjectName77 = GWF/WorkFlow/Enterprise3.WebApi.GWF3.WF.Model
		SccLocalPath77 = GWF\\WorkFlow\\Enterprise3.WebApi.GWF3.WF.Model
		SccProjectUniqueName78 = GXM\\GXM3.XM\\Enterprise3.WebApi.GXM3.XM.Controller\\Enterprise3.WebApi.GXM3.XM.Controller.csproj
		SccProjectTopLevelParentUniqueName78 = G6H.sln
		SccProjectName78 = GXM/GXM3.XM/Enterprise3.WebApi.GXM3.XM.Controller
		SccLocalPath78 = GXM\\GXM3.XM\\Enterprise3.WebApi.GXM3.XM.Controller
		SccProjectUniqueName79 = GXM\\GXM3.XM\\Enterprise3.WebApi.GXM3.XM.Model\\Enterprise3.WebApi.GXM3.XM.Model.csproj
		SccProjectTopLevelParentUniqueName79 = G6H.sln
		SccProjectName79 = GXM/GXM3.XM/Enterprise3.WebApi.GXM3.XM.Model
		SccLocalPath79 = GXM\\GXM3.XM\\Enterprise3.WebApi.GXM3.XM.Model
		SccProjectUniqueName80 = GXM\\GXM3.XM\\GXM3.XM.Controller\\GXM3.XM.Controller.csproj
		SccProjectTopLevelParentUniqueName80 = G6H.sln
		SccProjectName80 = GXM/GXM3.XM/GXM3.XM.Controller
		SccLocalPath80 = GXM\\GXM3.XM\\GXM3.XM.Controller
		SccProjectUniqueName81 = GXM\\GXM3.XM\\GXM3.XM.Dac.Interface\\GXM3.XM.Dac.Interface.csproj
		SccProjectTopLevelParentUniqueName81 = G6H.sln
		SccProjectName81 = GXM/GXM3.XM/GXM3.XM.Dac.Interface
		SccLocalPath81 = GXM\\GXM3.XM\\GXM3.XM.Dac.Interface
		SccProjectUniqueName82 = GXM\\GXM3.XM\\GXM3.XM.Dac\\GXM3.XM.Dac.csproj
		SccProjectTopLevelParentUniqueName82 = G6H.sln
		SccProjectName82 = GXM/GXM3.XM/GXM3.XM.Dac
		SccLocalPath82 = GXM\\GXM3.XM\\GXM3.XM.Dac
		SccProjectUniqueName83 = GXM\\GXM3.XM\\GXM3.XM.Facade.Interface\\GXM3.XM.Facade.Interface.csproj
		SccProjectTopLevelParentUniqueName83 = G6H.sln
		SccProjectName83 = GXM/GXM3.XM/GXM3.XM.Facade.Interface
		SccLocalPath83 = GXM\\GXM3.XM\\GXM3.XM.Facade.Interface
		SccProjectUniqueName84 = GXM\\GXM3.XM\\GXM3.XM.Facade\\GXM3.XM.Facade.csproj
		SccProjectTopLevelParentUniqueName84 = G6H.sln
		SccProjectName84 = GXM/GXM3.XM/GXM3.XM.Facade
		SccLocalPath84 = GXM\\GXM3.XM\\GXM3.XM.Facade
		SccProjectUniqueName85 = GXM\\GXM3.XM\\GXM3.XM.Model\\GXM3.XM.Model.csproj
		SccProjectTopLevelParentUniqueName85 = G6H.sln
		SccProjectName85 = GXM/GXM3.XM/GXM3.XM.Model
		SccLocalPath85 = GXM\\GXM3.XM\\GXM3.XM.Model
		SccProjectUniqueName86 = GXM\\GXM3.XM\\GXM3.XM.Rule.Interface\\GXM3.XM.Rule.Interface.csproj
		SccProjectTopLevelParentUniqueName86 = G6H.sln
		SccProjectName86 = GXM/GXM3.XM/GXM3.XM.Rule.Interface
		SccLocalPath86 = GXM\\GXM3.XM\\GXM3.XM.Rule.Interface
		SccProjectUniqueName87 = GXM\\GXM3.XM\\GXM3.XM.Rule\\GXM3.XM.Rule.csproj
		SccProjectTopLevelParentUniqueName87 = G6H.sln
		SccProjectName87 = GXM/GXM3.XM/GXM3.XM.Rule
		SccLocalPath87 = GXM\\GXM3.XM\\GXM3.XM.Rule
		SccProjectUniqueName88 = GXM\\GXM3.XM\\GXM3.XM.Service.Interface\\GXM3.XM.Service.Interface.csproj
		SccProjectTopLevelParentUniqueName88 = G6H.sln
		SccProjectName88 = GXM/GXM3.XM/GXM3.XM.Service.Interface
		SccLocalPath88 = GXM\\GXM3.XM\\GXM3.XM.Service.Interface
		SccProjectUniqueName89 = GXM\\GXM3.XM\\GXM3.XM.Service\\GXM3.XM.Service.csproj
		SccProjectTopLevelParentUniqueName89 = G6H.sln
		SccProjectName89 = GXM/GXM3.XM/GXM3.XM.Service
		SccLocalPath89 = GXM\\GXM3.XM\\GXM3.XM.Service
		SccProjectUniqueName90 = GXM\\GXM3.XM\\GXM3.XM.UnitTest\\GXM3.XM.UnitTest.csproj
		SccProjectTopLevelParentUniqueName90 = G6H.sln
		SccProjectName90 = GXM/GXM3.XM/GXM3.XM.UnitTest
		SccLocalPath90 = GXM\\GXM3.XM\\GXM3.XM.UnitTest
		SccProjectUniqueName91 = GYS\\GYS3.YS\\Enterprise3.WebApi.GYS3.YS.Controller\\Enterprise3.WebApi.GYS3.YS.Controller.csproj
		SccProjectTopLevelParentUniqueName91 = G6H.sln
		SccProjectName91 = GYS/GYS3.YS/Enterprise3.WebApi.GYS3.YS.Controller
		SccLocalPath91 = GYS\\GYS3.YS\\Enterprise3.WebApi.GYS3.YS.Controller
		SccProjectUniqueName92 = GYS\\GYS3.YS\\Enterprise3.WebApi.GYS3.YS.Model\\Enterprise3.WebApi.GYS3.YS.Model.csproj
		SccProjectTopLevelParentUniqueName92 = G6H.sln
		SccProjectName92 = GYS/GYS3.YS/Enterprise3.WebApi.GYS3.YS.Model
		SccLocalPath92 = GYS\\GYS3.YS\\Enterprise3.WebApi.GYS3.YS.Model
		SccProjectUniqueName93 = GYS\\GYS3.YS\\GYS3.YS.Controller\\GYS3.YS.Controller.csproj
		SccProjectTopLevelParentUniqueName93 = G6H.sln
		SccProjectName93 = GYS/GYS3.YS/GYS3.YS.Controller
		SccLocalPath93 = GYS\\GYS3.YS\\GYS3.YS.Controller
		SccProjectUniqueName94 = GYS\\GYS3.YS\\GYS3.YS.Dac.Interface\\GYS3.YS.Dac.Interface.csproj
		SccProjectTopLevelParentUniqueName94 = G6H.sln
		SccProjectName94 = GYS/GYS3.YS/GYS3.YS.Dac.Interface
		SccLocalPath94 = GYS\\GYS3.YS\\GYS3.YS.Dac.Interface
		SccProjectUniqueName95 = GYS\\GYS3.YS\\GYS3.YS.Dac\\GYS3.YS.Dac.csproj
		SccProjectTopLevelParentUniqueName95 = G6H.sln
		SccProjectName95 = GYS/GYS3.YS/GYS3.YS.Dac
		SccLocalPath95 = GYS\\GYS3.YS\\GYS3.YS.Dac
		SccProjectUniqueName96 = GYS\\GYS3.YS\\GYS3.YS.Facade.Interface\\GYS3.YS.Facade.Interface.csproj
		SccProjectTopLevelParentUniqueName96 = G6H.sln
		SccProjectName96 = GYS/GYS3.YS/GYS3.YS.Facade.Interface
		SccLocalPath96 = GYS\\GYS3.YS\\GYS3.YS.Facade.Interface
		SccProjectUniqueName97 = GYS\\GYS3.YS\\GYS3.YS.Facade\\GYS3.YS.Facade.csproj
		SccProjectTopLevelParentUniqueName97 = G6H.sln
		SccProjectName97 = GYS/GYS3.YS/GYS3.YS.Facade
		SccLocalPath97 = GYS\\GYS3.YS\\GYS3.YS.Facade
		SccProjectUniqueName98 = GYS\\GYS3.YS\\GYS3.YS.Model\\GYS3.YS.Model.csproj
		SccProjectTopLevelParentUniqueName98 = G6H.sln
		SccProjectName98 = GYS/GYS3.YS/GYS3.YS.Model
		SccLocalPath98 = GYS\\GYS3.YS\\GYS3.YS.Model
		SccProjectUniqueName99 = GYS\\GYS3.YS\\GYS3.YS.Rule.Interface\\GYS3.YS.Rule.Interface.csproj
		SccProjectTopLevelParentUniqueName99 = G6H.sln
		SccProjectName99 = GYS/GYS3.YS/GYS3.YS.Rule.Interface
		SccLocalPath99 = GYS\\GYS3.YS\\GYS3.YS.Rule.Interface
		SccProjectUniqueName100 = GYS\\GYS3.YS\\GYS3.YS.Rule\\GYS3.YS.Rule.csproj
		SccProjectTopLevelParentUniqueName100 = G6H.sln
		SccProjectName100 = GYS/GYS3.YS/GYS3.YS.Rule
		SccLocalPath100 = GYS\\GYS3.YS\\GYS3.YS.Rule
		SccProjectUniqueName101 = GYS\\GYS3.YS\\GYS3.YS.Service.Interface\\GYS3.YS.Service.Interface.csproj
		SccProjectTopLevelParentUniqueName101 = G6H.sln
		SccProjectName101 = GYS/GYS3.YS/GYS3.YS.Service.Interface
		SccLocalPath101 = GYS\\GYS3.YS\\GYS3.YS.Service.Interface
		SccProjectUniqueName102 = GYS\\GYS3.YS\\GYS3.YS.Service\\GYS3.YS.Service.csproj
		SccProjectTopLevelParentUniqueName102 = G6H.sln
		SccProjectName102 = GYS/GYS3.YS/GYS3.YS.Service
		SccLocalPath102 = GYS\\GYS3.YS\\GYS3.YS.Service
		SccProjectUniqueName103 = GYS\\GYS3.YS\\GYS3.YS.UnitTest\\GYS3.YS.UnitTest.csproj
		SccProjectTopLevelParentUniqueName103 = G6H.sln
		SccProjectName103 = GYS/GYS3.YS/GYS3.YS.UnitTest
		SccLocalPath103 = GYS\\GYS3.YS\\GYS3.YS.UnitTest
	EndGlobalSection
EndGlobal
