
Microsoft Visual Studio Solution File, Format Version 12.00
# Visual Studio 14
VisualStudioVersion = 14.0.25420.1
MinimumVisualStudioVersion = 10.0.40219.1
Project("{2150E333-8FDC-42A3-9474-1A3956D46DE8}") = "Common", "Common", "{C6FBB034-2D5E-4194-8900-A4B1605B850E}"
EndProject
Project("{FAE04EC0-301F-11D3-BF4B-00C04F79EFBC}") = "SUP.Common.Base", "Common\SUP.Common.Base\SUP.Common.Base.csproj", "{DC8F3685-C798-48E3-B1A8-3BA1B2A033DD}"
EndProject
Project("{FAE04EC0-301F-11D3-BF4B-00C04F79EFBC}") = "SUP.Common.Controller", "Common\SUP.Common.Controller\SUP.Common.Controller.csproj", "{60183A70-3920-4EAB-9E01-5A52A2135D62}"
EndProject
Project("{FAE04EC0-301F-11D3-BF4B-00C04F79EFBC}") = "SUP.Common.DataAccess", "Common\SUP.Common.DataAccess\SUP.Common.DataAccess.csproj", "{962CC709-55BA-4D0A-AB69-B2272B60F454}"
EndProject
Project("{FAE04EC0-301F-11D3-BF4B-00C04F79EFBC}") = "SUP.Common.DataEntity", "Common\SUP.Common.DataEntity\SUP.Common.DataEntity.csproj", "{A71D85D7-4EEE-4AE5-8831-28F072D419F9}"
EndProject
Project("{FAE04EC0-301F-11D3-BF4B-00C04F79EFBC}") = "SUP.Common.Facade", "Common\SUP.Common.Facade\SUP.Common.Facade.csproj", "{4104727B-9707-4512-9F63-52D41D1689C5}"
EndProject
Project("{FAE04EC0-301F-11D3-BF4B-00C04F79EFBC}") = "SUP.Common.Rule", "Common\SUP.Common.Rule\SUP.Common.Rule.csproj", "{EF47CEA0-086D-4F45-9B3B-D3381704E055}"
EndProject
Project("{2150E333-8FDC-42A3-9474-1A3956D46DE8}") = "Frame", "Frame", "{4C06062F-AC9C-47D2-B053-E29528294F47}"
EndProject
Project("{2150E333-8FDC-42A3-9474-1A3956D46DE8}") = "Right", "Right", "{A7B584C6-2B78-4CDE-98E1-1F58A43D5B61}"
EndProject
Project("{FAE04EC0-301F-11D3-BF4B-00C04F79EFBC}") = "SUP.Right.Controller", "Right\SUP.Right.Controller\SUP.Right.Controller.csproj", "{6249C3EE-7ABD-4885-9494-4E60135840BD}"
EndProject
Project("{FAE04EC0-301F-11D3-BF4B-00C04F79EFBC}") = "SUP.Right.Facade", "Right\SUP.Right.Facade\SUP.Right.Facade.csproj", "{A0E23385-392A-4ED6-8F97-EADFFC375497}"
EndProject
Project("{FAE04EC0-301F-11D3-BF4B-00C04F79EFBC}") = "SUP.Right.Rules", "Right\SUP.Right.Rules\SUP.Right.Rules.csproj", "{0A053C02-DD2C-405E-8CF2-B383B51B52F8}"
EndProject
Project("{FAE04EC0-301F-11D3-BF4B-00C04F79EFBC}") = "SUP.Frame.Controller", "Frame\SUP.Frame.Controller\SUP.Frame.Controller.csproj", "{EB93289F-C1E3-47CE-BE84-31F1B2E9433A}"
EndProject
Project("{FAE04EC0-301F-11D3-BF4B-00C04F79EFBC}") = "SUP.Frame.DataAccess", "Frame\SUP.Frame.DataAccess\SUP.Frame.DataAccess.csproj", "{3A8A2EE7-1335-4695-ACC4-EFD541D66D2D}"
EndProject
Project("{FAE04EC0-301F-11D3-BF4B-00C04F79EFBC}") = "SUP.Frame.Facade", "Frame\SUP.Frame.Facade\SUP.Frame.Facade.csproj", "{E8A12A4E-5436-43FF-94CD-09E094CA7A6F}"
EndProject
Project("{FAE04EC0-301F-11D3-BF4B-00C04F79EFBC}") = "SUP.Frame.Rule", "Frame\SUP.Frame.Rule\SUP.Frame.Rule.csproj", "{359EB51F-3C88-4CB8-8C29-62102D8E5D81}"
EndProject
Project("{FAE04EC0-301F-11D3-BF4B-00C04F79EFBC}") = "NGWebSite", "NGWebSite\NGWebSite.csproj", "{05372F1A-C01A-44DC-A1DD-E72FBA5D1B29}"
EndProject
Project("{2150E333-8FDC-42A3-9474-1A3956D46DE8}") = "Portal", "Portal", "{A9E037B9-2EA5-45EE-9913-5E687C95FBA6}"
EndProject
Project("{2150E333-8FDC-42A3-9474-1A3956D46DE8}") = "Attachment", "Attachment", "{DDFEF993-D35C-4AF4-86CC-FC005DD4C615}"
EndProject
Project("{FAE04EC0-301F-11D3-BF4B-00C04F79EFBC}") = "SUP.Attachment.Controller", "Attachment\SUP.Attachment.Controller\SUP.Attachment.Controller.csproj", "{B619A637-435E-48D2-8AE5-FF0DD880A4D1}"
EndProject
Project("{FAE04EC0-301F-11D3-BF4B-00C04F79EFBC}") = "SUP.Attachment.DataAccess", "Attachment\SUP.Attachment.DataAccess\SUP.Attachment.DataAccess.csproj", "{42B2F780-C0BD-472D-81A8-03F3E10716E6}"
EndProject
Project("{FAE04EC0-301F-11D3-BF4B-00C04F79EFBC}") = "SUP.Attachment.DataEntity", "Attachment\SUP.Attachment.DataEntity\SUP.Attachment.DataEntity.csproj", "{1E36B971-E835-4F31-B14C-3F7BE98AD7C2}"
EndProject
Project("{FAE04EC0-301F-11D3-BF4B-00C04F79EFBC}") = "SUP.Attachment.Facade", "Attachment\SUP.Attachment.Facade\SUP.Attachment.Facade.csproj", "{BD2C6CB2-FD69-467C-A2F4-D7C59A560438}"
EndProject
Project("{FAE04EC0-301F-11D3-BF4B-00C04F79EFBC}") = "SUP.Attachment.Rule", "Attachment\SUP.Attachment.Rule\SUP.Attachment.Rule.csproj", "{61196457-AE79-499A-A8F0-8D9989FC5D05}"
EndProject
Project("{FAE04EC0-301F-11D3-BF4B-00C04F79EFBC}") = "SUP.Portal.Controller", "Portal\SUP.Portal.Controller\SUP.Portal.Controller.csproj", "{D36D665F-9EC4-4BA7-9DBD-CF2276081A04}"
EndProject
Project("{FAE04EC0-301F-11D3-BF4B-00C04F79EFBC}") = "SUP.Portal.DataEntity", "Portal\SUP.Portal.DataEntity\SUP.Portal.DataEntity.csproj", "{D30265C8-3596-48C6-956E-256D500D0A2D}"
EndProject
Project("{FAE04EC0-301F-11D3-BF4B-00C04F79EFBC}") = "SUP.Portal.Facade", "Portal\SUP.Portal.Facade\SUP.Portal.Facade.csproj", "{60892503-44B7-4DD3-9E00-167F5F0F50DB}"
EndProject
Project("{FAE04EC0-301F-11D3-BF4B-00C04F79EFBC}") = "SUP.Portal.Rule", "Portal\SUP.Portal.Rule\SUP.Portal.Rule.csproj", "{59CC7561-1437-42FD-94DF-2FD5AF18628D}"
EndProject
Project("{FAE04EC0-301F-11D3-BF4B-00C04F79EFBC}") = "SUP.Portal.DataAccess", "Portal\SUP.Portal.DataAccess\SUP.Portal.DataAccess.csproj", "{2250817D-ED92-46DD-BFCF-1C1185820752}"
EndProject
Project("{2150E333-8FDC-42A3-9474-1A3956D46DE8}") = "API", "API", "{44C1514C-B102-4FDC-A1A2-32F6BAF9073D}"
EndProject
Project("{FAE04EC0-301F-11D3-BF4B-00C04F79EFBC}") = "NG3.SDK", "API\NG3.SDK\NG3.SDK.csproj", "{CCD958FF-3D5E-4B32-BAAB-7D1895E59C1B}"
EndProject
Project("{FAE04EC0-301F-11D3-BF4B-00C04F79EFBC}") = "SUP.Frame.DataEntity", "Frame\SUP.Frame.DataEntity\SUP.Frame.DataEntity.csproj", "{5C8117DB-2C51-46CE-B712-5B7871AA84C1}"
EndProject
Project("{2150E333-8FDC-42A3-9474-1A3956D46DE8}") = "CustomForm", "CustomForm", "{408D7BE8-AB74-4956-AA9E-0CC2FF89212E}"
EndProject
Project("{FAE04EC0-301F-11D3-BF4B-00C04F79EFBC}") = "SUP.CustomForm.Rule", "CustomForm\SUP.CustomForm.Rule\SUP.CustomForm.Rule.csproj", "{B20D4623-530B-424C-8FBF-F95FFBCE0AB3}"
EndProject
Project("{FAE04EC0-301F-11D3-BF4B-00C04F79EFBC}") = "SUP.CustomForm.DataAccess", "CustomForm\SUP.CustomForm.DataAccess\SUP.CustomForm.DataAccess.csproj", "{ADA14C7F-5971-4FEE-9456-E7936F0A764A}"
EndProject
Project("{FAE04EC0-301F-11D3-BF4B-00C04F79EFBC}") = "SUP.CustomForm.DataEntity", "CustomForm\SUP.CustomForm.DataEntity\SUP.CustomForm.DataEntity.csproj", "{EC67DDDE-5F0E-484D-97F8-00C1153E45A4}"
EndProject
Project("{FAE04EC0-301F-11D3-BF4B-00C04F79EFBC}") = "SUP.CustomForm.Facade", "CustomForm\SUP.CustomForm.Facade\SUP.CustomForm.Facade.csproj", "{E18FA293-DC96-4868-8AFA-894189675915}"
EndProject
Project("{FAE04EC0-301F-11D3-BF4B-00C04F79EFBC}") = "SUP.CustomForm.Controller", "CustomForm\SUP.CustomForm.Controller\SUP.CustomForm.Controller.csproj", "{4C3B8BED-A519-4DF4-B366-CAF38196A99B}"
EndProject
Project("{FAE04EC0-301F-11D3-BF4B-00C04F79EFBC}") = "SUP.CustomForm.ClientGen", "CustomForm\SUP.CustomForm.ClientGen\SUP.CustomForm.ClientGen.csproj", "{B9241BCB-0F25-49F1-967F-79D6B5DEA32F}"
EndProject
Project("{FAE04EC0-301F-11D3-BF4B-00C04F79EFBC}") = "SUP.CustomForm.ServerGen", "CustomForm\SUP.CustomForm.ServerGen\SUP.CustomForm.ServerGen.csproj", "{C6805822-9CFD-4678-944C-CB0CD178A061}"
EndProject
Project("{FAE04EC0-301F-11D3-BF4B-00C04F79EFBC}") = "SUP.CustomForm.Builder", "CustomForm\SUP.CustomForm.Builder\SUP.CustomForm.Builder.csproj", "{CB9399DB-8740-46B9-9CE2-71DC8600EA80}"
EndProject
Project("{FAE04EC0-301F-11D3-BF4B-00C04F79EFBC}") = "SUP.NSServer", "Common\SUP.NSServer\SUP.NSServer.csproj", "{CE047682-5AA9-4D07-8FE6-F9000189374C}"
EndProject
Project("{FAE04EC0-301F-11D3-BF4B-00C04F79EFBC}") = "NG3.Metadata", "CustomForm\NG3.Metadata\NG3.Metadata.csproj", "{09B59914-7E10-4AAD-8B61-375E819182E0}"
EndProject
Project("{FAE04EC0-301F-11D3-BF4B-00C04F79EFBC}") = "NG3.Metadata.PBDesignerParse", "CustomForm\NG3.Metadata.PBDesignerParse\NG3.Metadata.PBDesignerParse.csproj", "{497DFC12-EB02-45B0-8D8E-2A5F0B84BE58}"
EndProject
Project("{2150E333-8FDC-42A3-9474-1A3956D46DE8}") = "AddIn", "AddIn", "{CED9E017-23B1-46F3-899C-DE6AF2D33D0A}"
EndProject
Project("{FAE04EC0-301F-11D3-BF4B-00C04F79EFBC}") = "NG3.Addin.Controller", "Addin\NG3.Addin.Controller\NG3.Addin.Controller.csproj", "{0813F25B-3AFB-47AF-8EF9-566ADC1E9AB8}"
EndProject
Project("{FAE04EC0-301F-11D3-BF4B-00C04F79EFBC}") = "NG3.Addin.Core", "Addin\NG3.Addin.Core\NG3.Addin.Core.csproj", "{5F5DDDC5-8BF6-4416-A441-EE3D183775FA}"
EndProject
Project("{FAE04EC0-301F-11D3-BF4B-00C04F79EFBC}") = "NG3.Addin.Dac", "Addin\NG3.Addin.Dac\NG3.Addin.Dac.csproj", "{DEDF485F-FE76-462E-BE2A-1B2120990C96}"
EndProject
Project("{FAE04EC0-301F-11D3-BF4B-00C04F79EFBC}") = "NG3.Addin.Dac.Interface", "Addin\NG3.Addin.Dac.Interface\NG3.Addin.Dac.Interface.csproj", "{1E03F670-C31F-4032-938B-3E1BB2591B29}"
EndProject
Project("{FAE04EC0-301F-11D3-BF4B-00C04F79EFBC}") = "NG3.Addin.Facade", "Addin\NG3.Addin.Facade\NG3.Addin.Facade.csproj", "{100EB00F-5982-43B0-A605-3375972CD541}"
EndProject
Project("{FAE04EC0-301F-11D3-BF4B-00C04F79EFBC}") = "NG3.Addin.Facade.Interface", "Addin\NG3.Addin.Facade.Interface\NG3.Addin.Facade.Interface.csproj", "{76659E18-E8C8-4CAD-9829-57923FF05BF5}"
EndProject
Project("{FAE04EC0-301F-11D3-BF4B-00C04F79EFBC}") = "NG3.Addin.Model", "Addin\NG3.Addin.Model\NG3.Addin.Model.csproj", "{229F2520-C7CA-4086-9DA9-CCCC9ABE0F75}"
EndProject
Project("{FAE04EC0-301F-11D3-BF4B-00C04F79EFBC}") = "NG3.Addin.Rule", "Addin\NG3.Addin.Rule\NG3.Addin.Rule.csproj", "{42B0B7A5-BEE3-42EA-9D8F-A810B765974B}"
EndProject
Project("{FAE04EC0-301F-11D3-BF4B-00C04F79EFBC}") = "NG3.Addin.Rule.Interface", "Addin\NG3.Addin.Rule.Interface\NG3.Addin.Rule.Interface.csproj", "{3F587540-52C2-4D8B-BCB5-1EE2F639B37A}"
EndProject
Project("{FAE04EC0-301F-11D3-BF4B-00C04F79EFBC}") = "NG3.Addin.Service", "Addin\NG3.Addin.Service\NG3.Addin.Service.csproj", "{A197A976-D7D8-4B9E-9A20-1FCAB5EF900B}"
EndProject
Project("{FAE04EC0-301F-11D3-BF4B-00C04F79EFBC}") = "NG3.Addin.Service.Interface", "Addin\NG3.Addin.Service.Interface\NG3.Addin.Service.Interface.csproj", "{1A34EDEF-EEC3-469F-A603-09EB6FF72363}"
EndProject
Project("{FAE04EC0-301F-11D3-BF4B-00C04F79EFBC}") = "NG3.Addin.UnitTest", "Addin\NG3.Addin.UnitTest\NG3.Addin.UnitTest.csproj", "{DE5A67EF-993A-4809-BF8F-D0F30F195F29}"
EndProject
Project("{FAE04EC0-301F-11D3-BF4B-00C04F79EFBC}") = "SUP.Common.Interface", "Common\SUP.Common.Interface\SUP.Common.Interface.csproj", "{55B09433-1681-48D7-9296-0FB81EB128D6}"
EndProject
Project("{FAE04EC0-301F-11D3-BF4B-00C04F79EFBC}") = "NG3.Bill.Base", "NG3.Bill.Base\NG3.Bill.Base.csproj", "{43A6DC3E-7B89-4E28-80CC-9CC300449E09}"
EndProject
Project("{FAE04EC0-301F-11D3-BF4B-00C04F79EFBC}") = "SUP3.Log.Service.Interface", "Log\SUP3.Log.Service.Interface\SUP3.Log.Service.Interface.csproj", "{503C9EFE-0015-4674-B482-04D8D159C6F6}"
EndProject
Project("{FAE04EC0-301F-11D3-BF4B-00C04F79EFBC}") = "SUP3.Log.Service", "Log\SUP3.Log.Service\SUP3.Log.Service.csproj", "{4B203B85-DF1D-4AA1-8943-2913A31FCB5C}"
EndProject
Project("{FAE04EC0-301F-11D3-BF4B-00C04F79EFBC}") = "SUP3.Log.Rule.Interface", "Log\SUP3.Log.Rule.Interface\SUP3.Log.Rule.Interface.csproj", "{D8DBC58B-06A0-4637-B739-770DDDE9F0CE}"
EndProject
Project("{FAE04EC0-301F-11D3-BF4B-00C04F79EFBC}") = "SUP3.Log.Rule", "Log\SUP3.Log.Rule\SUP3.Log.Rule.csproj", "{BB86212B-34DE-4B07-8208-B698AEE5F89C}"
EndProject
Project("{FAE04EC0-301F-11D3-BF4B-00C04F79EFBC}") = "SUP3.Log.Model", "Log\SUP3.Log.Model\SUP3.Log.Model.csproj", "{AEF9F7D6-B8AC-4D8C-8247-836CF163C274}"
EndProject
Project("{FAE04EC0-301F-11D3-BF4B-00C04F79EFBC}") = "SUP3.Log.Facade.Interface", "Log\SUP3.Log.Facade.Interface\SUP3.Log.Facade.Interface.csproj", "{3799EE90-A161-47E0-A078-9EBC9C2EF8DD}"
EndProject
Project("{FAE04EC0-301F-11D3-BF4B-00C04F79EFBC}") = "SUP3.Log.Facade", "Log\SUP3.Log.Facade\SUP3.Log.Facade.csproj", "{96245CDA-747F-4D43-B30F-4F7DCEC3F31C}"
EndProject
Project("{FAE04EC0-301F-11D3-BF4B-00C04F79EFBC}") = "SUP3.Log.Dac.Interface", "Log\SUP3.Log.Dac.Interface\SUP3.Log.Dac.Interface.csproj", "{F9B03EF8-3F48-4344-80AE-F510CA559FE9}"
EndProject
Project("{FAE04EC0-301F-11D3-BF4B-00C04F79EFBC}") = "SUP3.Log.Dac", "Log\SUP3.Log.Dac\SUP3.Log.Dac.csproj", "{4E17394F-2523-4A60-939A-5BFE7E42F403}"
EndProject
Project("{FAE04EC0-301F-11D3-BF4B-00C04F79EFBC}") = "SUP3.Log.Controller", "Log\SUP3.Log.Controller\SUP3.Log.Controller.csproj", "{B1EC06A4-E5DB-4889-B82B-7188B32479A0}"
EndProject
Project("{2150E333-8FDC-42A3-9474-1A3956D46DE8}") = "Log", "Log", "{1704B859-0A26-4671-90B6-1F7447723FE0}"
EndProject
Project("{FAE04EC0-301F-11D3-BF4B-00C04F79EFBC}") = "Enterprise3.WebApi.SUP3.Log.Controller", "Log\Enterprise3.WebApi.SUP3.Log.Controller\Enterprise3.WebApi.SUP3.Log.Controller.csproj", "{DB48DEDD-1A6A-4117-B061-AB468744AAFB}"
EndProject
Global
	GlobalSection(SolutionConfigurationPlatforms) = preSolution
		Debug|Any CPU = Debug|Any CPU
		Release|Any CPU = Release|Any CPU
	EndGlobalSection
	GlobalSection(ProjectConfigurationPlatforms) = postSolution
		{DC8F3685-C798-48E3-B1A8-3BA1B2A033DD}.Debug|Any CPU.ActiveCfg = Debug|Any CPU
		{DC8F3685-C798-48E3-B1A8-3BA1B2A033DD}.Debug|Any CPU.Build.0 = Debug|Any CPU
		{DC8F3685-C798-48E3-B1A8-3BA1B2A033DD}.Release|Any CPU.ActiveCfg = Release|Any CPU
		{DC8F3685-C798-48E3-B1A8-3BA1B2A033DD}.Release|Any CPU.Build.0 = Release|Any CPU
		{60183A70-3920-4EAB-9E01-5A52A2135D62}.Debug|Any CPU.ActiveCfg = Debug|Any CPU
		{60183A70-3920-4EAB-9E01-5A52A2135D62}.Debug|Any CPU.Build.0 = Debug|Any CPU
		{60183A70-3920-4EAB-9E01-5A52A2135D62}.Release|Any CPU.ActiveCfg = Release|Any CPU
		{60183A70-3920-4EAB-9E01-5A52A2135D62}.Release|Any CPU.Build.0 = Release|Any CPU
		{962CC709-55BA-4D0A-AB69-B2272B60F454}.Debug|Any CPU.ActiveCfg = Debug|Any CPU
		{962CC709-55BA-4D0A-AB69-B2272B60F454}.Debug|Any CPU.Build.0 = Debug|Any CPU
		{962CC709-55BA-4D0A-AB69-B2272B60F454}.Release|Any CPU.ActiveCfg = Release|Any CPU
		{962CC709-55BA-4D0A-AB69-B2272B60F454}.Release|Any CPU.Build.0 = Release|Any CPU
		{A71D85D7-4EEE-4AE5-8831-28F072D419F9}.Debug|Any CPU.ActiveCfg = Debug|Any CPU
		{A71D85D7-4EEE-4AE5-8831-28F072D419F9}.Debug|Any CPU.Build.0 = Debug|Any CPU
		{A71D85D7-4EEE-4AE5-8831-28F072D419F9}.Release|Any CPU.ActiveCfg = Release|Any CPU
		{A71D85D7-4EEE-4AE5-8831-28F072D419F9}.Release|Any CPU.Build.0 = Release|Any CPU
		{4104727B-9707-4512-9F63-52D41D1689C5}.Debug|Any CPU.ActiveCfg = Debug|Any CPU
		{4104727B-9707-4512-9F63-52D41D1689C5}.Debug|Any CPU.Build.0 = Debug|Any CPU
		{4104727B-9707-4512-9F63-52D41D1689C5}.Release|Any CPU.ActiveCfg = Release|Any CPU
		{4104727B-9707-4512-9F63-52D41D1689C5}.Release|Any CPU.Build.0 = Release|Any CPU
		{EF47CEA0-086D-4F45-9B3B-D3381704E055}.Debug|Any CPU.ActiveCfg = Debug|Any CPU
		{EF47CEA0-086D-4F45-9B3B-D3381704E055}.Debug|Any CPU.Build.0 = Debug|Any CPU
		{EF47CEA0-086D-4F45-9B3B-D3381704E055}.Release|Any CPU.ActiveCfg = Release|Any CPU
		{EF47CEA0-086D-4F45-9B3B-D3381704E055}.Release|Any CPU.Build.0 = Release|Any CPU
		{6249C3EE-7ABD-4885-9494-4E60135840BD}.Debug|Any CPU.ActiveCfg = Debug|Any CPU
		{6249C3EE-7ABD-4885-9494-4E60135840BD}.Debug|Any CPU.Build.0 = Debug|Any CPU
		{6249C3EE-7ABD-4885-9494-4E60135840BD}.Release|Any CPU.ActiveCfg = Release|Any CPU
		{6249C3EE-7ABD-4885-9494-4E60135840BD}.Release|Any CPU.Build.0 = Release|Any CPU
		{A0E23385-392A-4ED6-8F97-EADFFC375497}.Debug|Any CPU.ActiveCfg = Debug|Any CPU
		{A0E23385-392A-4ED6-8F97-EADFFC375497}.Debug|Any CPU.Build.0 = Debug|Any CPU
		{A0E23385-392A-4ED6-8F97-EADFFC375497}.Release|Any CPU.ActiveCfg = Release|Any CPU
		{A0E23385-392A-4ED6-8F97-EADFFC375497}.Release|Any CPU.Build.0 = Release|Any CPU
		{0A053C02-DD2C-405E-8CF2-B383B51B52F8}.Debug|Any CPU.ActiveCfg = Debug|Any CPU
		{0A053C02-DD2C-405E-8CF2-B383B51B52F8}.Debug|Any CPU.Build.0 = Debug|Any CPU
		{0A053C02-DD2C-405E-8CF2-B383B51B52F8}.Release|Any CPU.ActiveCfg = Release|Any CPU
		{0A053C02-DD2C-405E-8CF2-B383B51B52F8}.Release|Any CPU.Build.0 = Release|Any CPU
		{EB93289F-C1E3-47CE-BE84-31F1B2E9433A}.Debug|Any CPU.ActiveCfg = Debug|Any CPU
		{EB93289F-C1E3-47CE-BE84-31F1B2E9433A}.Debug|Any CPU.Build.0 = Debug|Any CPU
		{EB93289F-C1E3-47CE-BE84-31F1B2E9433A}.Release|Any CPU.ActiveCfg = Release|Any CPU
		{EB93289F-C1E3-47CE-BE84-31F1B2E9433A}.Release|Any CPU.Build.0 = Release|Any CPU
		{3A8A2EE7-1335-4695-ACC4-EFD541D66D2D}.Debug|Any CPU.ActiveCfg = Debug|Any CPU
		{3A8A2EE7-1335-4695-ACC4-EFD541D66D2D}.Debug|Any CPU.Build.0 = Debug|Any CPU
		{3A8A2EE7-1335-4695-ACC4-EFD541D66D2D}.Release|Any CPU.ActiveCfg = Release|Any CPU
		{3A8A2EE7-1335-4695-ACC4-EFD541D66D2D}.Release|Any CPU.Build.0 = Release|Any CPU
		{E8A12A4E-5436-43FF-94CD-09E094CA7A6F}.Debug|Any CPU.ActiveCfg = Debug|Any CPU
		{E8A12A4E-5436-43FF-94CD-09E094CA7A6F}.Debug|Any CPU.Build.0 = Debug|Any CPU
		{E8A12A4E-5436-43FF-94CD-09E094CA7A6F}.Release|Any CPU.ActiveCfg = Release|Any CPU
		{E8A12A4E-5436-43FF-94CD-09E094CA7A6F}.Release|Any CPU.Build.0 = Release|Any CPU
		{359EB51F-3C88-4CB8-8C29-62102D8E5D81}.Debug|Any CPU.ActiveCfg = Debug|Any CPU
		{359EB51F-3C88-4CB8-8C29-62102D8E5D81}.Debug|Any CPU.Build.0 = Debug|Any CPU
		{359EB51F-3C88-4CB8-8C29-62102D8E5D81}.Release|Any CPU.ActiveCfg = Release|Any CPU
		{359EB51F-3C88-4CB8-8C29-62102D8E5D81}.Release|Any CPU.Build.0 = Release|Any CPU
		{05372F1A-C01A-44DC-A1DD-E72FBA5D1B29}.Debug|Any CPU.ActiveCfg = Debug|Any CPU
		{05372F1A-C01A-44DC-A1DD-E72FBA5D1B29}.Debug|Any CPU.Build.0 = Debug|Any CPU
		{05372F1A-C01A-44DC-A1DD-E72FBA5D1B29}.Release|Any CPU.ActiveCfg = Release|Any CPU
		{05372F1A-C01A-44DC-A1DD-E72FBA5D1B29}.Release|Any CPU.Build.0 = Release|Any CPU
		{B619A637-435E-48D2-8AE5-FF0DD880A4D1}.Debug|Any CPU.ActiveCfg = Debug|Any CPU
		{B619A637-435E-48D2-8AE5-FF0DD880A4D1}.Debug|Any CPU.Build.0 = Debug|Any CPU
		{B619A637-435E-48D2-8AE5-FF0DD880A4D1}.Release|Any CPU.ActiveCfg = Release|Any CPU
		{B619A637-435E-48D2-8AE5-FF0DD880A4D1}.Release|Any CPU.Build.0 = Release|Any CPU
		{42B2F780-C0BD-472D-81A8-03F3E10716E6}.Debug|Any CPU.ActiveCfg = Debug|Any CPU
		{42B2F780-C0BD-472D-81A8-03F3E10716E6}.Debug|Any CPU.Build.0 = Debug|Any CPU
		{42B2F780-C0BD-472D-81A8-03F3E10716E6}.Release|Any CPU.ActiveCfg = Release|Any CPU
		{42B2F780-C0BD-472D-81A8-03F3E10716E6}.Release|Any CPU.Build.0 = Release|Any CPU
		{1E36B971-E835-4F31-B14C-3F7BE98AD7C2}.Debug|Any CPU.ActiveCfg = Debug|Any CPU
		{1E36B971-E835-4F31-B14C-3F7BE98AD7C2}.Debug|Any CPU.Build.0 = Debug|Any CPU
		{1E36B971-E835-4F31-B14C-3F7BE98AD7C2}.Release|Any CPU.ActiveCfg = Release|Any CPU
		{1E36B971-E835-4F31-B14C-3F7BE98AD7C2}.Release|Any CPU.Build.0 = Release|Any CPU
		{BD2C6CB2-FD69-467C-A2F4-D7C59A560438}.Debug|Any CPU.ActiveCfg = Debug|Any CPU
		{BD2C6CB2-FD69-467C-A2F4-D7C59A560438}.Debug|Any CPU.Build.0 = Debug|Any CPU
		{BD2C6CB2-FD69-467C-A2F4-D7C59A560438}.Release|Any CPU.ActiveCfg = Release|Any CPU
		{BD2C6CB2-FD69-467C-A2F4-D7C59A560438}.Release|Any CPU.Build.0 = Release|Any CPU
		{61196457-AE79-499A-A8F0-8D9989FC5D05}.Debug|Any CPU.ActiveCfg = Debug|Any CPU
		{61196457-AE79-499A-A8F0-8D9989FC5D05}.Debug|Any CPU.Build.0 = Debug|Any CPU
		{61196457-AE79-499A-A8F0-8D9989FC5D05}.Release|Any CPU.ActiveCfg = Release|Any CPU
		{61196457-AE79-499A-A8F0-8D9989FC5D05}.Release|Any CPU.Build.0 = Release|Any CPU
		{D36D665F-9EC4-4BA7-9DBD-CF2276081A04}.Debug|Any CPU.ActiveCfg = Debug|Any CPU
		{D36D665F-9EC4-4BA7-9DBD-CF2276081A04}.Debug|Any CPU.Build.0 = Debug|Any CPU
		{D36D665F-9EC4-4BA7-9DBD-CF2276081A04}.Release|Any CPU.ActiveCfg = Release|Any CPU
		{D36D665F-9EC4-4BA7-9DBD-CF2276081A04}.Release|Any CPU.Build.0 = Release|Any CPU
		{D30265C8-3596-48C6-956E-256D500D0A2D}.Debug|Any CPU.ActiveCfg = Debug|Any CPU
		{D30265C8-3596-48C6-956E-256D500D0A2D}.Debug|Any CPU.Build.0 = Debug|Any CPU
		{D30265C8-3596-48C6-956E-256D500D0A2D}.Release|Any CPU.ActiveCfg = Release|Any CPU
		{D30265C8-3596-48C6-956E-256D500D0A2D}.Release|Any CPU.Build.0 = Release|Any CPU
		{60892503-44B7-4DD3-9E00-167F5F0F50DB}.Debug|Any CPU.ActiveCfg = Debug|Any CPU
		{60892503-44B7-4DD3-9E00-167F5F0F50DB}.Debug|Any CPU.Build.0 = Debug|Any CPU
		{60892503-44B7-4DD3-9E00-167F5F0F50DB}.Release|Any CPU.ActiveCfg = Release|Any CPU
		{60892503-44B7-4DD3-9E00-167F5F0F50DB}.Release|Any CPU.Build.0 = Release|Any CPU
		{59CC7561-1437-42FD-94DF-2FD5AF18628D}.Debug|Any CPU.ActiveCfg = Debug|Any CPU
		{59CC7561-1437-42FD-94DF-2FD5AF18628D}.Debug|Any CPU.Build.0 = Debug|Any CPU
		{59CC7561-1437-42FD-94DF-2FD5AF18628D}.Release|Any CPU.ActiveCfg = Release|Any CPU
		{59CC7561-1437-42FD-94DF-2FD5AF18628D}.Release|Any CPU.Build.0 = Release|Any CPU
		{2250817D-ED92-46DD-BFCF-1C1185820752}.Debug|Any CPU.ActiveCfg = Debug|Any CPU
		{2250817D-ED92-46DD-BFCF-1C1185820752}.Debug|Any CPU.Build.0 = Debug|Any CPU
		{2250817D-ED92-46DD-BFCF-1C1185820752}.Release|Any CPU.ActiveCfg = Release|Any CPU
		{2250817D-ED92-46DD-BFCF-1C1185820752}.Release|Any CPU.Build.0 = Release|Any CPU
		{CCD958FF-3D5E-4B32-BAAB-7D1895E59C1B}.Debug|Any CPU.ActiveCfg = Debug|Any CPU
		{CCD958FF-3D5E-4B32-BAAB-7D1895E59C1B}.Debug|Any CPU.Build.0 = Debug|Any CPU
		{CCD958FF-3D5E-4B32-BAAB-7D1895E59C1B}.Release|Any CPU.ActiveCfg = Release|Any CPU
		{CCD958FF-3D5E-4B32-BAAB-7D1895E59C1B}.Release|Any CPU.Build.0 = Release|Any CPU
		{5C8117DB-2C51-46CE-B712-5B7871AA84C1}.Debug|Any CPU.ActiveCfg = Debug|Any CPU
		{5C8117DB-2C51-46CE-B712-5B7871AA84C1}.Debug|Any CPU.Build.0 = Debug|Any CPU
		{5C8117DB-2C51-46CE-B712-5B7871AA84C1}.Release|Any CPU.ActiveCfg = Release|Any CPU
		{5C8117DB-2C51-46CE-B712-5B7871AA84C1}.Release|Any CPU.Build.0 = Release|Any CPU
		{B20D4623-530B-424C-8FBF-F95FFBCE0AB3}.Debug|Any CPU.ActiveCfg = Debug|Any CPU
		{B20D4623-530B-424C-8FBF-F95FFBCE0AB3}.Debug|Any CPU.Build.0 = Debug|Any CPU
		{B20D4623-530B-424C-8FBF-F95FFBCE0AB3}.Release|Any CPU.ActiveCfg = Release|Any CPU
		{B20D4623-530B-424C-8FBF-F95FFBCE0AB3}.Release|Any CPU.Build.0 = Release|Any CPU
		{ADA14C7F-5971-4FEE-9456-E7936F0A764A}.Debug|Any CPU.ActiveCfg = Debug|Any CPU
		{ADA14C7F-5971-4FEE-9456-E7936F0A764A}.Debug|Any CPU.Build.0 = Debug|Any CPU
		{ADA14C7F-5971-4FEE-9456-E7936F0A764A}.Release|Any CPU.ActiveCfg = Release|Any CPU
		{ADA14C7F-5971-4FEE-9456-E7936F0A764A}.Release|Any CPU.Build.0 = Release|Any CPU
		{EC67DDDE-5F0E-484D-97F8-00C1153E45A4}.Debug|Any CPU.ActiveCfg = Debug|Any CPU
		{EC67DDDE-5F0E-484D-97F8-00C1153E45A4}.Debug|Any CPU.Build.0 = Debug|Any CPU
		{EC67DDDE-5F0E-484D-97F8-00C1153E45A4}.Release|Any CPU.ActiveCfg = Release|Any CPU
		{EC67DDDE-5F0E-484D-97F8-00C1153E45A4}.Release|Any CPU.Build.0 = Release|Any CPU
		{E18FA293-DC96-4868-8AFA-894189675915}.Debug|Any CPU.ActiveCfg = Debug|Any CPU
		{E18FA293-DC96-4868-8AFA-894189675915}.Debug|Any CPU.Build.0 = Debug|Any CPU
		{E18FA293-DC96-4868-8AFA-894189675915}.Release|Any CPU.ActiveCfg = Release|Any CPU
		{E18FA293-DC96-4868-8AFA-894189675915}.Release|Any CPU.Build.0 = Release|Any CPU
		{4C3B8BED-A519-4DF4-B366-CAF38196A99B}.Debug|Any CPU.ActiveCfg = Debug|Any CPU
		{4C3B8BED-A519-4DF4-B366-CAF38196A99B}.Debug|Any CPU.Build.0 = Debug|Any CPU
		{4C3B8BED-A519-4DF4-B366-CAF38196A99B}.Release|Any CPU.ActiveCfg = Release|Any CPU
		{4C3B8BED-A519-4DF4-B366-CAF38196A99B}.Release|Any CPU.Build.0 = Release|Any CPU
		{B9241BCB-0F25-49F1-967F-79D6B5DEA32F}.Debug|Any CPU.ActiveCfg = Debug|Any CPU
		{B9241BCB-0F25-49F1-967F-79D6B5DEA32F}.Debug|Any CPU.Build.0 = Debug|Any CPU
		{B9241BCB-0F25-49F1-967F-79D6B5DEA32F}.Release|Any CPU.ActiveCfg = Release|Any CPU
		{B9241BCB-0F25-49F1-967F-79D6B5DEA32F}.Release|Any CPU.Build.0 = Release|Any CPU
		{C6805822-9CFD-4678-944C-CB0CD178A061}.Debug|Any CPU.ActiveCfg = Debug|Any CPU
		{C6805822-9CFD-4678-944C-CB0CD178A061}.Debug|Any CPU.Build.0 = Debug|Any CPU
		{C6805822-9CFD-4678-944C-CB0CD178A061}.Release|Any CPU.ActiveCfg = Release|Any CPU
		{C6805822-9CFD-4678-944C-CB0CD178A061}.Release|Any CPU.Build.0 = Release|Any CPU
		{CB9399DB-8740-46B9-9CE2-71DC8600EA80}.Debug|Any CPU.ActiveCfg = Debug|Any CPU
		{CB9399DB-8740-46B9-9CE2-71DC8600EA80}.Debug|Any CPU.Build.0 = Debug|Any CPU
		{CB9399DB-8740-46B9-9CE2-71DC8600EA80}.Release|Any CPU.ActiveCfg = Release|Any CPU
		{CB9399DB-8740-46B9-9CE2-71DC8600EA80}.Release|Any CPU.Build.0 = Release|Any CPU
		{CE047682-5AA9-4D07-8FE6-F9000189374C}.Debug|Any CPU.ActiveCfg = Debug|Any CPU
		{CE047682-5AA9-4D07-8FE6-F9000189374C}.Debug|Any CPU.Build.0 = Debug|Any CPU
		{CE047682-5AA9-4D07-8FE6-F9000189374C}.Release|Any CPU.ActiveCfg = Release|Any CPU
		{CE047682-5AA9-4D07-8FE6-F9000189374C}.Release|Any CPU.Build.0 = Release|Any CPU
		{09B59914-7E10-4AAD-8B61-375E819182E0}.Debug|Any CPU.ActiveCfg = Debug|Any CPU
		{09B59914-7E10-4AAD-8B61-375E819182E0}.Debug|Any CPU.Build.0 = Debug|Any CPU
		{09B59914-7E10-4AAD-8B61-375E819182E0}.Release|Any CPU.ActiveCfg = Release|Any CPU
		{09B59914-7E10-4AAD-8B61-375E819182E0}.Release|Any CPU.Build.0 = Release|Any CPU
		{497DFC12-EB02-45B0-8D8E-2A5F0B84BE58}.Debug|Any CPU.ActiveCfg = Debug|Any CPU
		{497DFC12-EB02-45B0-8D8E-2A5F0B84BE58}.Debug|Any CPU.Build.0 = Debug|Any CPU
		{497DFC12-EB02-45B0-8D8E-2A5F0B84BE58}.Release|Any CPU.ActiveCfg = Release|Any CPU
		{497DFC12-EB02-45B0-8D8E-2A5F0B84BE58}.Release|Any CPU.Build.0 = Release|Any CPU
		{0813F25B-3AFB-47AF-8EF9-566ADC1E9AB8}.Debug|Any CPU.ActiveCfg = Debug|Any CPU
		{0813F25B-3AFB-47AF-8EF9-566ADC1E9AB8}.Debug|Any CPU.Build.0 = Debug|Any CPU
		{0813F25B-3AFB-47AF-8EF9-566ADC1E9AB8}.Release|Any CPU.ActiveCfg = Release|Any CPU
		{0813F25B-3AFB-47AF-8EF9-566ADC1E9AB8}.Release|Any CPU.Build.0 = Release|Any CPU
		{5F5DDDC5-8BF6-4416-A441-EE3D183775FA}.Debug|Any CPU.ActiveCfg = Debug|Any CPU
		{5F5DDDC5-8BF6-4416-A441-EE3D183775FA}.Debug|Any CPU.Build.0 = Debug|Any CPU
		{5F5DDDC5-8BF6-4416-A441-EE3D183775FA}.Release|Any CPU.ActiveCfg = Release|Any CPU
		{5F5DDDC5-8BF6-4416-A441-EE3D183775FA}.Release|Any CPU.Build.0 = Release|Any CPU
		{DEDF485F-FE76-462E-BE2A-1B2120990C96}.Debug|Any CPU.ActiveCfg = Debug|Any CPU
		{DEDF485F-FE76-462E-BE2A-1B2120990C96}.Debug|Any CPU.Build.0 = Debug|Any CPU
		{DEDF485F-FE76-462E-BE2A-1B2120990C96}.Release|Any CPU.ActiveCfg = Release|Any CPU
		{DEDF485F-FE76-462E-BE2A-1B2120990C96}.Release|Any CPU.Build.0 = Release|Any CPU
		{1E03F670-C31F-4032-938B-3E1BB2591B29}.Debug|Any CPU.ActiveCfg = Debug|Any CPU
		{1E03F670-C31F-4032-938B-3E1BB2591B29}.Debug|Any CPU.Build.0 = Debug|Any CPU
		{1E03F670-C31F-4032-938B-3E1BB2591B29}.Release|Any CPU.ActiveCfg = Release|Any CPU
		{1E03F670-C31F-4032-938B-3E1BB2591B29}.Release|Any CPU.Build.0 = Release|Any CPU
		{100EB00F-5982-43B0-A605-3375972CD541}.Debug|Any CPU.ActiveCfg = Debug|Any CPU
		{100EB00F-5982-43B0-A605-3375972CD541}.Debug|Any CPU.Build.0 = Debug|Any CPU
		{100EB00F-5982-43B0-A605-3375972CD541}.Release|Any CPU.ActiveCfg = Release|Any CPU
		{100EB00F-5982-43B0-A605-3375972CD541}.Release|Any CPU.Build.0 = Release|Any CPU
		{76659E18-E8C8-4CAD-9829-57923FF05BF5}.Debug|Any CPU.ActiveCfg = Debug|Any CPU
		{76659E18-E8C8-4CAD-9829-57923FF05BF5}.Debug|Any CPU.Build.0 = Debug|Any CPU
		{76659E18-E8C8-4CAD-9829-57923FF05BF5}.Release|Any CPU.ActiveCfg = Release|Any CPU
		{76659E18-E8C8-4CAD-9829-57923FF05BF5}.Release|Any CPU.Build.0 = Release|Any CPU
		{229F2520-C7CA-4086-9DA9-CCCC9ABE0F75}.Debug|Any CPU.ActiveCfg = Debug|Any CPU
		{229F2520-C7CA-4086-9DA9-CCCC9ABE0F75}.Debug|Any CPU.Build.0 = Debug|Any CPU
		{229F2520-C7CA-4086-9DA9-CCCC9ABE0F75}.Release|Any CPU.ActiveCfg = Release|Any CPU
		{229F2520-C7CA-4086-9DA9-CCCC9ABE0F75}.Release|Any CPU.Build.0 = Release|Any CPU
		{42B0B7A5-BEE3-42EA-9D8F-A810B765974B}.Debug|Any CPU.ActiveCfg = Debug|Any CPU
		{42B0B7A5-BEE3-42EA-9D8F-A810B765974B}.Debug|Any CPU.Build.0 = Debug|Any CPU
		{42B0B7A5-BEE3-42EA-9D8F-A810B765974B}.Release|Any CPU.ActiveCfg = Release|Any CPU
		{42B0B7A5-BEE3-42EA-9D8F-A810B765974B}.Release|Any CPU.Build.0 = Release|Any CPU
		{3F587540-52C2-4D8B-BCB5-1EE2F639B37A}.Debug|Any CPU.ActiveCfg = Debug|Any CPU
		{3F587540-52C2-4D8B-BCB5-1EE2F639B37A}.Debug|Any CPU.Build.0 = Debug|Any CPU
		{3F587540-52C2-4D8B-BCB5-1EE2F639B37A}.Release|Any CPU.ActiveCfg = Release|Any CPU
		{3F587540-52C2-4D8B-BCB5-1EE2F639B37A}.Release|Any CPU.Build.0 = Release|Any CPU
		{A197A976-D7D8-4B9E-9A20-1FCAB5EF900B}.Debug|Any CPU.ActiveCfg = Debug|Any CPU
		{A197A976-D7D8-4B9E-9A20-1FCAB5EF900B}.Debug|Any CPU.Build.0 = Debug|Any CPU
		{A197A976-D7D8-4B9E-9A20-1FCAB5EF900B}.Release|Any CPU.ActiveCfg = Release|Any CPU
		{A197A976-D7D8-4B9E-9A20-1FCAB5EF900B}.Release|Any CPU.Build.0 = Release|Any CPU
		{1A34EDEF-EEC3-469F-A603-09EB6FF72363}.Debug|Any CPU.ActiveCfg = Debug|Any CPU
		{1A34EDEF-EEC3-469F-A603-09EB6FF72363}.Debug|Any CPU.Build.0 = Debug|Any CPU
		{1A34EDEF-EEC3-469F-A603-09EB6FF72363}.Release|Any CPU.ActiveCfg = Release|Any CPU
		{1A34EDEF-EEC3-469F-A603-09EB6FF72363}.Release|Any CPU.Build.0 = Release|Any CPU
		{DE5A67EF-993A-4809-BF8F-D0F30F195F29}.Debug|Any CPU.ActiveCfg = Debug|Any CPU
		{DE5A67EF-993A-4809-BF8F-D0F30F195F29}.Debug|Any CPU.Build.0 = Debug|Any CPU
		{DE5A67EF-993A-4809-BF8F-D0F30F195F29}.Release|Any CPU.ActiveCfg = Release|Any CPU
		{DE5A67EF-993A-4809-BF8F-D0F30F195F29}.Release|Any CPU.Build.0 = Release|Any CPU
		{55B09433-1681-48D7-9296-0FB81EB128D6}.Debug|Any CPU.ActiveCfg = Debug|Any CPU
		{55B09433-1681-48D7-9296-0FB81EB128D6}.Debug|Any CPU.Build.0 = Debug|Any CPU
		{55B09433-1681-48D7-9296-0FB81EB128D6}.Release|Any CPU.ActiveCfg = Release|Any CPU
		{55B09433-1681-48D7-9296-0FB81EB128D6}.Release|Any CPU.Build.0 = Release|Any CPU
		{43A6DC3E-7B89-4E28-80CC-9CC300449E09}.Debug|Any CPU.ActiveCfg = Debug|Any CPU
		{43A6DC3E-7B89-4E28-80CC-9CC300449E09}.Debug|Any CPU.Build.0 = Debug|Any CPU
		{43A6DC3E-7B89-4E28-80CC-9CC300449E09}.Release|Any CPU.ActiveCfg = Release|Any CPU
		{43A6DC3E-7B89-4E28-80CC-9CC300449E09}.Release|Any CPU.Build.0 = Release|Any CPU
		{503C9EFE-0015-4674-B482-04D8D159C6F6}.Debug|Any CPU.ActiveCfg = Debug|Any CPU
		{503C9EFE-0015-4674-B482-04D8D159C6F6}.Debug|Any CPU.Build.0 = Debug|Any CPU
		{503C9EFE-0015-4674-B482-04D8D159C6F6}.Release|Any CPU.ActiveCfg = Release|Any CPU
		{503C9EFE-0015-4674-B482-04D8D159C6F6}.Release|Any CPU.Build.0 = Release|Any CPU
		{4B203B85-DF1D-4AA1-8943-2913A31FCB5C}.Debug|Any CPU.ActiveCfg = Debug|Any CPU
		{4B203B85-DF1D-4AA1-8943-2913A31FCB5C}.Debug|Any CPU.Build.0 = Debug|Any CPU
		{4B203B85-DF1D-4AA1-8943-2913A31FCB5C}.Release|Any CPU.ActiveCfg = Release|Any CPU
		{4B203B85-DF1D-4AA1-8943-2913A31FCB5C}.Release|Any CPU.Build.0 = Release|Any CPU
		{D8DBC58B-06A0-4637-B739-770DDDE9F0CE}.Debug|Any CPU.ActiveCfg = Debug|Any CPU
		{D8DBC58B-06A0-4637-B739-770DDDE9F0CE}.Debug|Any CPU.Build.0 = Debug|Any CPU
		{D8DBC58B-06A0-4637-B739-770DDDE9F0CE}.Release|Any CPU.ActiveCfg = Release|Any CPU
		{D8DBC58B-06A0-4637-B739-770DDDE9F0CE}.Release|Any CPU.Build.0 = Release|Any CPU
		{BB86212B-34DE-4B07-8208-B698AEE5F89C}.Debug|Any CPU.ActiveCfg = Debug|Any CPU
		{BB86212B-34DE-4B07-8208-B698AEE5F89C}.Debug|Any CPU.Build.0 = Debug|Any CPU
		{BB86212B-34DE-4B07-8208-B698AEE5F89C}.Release|Any CPU.ActiveCfg = Release|Any CPU
		{BB86212B-34DE-4B07-8208-B698AEE5F89C}.Release|Any CPU.Build.0 = Release|Any CPU
		{AEF9F7D6-B8AC-4D8C-8247-836CF163C274}.Debug|Any CPU.ActiveCfg = Debug|Any CPU
		{AEF9F7D6-B8AC-4D8C-8247-836CF163C274}.Debug|Any CPU.Build.0 = Debug|Any CPU
		{AEF9F7D6-B8AC-4D8C-8247-836CF163C274}.Release|Any CPU.ActiveCfg = Release|Any CPU
		{AEF9F7D6-B8AC-4D8C-8247-836CF163C274}.Release|Any CPU.Build.0 = Release|Any CPU
		{3799EE90-A161-47E0-A078-9EBC9C2EF8DD}.Debug|Any CPU.ActiveCfg = Debug|Any CPU
		{3799EE90-A161-47E0-A078-9EBC9C2EF8DD}.Debug|Any CPU.Build.0 = Debug|Any CPU
		{3799EE90-A161-47E0-A078-9EBC9C2EF8DD}.Release|Any CPU.ActiveCfg = Release|Any CPU
		{3799EE90-A161-47E0-A078-9EBC9C2EF8DD}.Release|Any CPU.Build.0 = Release|Any CPU
		{96245CDA-747F-4D43-B30F-4F7DCEC3F31C}.Debug|Any CPU.ActiveCfg = Debug|Any CPU
		{96245CDA-747F-4D43-B30F-4F7DCEC3F31C}.Debug|Any CPU.Build.0 = Debug|Any CPU
		{96245CDA-747F-4D43-B30F-4F7DCEC3F31C}.Release|Any CPU.ActiveCfg = Release|Any CPU
		{96245CDA-747F-4D43-B30F-4F7DCEC3F31C}.Release|Any CPU.Build.0 = Release|Any CPU
		{F9B03EF8-3F48-4344-80AE-F510CA559FE9}.Debug|Any CPU.ActiveCfg = Debug|Any CPU
		{F9B03EF8-3F48-4344-80AE-F510CA559FE9}.Debug|Any CPU.Build.0 = Debug|Any CPU
		{F9B03EF8-3F48-4344-80AE-F510CA559FE9}.Release|Any CPU.ActiveCfg = Release|Any CPU
		{F9B03EF8-3F48-4344-80AE-F510CA559FE9}.Release|Any CPU.Build.0 = Release|Any CPU
		{4E17394F-2523-4A60-939A-5BFE7E42F403}.Debug|Any CPU.ActiveCfg = Debug|Any CPU
		{4E17394F-2523-4A60-939A-5BFE7E42F403}.Debug|Any CPU.Build.0 = Debug|Any CPU
		{4E17394F-2523-4A60-939A-5BFE7E42F403}.Release|Any CPU.ActiveCfg = Release|Any CPU
		{4E17394F-2523-4A60-939A-5BFE7E42F403}.Release|Any CPU.Build.0 = Release|Any CPU
		{B1EC06A4-E5DB-4889-B82B-7188B32479A0}.Debug|Any CPU.ActiveCfg = Debug|Any CPU
		{B1EC06A4-E5DB-4889-B82B-7188B32479A0}.Debug|Any CPU.Build.0 = Debug|Any CPU
		{B1EC06A4-E5DB-4889-B82B-7188B32479A0}.Release|Any CPU.ActiveCfg = Release|Any CPU
		{B1EC06A4-E5DB-4889-B82B-7188B32479A0}.Release|Any CPU.Build.0 = Release|Any CPU
		{DB48DEDD-1A6A-4117-B061-AB468744AAFB}.Debug|Any CPU.ActiveCfg = Debug|Any CPU
		{DB48DEDD-1A6A-4117-B061-AB468744AAFB}.Debug|Any CPU.Build.0 = Debug|Any CPU
		{DB48DEDD-1A6A-4117-B061-AB468744AAFB}.Release|Any CPU.ActiveCfg = Release|Any CPU
		{DB48DEDD-1A6A-4117-B061-AB468744AAFB}.Release|Any CPU.Build.0 = Release|Any CPU
	EndGlobalSection
	GlobalSection(SolutionProperties) = preSolution
		HideSolutionNode = FALSE
	EndGlobalSection
	GlobalSection(NestedProjects) = preSolution
		{DC8F3685-C798-48E3-B1A8-3BA1B2A033DD} = {C6FBB034-2D5E-4194-8900-A4B1605B850E}
		{60183A70-3920-4EAB-9E01-5A52A2135D62} = {C6FBB034-2D5E-4194-8900-A4B1605B850E}
		{962CC709-55BA-4D0A-AB69-B2272B60F454} = {C6FBB034-2D5E-4194-8900-A4B1605B850E}
		{A71D85D7-4EEE-4AE5-8831-28F072D419F9} = {C6FBB034-2D5E-4194-8900-A4B1605B850E}
		{4104727B-9707-4512-9F63-52D41D1689C5} = {C6FBB034-2D5E-4194-8900-A4B1605B850E}
		{EF47CEA0-086D-4F45-9B3B-D3381704E055} = {C6FBB034-2D5E-4194-8900-A4B1605B850E}
		{6249C3EE-7ABD-4885-9494-4E60135840BD} = {A7B584C6-2B78-4CDE-98E1-1F58A43D5B61}
		{A0E23385-392A-4ED6-8F97-EADFFC375497} = {A7B584C6-2B78-4CDE-98E1-1F58A43D5B61}
		{0A053C02-DD2C-405E-8CF2-B383B51B52F8} = {A7B584C6-2B78-4CDE-98E1-1F58A43D5B61}
		{EB93289F-C1E3-47CE-BE84-31F1B2E9433A} = {4C06062F-AC9C-47D2-B053-E29528294F47}
		{3A8A2EE7-1335-4695-ACC4-EFD541D66D2D} = {4C06062F-AC9C-47D2-B053-E29528294F47}
		{E8A12A4E-5436-43FF-94CD-09E094CA7A6F} = {4C06062F-AC9C-47D2-B053-E29528294F47}
		{359EB51F-3C88-4CB8-8C29-62102D8E5D81} = {4C06062F-AC9C-47D2-B053-E29528294F47}
		{B619A637-435E-48D2-8AE5-FF0DD880A4D1} = {DDFEF993-D35C-4AF4-86CC-FC005DD4C615}
		{42B2F780-C0BD-472D-81A8-03F3E10716E6} = {DDFEF993-D35C-4AF4-86CC-FC005DD4C615}
		{1E36B971-E835-4F31-B14C-3F7BE98AD7C2} = {DDFEF993-D35C-4AF4-86CC-FC005DD4C615}
		{BD2C6CB2-FD69-467C-A2F4-D7C59A560438} = {DDFEF993-D35C-4AF4-86CC-FC005DD4C615}
		{61196457-AE79-499A-A8F0-8D9989FC5D05} = {DDFEF993-D35C-4AF4-86CC-FC005DD4C615}
		{D36D665F-9EC4-4BA7-9DBD-CF2276081A04} = {A9E037B9-2EA5-45EE-9913-5E687C95FBA6}
		{D30265C8-3596-48C6-956E-256D500D0A2D} = {A9E037B9-2EA5-45EE-9913-5E687C95FBA6}
		{60892503-44B7-4DD3-9E00-167F5F0F50DB} = {A9E037B9-2EA5-45EE-9913-5E687C95FBA6}
		{59CC7561-1437-42FD-94DF-2FD5AF18628D} = {A9E037B9-2EA5-45EE-9913-5E687C95FBA6}
		{2250817D-ED92-46DD-BFCF-1C1185820752} = {A9E037B9-2EA5-45EE-9913-5E687C95FBA6}
		{CCD958FF-3D5E-4B32-BAAB-7D1895E59C1B} = {44C1514C-B102-4FDC-A1A2-32F6BAF9073D}
		{5C8117DB-2C51-46CE-B712-5B7871AA84C1} = {4C06062F-AC9C-47D2-B053-E29528294F47}
		{B20D4623-530B-424C-8FBF-F95FFBCE0AB3} = {408D7BE8-AB74-4956-AA9E-0CC2FF89212E}
		{ADA14C7F-5971-4FEE-9456-E7936F0A764A} = {408D7BE8-AB74-4956-AA9E-0CC2FF89212E}
		{EC67DDDE-5F0E-484D-97F8-00C1153E45A4} = {408D7BE8-AB74-4956-AA9E-0CC2FF89212E}
		{E18FA293-DC96-4868-8AFA-894189675915} = {408D7BE8-AB74-4956-AA9E-0CC2FF89212E}
		{4C3B8BED-A519-4DF4-B366-CAF38196A99B} = {408D7BE8-AB74-4956-AA9E-0CC2FF89212E}
		{B9241BCB-0F25-49F1-967F-79D6B5DEA32F} = {408D7BE8-AB74-4956-AA9E-0CC2FF89212E}
		{C6805822-9CFD-4678-944C-CB0CD178A061} = {408D7BE8-AB74-4956-AA9E-0CC2FF89212E}
		{CB9399DB-8740-46B9-9CE2-71DC8600EA80} = {408D7BE8-AB74-4956-AA9E-0CC2FF89212E}
		{CE047682-5AA9-4D07-8FE6-F9000189374C} = {C6FBB034-2D5E-4194-8900-A4B1605B850E}
		{09B59914-7E10-4AAD-8B61-375E819182E0} = {408D7BE8-AB74-4956-AA9E-0CC2FF89212E}
		{497DFC12-EB02-45B0-8D8E-2A5F0B84BE58} = {408D7BE8-AB74-4956-AA9E-0CC2FF89212E}
		{0813F25B-3AFB-47AF-8EF9-566ADC1E9AB8} = {CED9E017-23B1-46F3-899C-DE6AF2D33D0A}
		{5F5DDDC5-8BF6-4416-A441-EE3D183775FA} = {CED9E017-23B1-46F3-899C-DE6AF2D33D0A}
		{DEDF485F-FE76-462E-BE2A-1B2120990C96} = {CED9E017-23B1-46F3-899C-DE6AF2D33D0A}
		{1E03F670-C31F-4032-938B-3E1BB2591B29} = {CED9E017-23B1-46F3-899C-DE6AF2D33D0A}
		{100EB00F-5982-43B0-A605-3375972CD541} = {CED9E017-23B1-46F3-899C-DE6AF2D33D0A}
		{76659E18-E8C8-4CAD-9829-57923FF05BF5} = {CED9E017-23B1-46F3-899C-DE6AF2D33D0A}
		{229F2520-C7CA-4086-9DA9-CCCC9ABE0F75} = {CED9E017-23B1-46F3-899C-DE6AF2D33D0A}
		{42B0B7A5-BEE3-42EA-9D8F-A810B765974B} = {CED9E017-23B1-46F3-899C-DE6AF2D33D0A}
		{3F587540-52C2-4D8B-BCB5-1EE2F639B37A} = {CED9E017-23B1-46F3-899C-DE6AF2D33D0A}
		{A197A976-D7D8-4B9E-9A20-1FCAB5EF900B} = {CED9E017-23B1-46F3-899C-DE6AF2D33D0A}
		{1A34EDEF-EEC3-469F-A603-09EB6FF72363} = {CED9E017-23B1-46F3-899C-DE6AF2D33D0A}
		{DE5A67EF-993A-4809-BF8F-D0F30F195F29} = {CED9E017-23B1-46F3-899C-DE6AF2D33D0A}
		{55B09433-1681-48D7-9296-0FB81EB128D6} = {C6FBB034-2D5E-4194-8900-A4B1605B850E}
		{43A6DC3E-7B89-4E28-80CC-9CC300449E09} = {44C1514C-B102-4FDC-A1A2-32F6BAF9073D}
		{503C9EFE-0015-4674-B482-04D8D159C6F6} = {1704B859-0A26-4671-90B6-1F7447723FE0}
		{4B203B85-DF1D-4AA1-8943-2913A31FCB5C} = {1704B859-0A26-4671-90B6-1F7447723FE0}
		{D8DBC58B-06A0-4637-B739-770DDDE9F0CE} = {1704B859-0A26-4671-90B6-1F7447723FE0}
		{BB86212B-34DE-4B07-8208-B698AEE5F89C} = {1704B859-0A26-4671-90B6-1F7447723FE0}
		{AEF9F7D6-B8AC-4D8C-8247-836CF163C274} = {1704B859-0A26-4671-90B6-1F7447723FE0}
		{3799EE90-A161-47E0-A078-9EBC9C2EF8DD} = {1704B859-0A26-4671-90B6-1F7447723FE0}
		{96245CDA-747F-4D43-B30F-4F7DCEC3F31C} = {1704B859-0A26-4671-90B6-1F7447723FE0}
		{F9B03EF8-3F48-4344-80AE-F510CA559FE9} = {1704B859-0A26-4671-90B6-1F7447723FE0}
		{4E17394F-2523-4A60-939A-5BFE7E42F403} = {1704B859-0A26-4671-90B6-1F7447723FE0}
		{B1EC06A4-E5DB-4889-B82B-7188B32479A0} = {1704B859-0A26-4671-90B6-1F7447723FE0}
		{DB48DEDD-1A6A-4117-B061-AB468744AAFB} = {1704B859-0A26-4671-90B6-1F7447723FE0}
	EndGlobalSection
	GlobalSection(TeamFoundationVersionControl) = preSolution
		SccNumberOfProjects = 63
		SccEnterpriseProvider = {4CA58AB2-18FA-4F8D-95D4-32DDF27D184C}
		SccTeamFoundationServer = http://ngtfs:8080/tfs/rdc
		SccProjectUniqueName0 = Common\\SUP.Common.Base\\SUP.Common.Base.csproj
		SccProjectTopLevelParentUniqueName0 = SUP.sln
		SccProjectName0 = Common/SUP.Common.Base
		SccLocalPath0 = Common\\SUP.Common.Base
		SccProjectUniqueName1 = Common\\SUP.Common.Controller\\SUP.Common.Controller.csproj
		SccProjectTopLevelParentUniqueName1 = SUP.sln
		SccProjectName1 = Common/SUP.Common.Controller
		SccLocalPath1 = Common\\SUP.Common.Controller
		SccProjectUniqueName2 = Common\\SUP.Common.DataAccess\\SUP.Common.DataAccess.csproj
		SccProjectTopLevelParentUniqueName2 = SUP.sln
		SccProjectName2 = Common/SUP.Common.DataAccess
		SccLocalPath2 = Common\\SUP.Common.DataAccess
		SccProjectUniqueName3 = Common\\SUP.Common.DataEntity\\SUP.Common.DataEntity.csproj
		SccProjectTopLevelParentUniqueName3 = SUP.sln
		SccProjectName3 = Common/SUP.Common.DataEntity
		SccLocalPath3 = Common\\SUP.Common.DataEntity
		SccProjectUniqueName4 = Common\\SUP.Common.Facade\\SUP.Common.Facade.csproj
		SccProjectTopLevelParentUniqueName4 = SUP.sln
		SccProjectName4 = Common/SUP.Common.Facade
		SccLocalPath4 = Common\\SUP.Common.Facade
		SccProjectUniqueName5 = Common\\SUP.Common.Rule\\SUP.Common.Rule.csproj
		SccProjectTopLevelParentUniqueName5 = SUP.sln
		SccProjectName5 = Common/SUP.Common.Rule
		SccLocalPath5 = Common\\SUP.Common.Rule
		SccProjectUniqueName6 = Right\\SUP.Right.Controller\\SUP.Right.Controller.csproj
		SccProjectTopLevelParentUniqueName6 = SUP.sln
		SccProjectName6 = Right/SUP.Right.Controller
		SccLocalPath6 = Right\\SUP.Right.Controller
		SccProjectUniqueName7 = Right\\SUP.Right.Facade\\SUP.Right.Facade.csproj
		SccProjectTopLevelParentUniqueName7 = SUP.sln
		SccProjectName7 = Right/SUP.Right.Facade
		SccLocalPath7 = Right\\SUP.Right.Facade
		SccProjectUniqueName8 = Right\\SUP.Right.Rules\\SUP.Right.Rules.csproj
		SccProjectTopLevelParentUniqueName8 = SUP.sln
		SccProjectName8 = Right/SUP.Right.Rules
		SccLocalPath8 = Right\\SUP.Right.Rules
		SccProjectUniqueName9 = Frame\\SUP.Frame.Controller\\SUP.Frame.Controller.csproj
		SccProjectTopLevelParentUniqueName9 = SUP.sln
		SccProjectName9 = Frame/SUP.Frame.Controller
		SccLocalPath9 = Frame\\SUP.Frame.Controller
		SccProjectUniqueName10 = Frame\\SUP.Frame.DataAccess\\SUP.Frame.DataAccess.csproj
		SccProjectTopLevelParentUniqueName10 = SUP.sln
		SccProjectName10 = Frame/SUP.Frame.DataAccess
		SccLocalPath10 = Frame\\SUP.Frame.DataAccess
		SccProjectUniqueName11 = Frame\\SUP.Frame.Facade\\SUP.Frame.Facade.csproj
		SccProjectTopLevelParentUniqueName11 = SUP.sln
		SccProjectName11 = Frame/SUP.Frame.Facade
		SccLocalPath11 = Frame\\SUP.Frame.Facade
		SccProjectUniqueName12 = Frame\\SUP.Frame.Rule\\SUP.Frame.Rule.csproj
		SccProjectTopLevelParentUniqueName12 = SUP.sln
		SccProjectName12 = Frame/SUP.Frame.Rule
		SccLocalPath12 = Frame\\SUP.Frame.Rule
		SccProjectUniqueName13 = NGWebSite\\NGWebSite.csproj
		SccProjectName13 = NGWebSite
		SccLocalPath13 = NGWebSite
		SccProjectUniqueName14 = Attachment\\SUP.Attachment.Controller\\SUP.Attachment.Controller.csproj
		SccProjectTopLevelParentUniqueName14 = SUP.sln
		SccProjectName14 = Attachment/SUP.Attachment.Controller
		SccLocalPath14 = Attachment\\SUP.Attachment.Controller
		SccProjectUniqueName15 = Attachment\\SUP.Attachment.DataAccess\\SUP.Attachment.DataAccess.csproj
		SccProjectTopLevelParentUniqueName15 = SUP.sln
		SccProjectName15 = Attachment/SUP.Attachment.DataAccess
		SccLocalPath15 = Attachment\\SUP.Attachment.DataAccess
		SccProjectUniqueName16 = Attachment\\SUP.Attachment.DataEntity\\SUP.Attachment.DataEntity.csproj
		SccProjectTopLevelParentUniqueName16 = SUP.sln
		SccProjectName16 = Attachment/SUP.Attachment.DataEntity
		SccLocalPath16 = Attachment\\SUP.Attachment.DataEntity
		SccProjectUniqueName17 = Attachment\\SUP.Attachment.Facade\\SUP.Attachment.Facade.csproj
		SccProjectTopLevelParentUniqueName17 = SUP.sln
		SccProjectName17 = Attachment/SUP.Attachment.Facade
		SccLocalPath17 = Attachment\\SUP.Attachment.Facade
		SccProjectUniqueName18 = Attachment\\SUP.Attachment.Rule\\SUP.Attachment.Rule.csproj
		SccProjectTopLevelParentUniqueName18 = SUP.sln
		SccProjectName18 = Attachment/SUP.Attachment.Rule
		SccLocalPath18 = Attachment\\SUP.Attachment.Rule
		SccProjectUniqueName19 = Portal\\SUP.Portal.Controller\\SUP.Portal.Controller.csproj
		SccProjectTopLevelParentUniqueName19 = SUP.sln
		SccProjectName19 = Portal/SUP.Portal.Controller
		SccLocalPath19 = Portal\\SUP.Portal.Controller
		SccProjectUniqueName20 = Portal\\SUP.Portal.DataEntity\\SUP.Portal.DataEntity.csproj
		SccProjectTopLevelParentUniqueName20 = SUP.sln
		SccProjectName20 = Portal/SUP.Portal.DataEntity
		SccLocalPath20 = Portal\\SUP.Portal.DataEntity
		SccProjectUniqueName21 = Portal\\SUP.Portal.Facade\\SUP.Portal.Facade.csproj
		SccProjectTopLevelParentUniqueName21 = SUP.sln
		SccProjectName21 = Portal/SUP.Portal.Facade
		SccLocalPath21 = Portal\\SUP.Portal.Facade
		SccProjectUniqueName22 = Portal\\SUP.Portal.Rule\\SUP.Portal.Rule.csproj
		SccProjectTopLevelParentUniqueName22 = SUP.sln
		SccProjectName22 = Portal/SUP.Portal.Rule
		SccLocalPath22 = Portal\\SUP.Portal.Rule
		SccProjectUniqueName23 = Portal\\SUP.Portal.DataAccess\\SUP.Portal.DataAccess.csproj
		SccProjectTopLevelParentUniqueName23 = SUP.sln
		SccProjectName23 = Portal/SUP.Portal.DataAccess
		SccLocalPath23 = Portal\\SUP.Portal.DataAccess
		SccProjectUniqueName24 = API\\NG3.SDK\\NG3.SDK.csproj
		SccProjectTopLevelParentUniqueName24 = SUP.sln
		SccProjectName24 = API/NG3.SDK
		SccLocalPath24 = API\\NG3.SDK
		SccProjectUniqueName25 = Frame\\SUP.Frame.DataEntity\\SUP.Frame.DataEntity.csproj
		SccProjectTopLevelParentUniqueName25 = SUP.sln
		SccProjectName25 = Frame/SUP.Frame.DataEntity
		SccLocalPath25 = Frame\\SUP.Frame.DataEntity
		SccProjectUniqueName26 = CustomForm\\SUP.CustomForm.Rule\\SUP.CustomForm.Rule.csproj
		SccProjectTopLevelParentUniqueName26 = SUP.sln
		SccProjectName26 = CustomForm/SUP.CustomForm.Rule
		SccLocalPath26 = CustomForm\\SUP.CustomForm.Rule
		SccProjectUniqueName27 = CustomForm\\SUP.CustomForm.DataAccess\\SUP.CustomForm.DataAccess.csproj
		SccProjectTopLevelParentUniqueName27 = SUP.sln
		SccProjectName27 = CustomForm/SUP.CustomForm.DataAccess
		SccLocalPath27 = CustomForm\\SUP.CustomForm.DataAccess
		SccProjectUniqueName28 = CustomForm\\SUP.CustomForm.DataEntity\\SUP.CustomForm.DataEntity.csproj
		SccProjectTopLevelParentUniqueName28 = SUP.sln
		SccProjectName28 = CustomForm/SUP.CustomForm.DataEntity
		SccLocalPath28 = CustomForm\\SUP.CustomForm.DataEntity
		SccProjectUniqueName29 = CustomForm\\SUP.CustomForm.Facade\\SUP.CustomForm.Facade.csproj
		SccProjectTopLevelParentUniqueName29 = SUP.sln
		SccProjectName29 = CustomForm/SUP.CustomForm.Facade
		SccLocalPath29 = CustomForm\\SUP.CustomForm.Facade
		SccProjectUniqueName30 = CustomForm\\SUP.CustomForm.Controller\\SUP.CustomForm.Controller.csproj
		SccProjectTopLevelParentUniqueName30 = SUP.sln
		SccProjectName30 = CustomForm/SUP.CustomForm.Controller
		SccLocalPath30 = CustomForm\\SUP.CustomForm.Controller
		SccProjectUniqueName31 = CustomForm\\SUP.CustomForm.ClientGen\\SUP.CustomForm.ClientGen.csproj
		SccProjectTopLevelParentUniqueName31 = SUP.sln
		SccProjectName31 = CustomForm/SUP.CustomForm.ClientGen
		SccLocalPath31 = CustomForm\\SUP.CustomForm.ClientGen
		SccProjectUniqueName32 = CustomForm\\SUP.CustomForm.ServerGen\\SUP.CustomForm.ServerGen.csproj
		SccProjectTopLevelParentUniqueName32 = SUP.sln
		SccProjectName32 = CustomForm/SUP.CustomForm.ServerGen
		SccLocalPath32 = CustomForm\\SUP.CustomForm.ServerGen
		SccProjectUniqueName33 = CustomForm\\SUP.CustomForm.Builder\\SUP.CustomForm.Builder.csproj
		SccProjectTopLevelParentUniqueName33 = SUP.sln
		SccProjectName33 = CustomForm/SUP.CustomForm.Builder
		SccLocalPath33 = CustomForm\\SUP.CustomForm.Builder
		SccProjectUniqueName34 = Common\\SUP.NSServer\\SUP.NSServer.csproj
		SccProjectTopLevelParentUniqueName34 = SUP.sln
		SccProjectName34 = Common/SUP.NSServer
		SccLocalPath34 = Common\\SUP.NSServer
		SccProjectUniqueName35 = CustomForm\\NG3.Metadata\\NG3.Metadata.csproj
		SccProjectTopLevelParentUniqueName35 = SUP.sln
		SccProjectName35 = CustomForm/NG3.Metadata
		SccLocalPath35 = CustomForm\\NG3.Metadata
		SccProjectUniqueName36 = CustomForm\\NG3.Metadata.PBDesignerParse\\NG3.Metadata.PBDesignerParse.csproj
		SccProjectTopLevelParentUniqueName36 = SUP.sln
		SccProjectName36 = CustomForm/NG3.Metadata.PBDesignerParse
		SccLocalPath36 = CustomForm\\NG3.Metadata.PBDesignerParse
		SccProjectUniqueName37 = Addin\\NG3.Addin.Controller\\NG3.Addin.Controller.csproj
		SccProjectTopLevelParentUniqueName37 = SUP.sln
		SccProjectName37 = Addin/NG3.Addin.Controller
		SccLocalPath37 = Addin\\NG3.Addin.Controller
		SccProjectUniqueName38 = Addin\\NG3.Addin.Core\\NG3.Addin.Core.csproj
		SccProjectTopLevelParentUniqueName38 = SUP.sln
		SccProjectName38 = Addin/NG3.Addin.Core
		SccLocalPath38 = Addin\\NG3.Addin.Core
		SccProjectUniqueName39 = Addin\\NG3.Addin.Dac\\NG3.Addin.Dac.csproj
		SccProjectTopLevelParentUniqueName39 = SUP.sln
		SccProjectName39 = Addin/NG3.Addin.Dac
		SccLocalPath39 = Addin\\NG3.Addin.Dac
		SccProjectUniqueName40 = Addin\\NG3.Addin.Dac.Interface\\NG3.Addin.Dac.Interface.csproj
		SccProjectTopLevelParentUniqueName40 = SUP.sln
		SccProjectName40 = Addin/NG3.Addin.Dac.Interface
		SccLocalPath40 = Addin\\NG3.Addin.Dac.Interface
		SccProjectUniqueName41 = Addin\\NG3.Addin.Facade\\NG3.Addin.Facade.csproj
		SccProjectTopLevelParentUniqueName41 = SUP.sln
		SccProjectName41 = Addin/NG3.Addin.Facade
		SccLocalPath41 = Addin\\NG3.Addin.Facade
		SccProjectUniqueName42 = Addin\\NG3.Addin.Facade.Interface\\NG3.Addin.Facade.Interface.csproj
		SccProjectTopLevelParentUniqueName42 = SUP.sln
		SccProjectName42 = Addin/NG3.Addin.Facade.Interface
		SccLocalPath42 = Addin\\NG3.Addin.Facade.Interface
		SccProjectUniqueName43 = Addin\\NG3.Addin.Model\\NG3.Addin.Model.csproj
		SccProjectTopLevelParentUniqueName43 = SUP.sln
		SccProjectName43 = Addin/NG3.Addin.Model
		SccLocalPath43 = Addin\\NG3.Addin.Model
		SccProjectUniqueName44 = Addin\\NG3.Addin.Rule\\NG3.Addin.Rule.csproj
		SccProjectTopLevelParentUniqueName44 = SUP.sln
		SccProjectName44 = Addin/NG3.Addin.Rule
		SccLocalPath44 = Addin\\NG3.Addin.Rule
		SccProjectUniqueName45 = Addin\\NG3.Addin.Rule.Interface\\NG3.Addin.Rule.Interface.csproj
		SccProjectTopLevelParentUniqueName45 = SUP.sln
		SccProjectName45 = Addin/NG3.Addin.Rule.Interface
		SccLocalPath45 = Addin\\NG3.Addin.Rule.Interface
		SccProjectUniqueName46 = Addin\\NG3.Addin.Service\\NG3.Addin.Service.csproj
		SccProjectTopLevelParentUniqueName46 = SUP.sln
		SccProjectName46 = Addin/NG3.Addin.Service
		SccLocalPath46 = Addin\\NG3.Addin.Service
		SccProjectUniqueName47 = Addin\\NG3.Addin.Service.Interface\\NG3.Addin.Service.Interface.csproj
		SccProjectTopLevelParentUniqueName47 = SUP.sln
		SccProjectName47 = Addin/NG3.Addin.Service.Interface
		SccLocalPath47 = Addin\\NG3.Addin.Service.Interface
		SccProjectUniqueName48 = Addin\\NG3.Addin.UnitTest\\NG3.Addin.UnitTest.csproj
		SccProjectTopLevelParentUniqueName48 = SUP.sln
		SccProjectName48 = Addin/NG3.Addin.UnitTest
		SccLocalPath48 = Addin\\NG3.Addin.UnitTest
		SccProjectUniqueName49 = Common\\SUP.Common.Interface\\SUP.Common.Interface.csproj
		SccProjectTopLevelParentUniqueName49 = SUP.sln
		SccProjectName49 = Common/SUP.Common.Interface
		SccLocalPath49 = Common\\SUP.Common.Interface
		SccProjectUniqueName50 = NG3.Bill.Base\\NG3.Bill.Base.csproj
		SccProjectTopLevelParentUniqueName50 = SUP.sln
		SccProjectName50 = NG3.Bill.Base
		SccLocalPath50 = NG3.Bill.Base
		SccProjectUniqueName51 = Log\\SUP3.Log.Service.Interface\\SUP3.Log.Service.Interface.csproj
		SccProjectTopLevelParentUniqueName51 = SUP.sln
		SccProjectName51 = Log/SUP3.Log.Service.Interface
		SccLocalPath51 = Log\\SUP3.Log.Service.Interface
		SccProjectUniqueName52 = Log\\SUP3.Log.Service\\SUP3.Log.Service.csproj
		SccProjectTopLevelParentUniqueName52 = SUP.sln
		SccProjectName52 = Log/SUP3.Log.Service
		SccLocalPath52 = Log\\SUP3.Log.Service
		SccProjectUniqueName53 = Log\\SUP3.Log.Rule.Interface\\SUP3.Log.Rule.Interface.csproj
		SccProjectTopLevelParentUniqueName53 = SUP.sln
		SccProjectName53 = Log/SUP3.Log.Rule.Interface
		SccLocalPath53 = Log\\SUP3.Log.Rule.Interface
		SccProjectUniqueName54 = Log\\SUP3.Log.Rule\\SUP3.Log.Rule.csproj
		SccProjectTopLevelParentUniqueName54 = SUP.sln
		SccProjectName54 = Log/SUP3.Log.Rule
		SccLocalPath54 = Log\\SUP3.Log.Rule
		SccProjectUniqueName55 = Log\\SUP3.Log.Model\\SUP3.Log.Model.csproj
		SccProjectTopLevelParentUniqueName55 = SUP.sln
		SccProjectName55 = Log/SUP3.Log.Model
		SccLocalPath55 = Log\\SUP3.Log.Model
		SccProjectUniqueName56 = Log\\SUP3.Log.Facade.Interface\\SUP3.Log.Facade.Interface.csproj
		SccProjectTopLevelParentUniqueName56 = SUP.sln
		SccProjectName56 = Log/SUP3.Log.Facade.Interface
		SccLocalPath56 = Log\\SUP3.Log.Facade.Interface
		SccProjectUniqueName57 = Log\\SUP3.Log.Facade\\SUP3.Log.Facade.csproj
		SccProjectTopLevelParentUniqueName57 = SUP.sln
		SccProjectName57 = Log/SUP3.Log.Facade
		SccLocalPath57 = Log\\SUP3.Log.Facade
		SccProjectUniqueName58 = Log\\SUP3.Log.Dac.Interface\\SUP3.Log.Dac.Interface.csproj
		SccProjectTopLevelParentUniqueName58 = SUP.sln
		SccProjectName58 = Log/SUP3.Log.Dac.Interface
		SccLocalPath58 = Log\\SUP3.Log.Dac.Interface
		SccProjectUniqueName59 = Log\\SUP3.Log.Dac\\SUP3.Log.Dac.csproj
		SccProjectTopLevelParentUniqueName59 = SUP.sln
		SccProjectName59 = Log/SUP3.Log.Dac
		SccLocalPath59 = Log\\SUP3.Log.Dac
		SccProjectUniqueName60 = Log\\SUP3.Log.Controller\\SUP3.Log.Controller.csproj
		SccProjectTopLevelParentUniqueName60 = SUP.sln
		SccProjectName60 = Log/SUP3.Log.Controller
		SccLocalPath60 = Log\\SUP3.Log.Controller
		SccProjectUniqueName61 = Log\\Enterprise3.WebApi.SUP3.Log.Controller\\Enterprise3.WebApi.SUP3.Log.Controller.csproj
		SccProjectTopLevelParentUniqueName61 = SUP.sln
		SccProjectName61 = Log/Enterprise3.WebApi.SUP3.Log.Controller
		SccLocalPath61 = Log\\Enterprise3.WebApi.SUP3.Log.Controller
		SccLocalPath62 = .
	EndGlobalSection
EndGlobal
